// !$*UTF8*$!
{
	archiveVersion = 1;
	classes = {
	};
	objectVersion = 46;
	objects = {

/* Begin PBXBuildFile section */
		33320D830E734DF48FED94E6 /* Pods_Channel_2Tests.framework in Frameworks */ = {isa = PBXBuildFile; fileRef = D7B1D2745B55FBD78348A18D /* Pods_Channel_2Tests.framework */; };
		7F49E699D784A14E07DAD97C /* Pods_Channel_2UITests.framework in Frameworks */ = {isa = PBXBuildFile; fileRef = 2658540B61E62EB7AE956130 /* Pods_Channel_2UITests.framework */; };
		C602798A1DFB85BA00D009A8 /* CacheManager.swift in Sources */ = {isa = PBXBuildFile; fileRef = C60279891DFB85BA00D009A8 /* CacheManager.swift */; };
		C602798B1DFB85BA00D009A8 /* CacheManager.swift in Sources */ = {isa = PBXBuildFile; fileRef = C60279891DFB85BA00D009A8 /* CacheManager.swift */; };
		C602798C1DFB85BA00D009A8 /* CacheManager.swift in Sources */ = {isa = PBXBuildFile; fileRef = C60279891DFB85BA00D009A8 /* CacheManager.swift */; };
		C606A3551D5E46D800DEBD8F /* Async.swift in Sources */ = {isa = PBXBuildFile; fileRef = C606A3541D5E46D800DEBD8F /* Async.swift */; };
		C606A3561D5E46D800DEBD8F /* Async.swift in Sources */ = {isa = PBXBuildFile; fileRef = C606A3541D5E46D800DEBD8F /* Async.swift */; };
		C606A3571D5E46D800DEBD8F /* Async.swift in Sources */ = {isa = PBXBuildFile; fileRef = C606A3541D5E46D800DEBD8F /* Async.swift */; };
		C6082F681D934A41001A879C /* PollsDownloader.swift in Sources */ = {isa = PBXBuildFile; fileRef = C6082F671D934A41001A879C /* PollsDownloader.swift */; };
		C6082F691D934A41001A879C /* PollsDownloader.swift in Sources */ = {isa = PBXBuildFile; fileRef = C6082F671D934A41001A879C /* PollsDownloader.swift */; };
		C6082F6A1D934A41001A879C /* PollsDownloader.swift in Sources */ = {isa = PBXBuildFile; fileRef = C6082F671D934A41001A879C /* PollsDownloader.swift */; };
		C6082F6C1D936E34001A879C /* PollDownloader.swift in Sources */ = {isa = PBXBuildFile; fileRef = C6082F6B1D936E34001A879C /* PollDownloader.swift */; };
		C6082F6D1D936E34001A879C /* PollDownloader.swift in Sources */ = {isa = PBXBuildFile; fileRef = C6082F6B1D936E34001A879C /* PollDownloader.swift */; };
		C6082F6E1D936E34001A879C /* PollDownloader.swift in Sources */ = {isa = PBXBuildFile; fileRef = C6082F6B1D936E34001A879C /* PollDownloader.swift */; };
		C60E36141D983108005E3EB9 /* TodayItem.swift in Sources */ = {isa = PBXBuildFile; fileRef = C60E36131D983108005E3EB9 /* TodayItem.swift */; };
		C60E36151D983108005E3EB9 /* TodayItem.swift in Sources */ = {isa = PBXBuildFile; fileRef = C60E36131D983108005E3EB9 /* TodayItem.swift */; };
		C60E36161D983108005E3EB9 /* TodayItem.swift in Sources */ = {isa = PBXBuildFile; fileRef = C60E36131D983108005E3EB9 /* TodayItem.swift */; };
		C61569821DDA96B500068FC3 /* SongRequestViewController.swift in Sources */ = {isa = PBXBuildFile; fileRef = C61569811DDA96B500068FC3 /* SongRequestViewController.swift */; };
		C61569831DDA96B500068FC3 /* SongRequestViewController.swift in Sources */ = {isa = PBXBuildFile; fileRef = C61569811DDA96B500068FC3 /* SongRequestViewController.swift */; };
		C61569841DDA96B500068FC3 /* SongRequestViewController.swift in Sources */ = {isa = PBXBuildFile; fileRef = C61569811DDA96B500068FC3 /* SongRequestViewController.swift */; };
		C615D9161DD7A11B00E0E903 /* UpgradeManager.swift in Sources */ = {isa = PBXBuildFile; fileRef = C615D9151DD7A11B00E0E903 /* UpgradeManager.swift */; };
		C615D9171DD7A11B00E0E903 /* UpgradeManager.swift in Sources */ = {isa = PBXBuildFile; fileRef = C615D9151DD7A11B00E0E903 /* UpgradeManager.swift */; };
		C615D9181DD7A11B00E0E903 /* UpgradeManager.swift in Sources */ = {isa = PBXBuildFile; fileRef = C615D9151DD7A11B00E0E903 /* UpgradeManager.swift */; };
		C61FFE8B1DAED79600201285 /* Extensions.swift in Sources */ = {isa = PBXBuildFile; fileRef = C61FFE8A1DAED79600201285 /* Extensions.swift */; };
		C61FFE8C1DAED79600201285 /* Extensions.swift in Sources */ = {isa = PBXBuildFile; fileRef = C61FFE8A1DAED79600201285 /* Extensions.swift */; };
		C61FFE8D1DAED79600201285 /* Extensions.swift in Sources */ = {isa = PBXBuildFile; fileRef = C61FFE8A1DAED79600201285 /* Extensions.swift */; };
		C61FFE8F1DAEDE9600201285 /* LockViewController.swift in Sources */ = {isa = PBXBuildFile; fileRef = C61FFE8E1DAEDE9600201285 /* LockViewController.swift */; };
		C61FFE901DAEDE9600201285 /* LockViewController.swift in Sources */ = {isa = PBXBuildFile; fileRef = C61FFE8E1DAEDE9600201285 /* LockViewController.swift */; };
		C61FFE911DAEDE9600201285 /* LockViewController.swift in Sources */ = {isa = PBXBuildFile; fileRef = C61FFE8E1DAEDE9600201285 /* LockViewController.swift */; };
		C6223ED41DE6155600B88BC1 /* NotificationSplashViewController.swift in Sources */ = {isa = PBXBuildFile; fileRef = C6223ED31DE6155600B88BC1 /* NotificationSplashViewController.swift */; };
		C6223ED51DE6155600B88BC1 /* NotificationSplashViewController.swift in Sources */ = {isa = PBXBuildFile; fileRef = C6223ED31DE6155600B88BC1 /* NotificationSplashViewController.swift */; };
		C6223ED61DE6155600B88BC1 /* NotificationSplashViewController.swift in Sources */ = {isa = PBXBuildFile; fileRef = C6223ED31DE6155600B88BC1 /* NotificationSplashViewController.swift */; };
		C62324981DE1699400F7A195 /* Pods_Channel_2.framework in Frameworks */ = {isa = PBXBuildFile; fileRef = C62324971DE1699400F7A195 /* Pods_Channel_2.framework */; };
		C623249E1DE169C100F7A195 /* Pods_Channel_2UITests.framework in Frameworks */ = {isa = PBXBuildFile; fileRef = C623249B1DE169A900F7A195 /* Pods_Channel_2UITests.framework */; };
		C623249F1DE169C400F7A195 /* Pods_Channel_2Tests.framework in Frameworks */ = {isa = PBXBuildFile; fileRef = C62324991DE169A100F7A195 /* Pods_Channel_2Tests.framework */; };
		C62487661DE000FB00374CFE /* WebViewController.swift in Sources */ = {isa = PBXBuildFile; fileRef = C62487651DE000FB00374CFE /* WebViewController.swift */; };
		C62487671DE000FB00374CFE /* WebViewController.swift in Sources */ = {isa = PBXBuildFile; fileRef = C62487651DE000FB00374CFE /* WebViewController.swift */; };
		C62487681DE000FB00374CFE /* WebViewController.swift in Sources */ = {isa = PBXBuildFile; fileRef = C62487651DE000FB00374CFE /* WebViewController.swift */; };
		C63E96801DB6F2A9009BFB3B /* InitialSetup.swift in Sources */ = {isa = PBXBuildFile; fileRef = C63E967F1DB6F2A9009BFB3B /* InitialSetup.swift */; };
		C63E96811DB6F2A9009BFB3B /* InitialSetup.swift in Sources */ = {isa = PBXBuildFile; fileRef = C63E967F1DB6F2A9009BFB3B /* InitialSetup.swift */; };
		C63E96821DB6F2A9009BFB3B /* InitialSetup.swift in Sources */ = {isa = PBXBuildFile; fileRef = C63E967F1DB6F2A9009BFB3B /* InitialSetup.swift */; };
		C642F4C61DB29CE800E17153 /* FeatureChecker.swift in Sources */ = {isa = PBXBuildFile; fileRef = C642F4C51DB29CE800E17153 /* FeatureChecker.swift */; };
		C642F4C71DB29CE800E17153 /* FeatureChecker.swift in Sources */ = {isa = PBXBuildFile; fileRef = C642F4C51DB29CE800E17153 /* FeatureChecker.swift */; };
		C642F4C81DB29CE800E17153 /* FeatureChecker.swift in Sources */ = {isa = PBXBuildFile; fileRef = C642F4C51DB29CE800E17153 /* FeatureChecker.swift */; };
		C64623291D8EF24500D832D3 /* VideoDownloader.swift in Sources */ = {isa = PBXBuildFile; fileRef = C64623281D8EF24500D832D3 /* VideoDownloader.swift */; };
		C646232A1D8EF24500D832D3 /* VideoDownloader.swift in Sources */ = {isa = PBXBuildFile; fileRef = C64623281D8EF24500D832D3 /* VideoDownloader.swift */; };
		C646232B1D8EF24500D832D3 /* VideoDownloader.swift in Sources */ = {isa = PBXBuildFile; fileRef = C64623281D8EF24500D832D3 /* VideoDownloader.swift */; };
		C64964C51DEA3D0F00FE7C25 /* ClubMeetingsTableViewController.swift in Sources */ = {isa = PBXBuildFile; fileRef = C64964C41DEA3D0F00FE7C25 /* ClubMeetingsTableViewController.swift */; };
		C64964C61DEA3D0F00FE7C25 /* ClubMeetingsTableViewController.swift in Sources */ = {isa = PBXBuildFile; fileRef = C64964C41DEA3D0F00FE7C25 /* ClubMeetingsTableViewController.swift */; };
		C64964C71DEA3D0F00FE7C25 /* ClubMeetingsTableViewController.swift in Sources */ = {isa = PBXBuildFile; fileRef = C64964C41DEA3D0F00FE7C25 /* ClubMeetingsTableViewController.swift */; };
		C651EFD81D5E05F400802575 /* FirstViewController.swift in Sources */ = {isa = PBXBuildFile; fileRef = C651EFD71D5E05F400802575 /* FirstViewController.swift */; };
		C651EFD91D5E05F400802575 /* FirstViewController.swift in Sources */ = {isa = PBXBuildFile; fileRef = C651EFD71D5E05F400802575 /* FirstViewController.swift */; };
		C651EFDA1D5E05F400802575 /* FirstViewController.swift in Sources */ = {isa = PBXBuildFile; fileRef = C651EFD71D5E05F400802575 /* FirstViewController.swift */; };
		C65DA6961E8C751D00B41BA0 /* SportsAPI.swift in Sources */ = {isa = PBXBuildFile; fileRef = C65DA6951E8C751D00B41BA0 /* SportsAPI.swift */; };
		C65DA6981E8C7B6700B41BA0 /* SportsTableViewController.swift in Sources */ = {isa = PBXBuildFile; fileRef = C65DA6971E8C7B6700B41BA0 /* SportsTableViewController.swift */; };
		C65DA69A1E8C7B7900B41BA0 /* SportsTableViewCell.swift in Sources */ = {isa = PBXBuildFile; fileRef = C65DA6991E8C7B7900B41BA0 /* SportsTableViewCell.swift */; };
		C65DA69C1E8C826F00B41BA0 /* UIImage.swift in Sources */ = {isa = PBXBuildFile; fileRef = C65DA69B1E8C826F00B41BA0 /* UIImage.swift */; };
		C673FD501E8DE68D006A4E31 /* AddSportsGameViewController.swift in Sources */ = {isa = PBXBuildFile; fileRef = C673FD4F1E8DE68D006A4E31 /* AddSportsGameViewController.swift */; };
		C676F43C1DC75A620027BB63 /* MoreTableViewController.swift in Sources */ = {isa = PBXBuildFile; fileRef = C676F43B1DC75A620027BB63 /* MoreTableViewController.swift */; };
		C676F43D1DC75A620027BB63 /* MoreTableViewController.swift in Sources */ = {isa = PBXBuildFile; fileRef = C676F43B1DC75A620027BB63 /* MoreTableViewController.swift */; };
		C676F43E1DC75A620027BB63 /* MoreTableViewController.swift in Sources */ = {isa = PBXBuildFile; fileRef = C676F43B1DC75A620027BB63 /* MoreTableViewController.swift */; };
		C676F4401DC8DD440027BB63 /* PrivacyPolicyViewController.swift in Sources */ = {isa = PBXBuildFile; fileRef = C676F43F1DC8DD430027BB63 /* PrivacyPolicyViewController.swift */; };
		C676F4411DC8DD440027BB63 /* PrivacyPolicyViewController.swift in Sources */ = {isa = PBXBuildFile; fileRef = C676F43F1DC8DD430027BB63 /* PrivacyPolicyViewController.swift */; };
		C676F4421DC8DD440027BB63 /* PrivacyPolicyViewController.swift in Sources */ = {isa = PBXBuildFile; fileRef = C676F43F1DC8DD430027BB63 /* PrivacyPolicyViewController.swift */; };
		C676F4441DC8E0330027BB63 /* FeedbackViewController.swift in Sources */ = {isa = PBXBuildFile; fileRef = C676F4431DC8E0330027BB63 /* FeedbackViewController.swift */; };
		C676F4451DC8E0330027BB63 /* FeedbackViewController.swift in Sources */ = {isa = PBXBuildFile; fileRef = C676F4431DC8E0330027BB63 /* FeedbackViewController.swift */; };
		C676F4461DC8E0330027BB63 /* FeedbackViewController.swift in Sources */ = {isa = PBXBuildFile; fileRef = C676F4431DC8E0330027BB63 /* FeedbackViewController.swift */; };
		C676F4481DC92A3E0027BB63 /* ClubsCollectionViewController.swift in Sources */ = {isa = PBXBuildFile; fileRef = C676F4471DC92A3E0027BB63 /* ClubsCollectionViewController.swift */; };
		C676F4491DC92A3E0027BB63 /* ClubsCollectionViewController.swift in Sources */ = {isa = PBXBuildFile; fileRef = C676F4471DC92A3E0027BB63 /* ClubsCollectionViewController.swift */; };
		C676F44A1DC92A3E0027BB63 /* ClubsCollectionViewController.swift in Sources */ = {isa = PBXBuildFile; fileRef = C676F4471DC92A3E0027BB63 /* ClubsCollectionViewController.swift */; };
		C676F44C1DC92A620027BB63 /* ClubsCollectionViewCell.swift in Sources */ = {isa = PBXBuildFile; fileRef = C676F44B1DC92A620027BB63 /* ClubsCollectionViewCell.swift */; };
		C676F44D1DC92A620027BB63 /* ClubsCollectionViewCell.swift in Sources */ = {isa = PBXBuildFile; fileRef = C676F44B1DC92A620027BB63 /* ClubsCollectionViewCell.swift */; };
		C676F44E1DC92A620027BB63 /* ClubsCollectionViewCell.swift in Sources */ = {isa = PBXBuildFile; fileRef = C676F44B1DC92A620027BB63 /* ClubsCollectionViewCell.swift */; };
		C676F4501DC92AC60027BB63 /* Club.swift in Sources */ = {isa = PBXBuildFile; fileRef = C676F44F1DC92AC60027BB63 /* Club.swift */; };
		C676F4511DC92AC60027BB63 /* Club.swift in Sources */ = {isa = PBXBuildFile; fileRef = C676F44F1DC92AC60027BB63 /* Club.swift */; };
		C676F4521DC92AC60027BB63 /* Club.swift in Sources */ = {isa = PBXBuildFile; fileRef = C676F44F1DC92AC60027BB63 /* Club.swift */; };
		C676F4541DC932AB0027BB63 /* ClubsDownloader.swift in Sources */ = {isa = PBXBuildFile; fileRef = C676F4531DC932AB0027BB63 /* ClubsDownloader.swift */; };
		C676F4551DC932AB0027BB63 /* ClubsDownloader.swift in Sources */ = {isa = PBXBuildFile; fileRef = C676F4531DC932AB0027BB63 /* ClubsDownloader.swift */; };
		C676F4561DC932AB0027BB63 /* ClubsDownloader.swift in Sources */ = {isa = PBXBuildFile; fileRef = C676F4531DC932AB0027BB63 /* ClubsDownloader.swift */; };
		C67B86B41DD4033600447A9C /* InterstitialManager.swift in Sources */ = {isa = PBXBuildFile; fileRef = C67B86B31DD4033600447A9C /* InterstitialManager.swift */; };
		C67B86B51DD4033600447A9C /* InterstitialManager.swift in Sources */ = {isa = PBXBuildFile; fileRef = C67B86B31DD4033600447A9C /* InterstitialManager.swift */; };
		C67B86B61DD4033600447A9C /* InterstitialManager.swift in Sources */ = {isa = PBXBuildFile; fileRef = C67B86B31DD4033600447A9C /* InterstitialManager.swift */; };
		C67BD89B1DF6DA9700D182CE /* PollResultsTableViewCell.swift in Sources */ = {isa = PBXBuildFile; fileRef = C67BD89A1DF6DA9700D182CE /* PollResultsTableViewCell.swift */; };
		C67BD89C1DF6DA9700D182CE /* PollResultsTableViewCell.swift in Sources */ = {isa = PBXBuildFile; fileRef = C67BD89A1DF6DA9700D182CE /* PollResultsTableViewCell.swift */; };
		C67BD89D1DF6DA9700D182CE /* PollResultsTableViewCell.swift in Sources */ = {isa = PBXBuildFile; fileRef = C67BD89A1DF6DA9700D182CE /* PollResultsTableViewCell.swift */; };
		C67D48001D8F5DF800319A68 /* AnnouncementDownloader.swift in Sources */ = {isa = PBXBuildFile; fileRef = C67D47FF1D8F5DF800319A68 /* AnnouncementDownloader.swift */; };
		C67D48011D8F5DF800319A68 /* AnnouncementDownloader.swift in Sources */ = {isa = PBXBuildFile; fileRef = C67D47FF1D8F5DF800319A68 /* AnnouncementDownloader.swift */; };
		C67D48021D8F5DF800319A68 /* AnnouncementDownloader.swift in Sources */ = {isa = PBXBuildFile; fileRef = C67D47FF1D8F5DF800319A68 /* AnnouncementDownloader.swift */; };
		C67D48041D8F621C00319A68 /* NetworkError.swift in Sources */ = {isa = PBXBuildFile; fileRef = C67D48031D8F621C00319A68 /* NetworkError.swift */; };
		C67D48051D8F621C00319A68 /* NetworkError.swift in Sources */ = {isa = PBXBuildFile; fileRef = C67D48031D8F621C00319A68 /* NetworkError.swift */; };
		C67D48061D8F621C00319A68 /* NetworkError.swift in Sources */ = {isa = PBXBuildFile; fileRef = C67D48031D8F621C00319A68 /* NetworkError.swift */; };
		C67EADDC1D5CC878003185F8 /* VideosTableViewController.swift in Sources */ = {isa = PBXBuildFile; fileRef = C67EADDB1D5CC878003185F8 /* VideosTableViewController.swift */; };
		C67EADDD1D5CC878003185F8 /* VideosTableViewController.swift in Sources */ = {isa = PBXBuildFile; fileRef = C67EADDB1D5CC878003185F8 /* VideosTableViewController.swift */; };
		C67EADDE1D5CC878003185F8 /* VideosTableViewController.swift in Sources */ = {isa = PBXBuildFile; fileRef = C67EADDB1D5CC878003185F8 /* VideosTableViewController.swift */; };
		C67EADE01D5CCC9D003185F8 /* Video.swift in Sources */ = {isa = PBXBuildFile; fileRef = C67EADDF1D5CCC9D003185F8 /* Video.swift */; };
		C67EADE11D5CCC9D003185F8 /* Video.swift in Sources */ = {isa = PBXBuildFile; fileRef = C67EADDF1D5CCC9D003185F8 /* Video.swift */; };
		C67EADE21D5CCC9D003185F8 /* Video.swift in Sources */ = {isa = PBXBuildFile; fileRef = C67EADDF1D5CCC9D003185F8 /* Video.swift */; };
		C67EADEA1D5CDD36003185F8 /* VideoTableViewCell.swift in Sources */ = {isa = PBXBuildFile; fileRef = C67EADE91D5CDD36003185F8 /* VideoTableViewCell.swift */; };
		C67EADEB1D5CDD36003185F8 /* VideoTableViewCell.swift in Sources */ = {isa = PBXBuildFile; fileRef = C67EADE91D5CDD36003185F8 /* VideoTableViewCell.swift */; };
		C67EADEC1D5CDD36003185F8 /* VideoTableViewCell.swift in Sources */ = {isa = PBXBuildFile; fileRef = C67EADE91D5CDD36003185F8 /* VideoTableViewCell.swift */; };
		C68344041D621C290021DFAA /* Error.json in Resources */ = {isa = PBXBuildFile; fileRef = C68344031D621C290021DFAA /* Error.json */; };
		C68344051D621C290021DFAA /* Error.json in Resources */ = {isa = PBXBuildFile; fileRef = C68344031D621C290021DFAA /* Error.json */; };
		C68344061D621C290021DFAA /* Error.json in Resources */ = {isa = PBXBuildFile; fileRef = C68344031D621C290021DFAA /* Error.json */; };
		C688C9461DE109A400F2CB30 /* ClubDetailViewController.swift in Sources */ = {isa = PBXBuildFile; fileRef = C688C9451DE109A400F2CB30 /* ClubDetailViewController.swift */; };
		C688C9471DE109A400F2CB30 /* ClubDetailViewController.swift in Sources */ = {isa = PBXBuildFile; fileRef = C688C9451DE109A400F2CB30 /* ClubDetailViewController.swift */; };
		C688C9481DE109A400F2CB30 /* ClubDetailViewController.swift in Sources */ = {isa = PBXBuildFile; fileRef = C688C9451DE109A400F2CB30 /* ClubDetailViewController.swift */; };
		C688C94A1DE14B7A00F2CB30 /* ClubInfoDownloader.swift in Sources */ = {isa = PBXBuildFile; fileRef = C688C9491DE14B7A00F2CB30 /* ClubInfoDownloader.swift */; };
		C688C94B1DE14B7A00F2CB30 /* ClubInfoDownloader.swift in Sources */ = {isa = PBXBuildFile; fileRef = C688C9491DE14B7A00F2CB30 /* ClubInfoDownloader.swift */; };
		C688C94C1DE14B7A00F2CB30 /* ClubInfoDownloader.swift in Sources */ = {isa = PBXBuildFile; fileRef = C688C9491DE14B7A00F2CB30 /* ClubInfoDownloader.swift */; };
		C688C9521DE1562D00F2CB30 /* GoogleService-Info.plist in Resources */ = {isa = PBXBuildFile; fileRef = C688C9511DE1562D00F2CB30 /* GoogleService-Info.plist */; };
		C688C9531DE1562D00F2CB30 /* GoogleService-Info.plist in Resources */ = {isa = PBXBuildFile; fileRef = C688C9511DE1562D00F2CB30 /* GoogleService-Info.plist */; };
		C688C9541DE1562D00F2CB30 /* GoogleService-Info.plist in Resources */ = {isa = PBXBuildFile; fileRef = C688C9511DE1562D00F2CB30 /* GoogleService-Info.plist */; };
		C69194B41D9499FD00A3E6E8 /* OnlineVoter.swift in Sources */ = {isa = PBXBuildFile; fileRef = C69194B31D9499FD00A3E6E8 /* OnlineVoter.swift */; };
		C69194B51D9499FD00A3E6E8 /* OnlineVoter.swift in Sources */ = {isa = PBXBuildFile; fileRef = C69194B31D9499FD00A3E6E8 /* OnlineVoter.swift */; };
		C69194B61D9499FD00A3E6E8 /* OnlineVoter.swift in Sources */ = {isa = PBXBuildFile; fileRef = C69194B31D9499FD00A3E6E8 /* OnlineVoter.swift */; };
		C6965FD41DED1DE600DEE465 /* MeetingTableViewCell.swift in Sources */ = {isa = PBXBuildFile; fileRef = C6965FD31DED1DE600DEE465 /* MeetingTableViewCell.swift */; };
		C6965FD51DED1DE600DEE465 /* MeetingTableViewCell.swift in Sources */ = {isa = PBXBuildFile; fileRef = C6965FD31DED1DE600DEE465 /* MeetingTableViewCell.swift */; };
		C6965FD61DED1DE600DEE465 /* MeetingTableViewCell.swift in Sources */ = {isa = PBXBuildFile; fileRef = C6965FD31DED1DE600DEE465 /* MeetingTableViewCell.swift */; };
		C69769801DE518C3007FE100 /* NewPollDetailViewController.swift in Sources */ = {isa = PBXBuildFile; fileRef = C697697F1DE518C3007FE100 /* NewPollDetailViewController.swift */; };
		C69769811DE518C3007FE100 /* NewPollDetailViewController.swift in Sources */ = {isa = PBXBuildFile; fileRef = C697697F1DE518C3007FE100 /* NewPollDetailViewController.swift */; };
		C69769821DE518C3007FE100 /* NewPollDetailViewController.swift in Sources */ = {isa = PBXBuildFile; fileRef = C697697F1DE518C3007FE100 /* NewPollDetailViewController.swift */; };
		C69769841DE52CF1007FE100 /* NotificationSettings.swift in Sources */ = {isa = PBXBuildFile; fileRef = C69769831DE52CF1007FE100 /* NotificationSettings.swift */; };
		C69769851DE52CF1007FE100 /* NotificationSettings.swift in Sources */ = {isa = PBXBuildFile; fileRef = C69769831DE52CF1007FE100 /* NotificationSettings.swift */; };
		C69769861DE52CF1007FE100 /* NotificationSettings.swift in Sources */ = {isa = PBXBuildFile; fileRef = C69769831DE52CF1007FE100 /* NotificationSettings.swift */; };
		C69769881DE54E64007FE100 /* PerferenceManager.swift in Sources */ = {isa = PBXBuildFile; fileRef = C69769871DE54E64007FE100 /* PerferenceManager.swift */; };
		C69769891DE54E64007FE100 /* PerferenceManager.swift in Sources */ = {isa = PBXBuildFile; fileRef = C69769871DE54E64007FE100 /* PerferenceManager.swift */; };
		C697698A1DE54E64007FE100 /* PerferenceManager.swift in Sources */ = {isa = PBXBuildFile; fileRef = C69769871DE54E64007FE100 /* PerferenceManager.swift */; };
		C69B21CC1D91E3CB00BC6547 /* OnlinePoll.swift in Sources */ = {isa = PBXBuildFile; fileRef = C69B21CB1D91E3CB00BC6547 /* OnlinePoll.swift */; };
		C69B21CD1D91E3CB00BC6547 /* OnlinePoll.swift in Sources */ = {isa = PBXBuildFile; fileRef = C69B21CB1D91E3CB00BC6547 /* OnlinePoll.swift */; };
		C69B21CE1D91E3CB00BC6547 /* OnlinePoll.swift in Sources */ = {isa = PBXBuildFile; fileRef = C69B21CB1D91E3CB00BC6547 /* OnlinePoll.swift */; };
		C69B21D01D91F6E400BC6547 /* VotingViewControllerTableViewController.swift in Sources */ = {isa = PBXBuildFile; fileRef = C69B21CF1D91F6E400BC6547 /* VotingViewControllerTableViewController.swift */; };
		C69B21D11D91F6E400BC6547 /* VotingViewControllerTableViewController.swift in Sources */ = {isa = PBXBuildFile; fileRef = C69B21CF1D91F6E400BC6547 /* VotingViewControllerTableViewController.swift */; };
		C69B21D21D91F6E400BC6547 /* VotingViewControllerTableViewController.swift in Sources */ = {isa = PBXBuildFile; fileRef = C69B21CF1D91F6E400BC6547 /* VotingViewControllerTableViewController.swift */; };
		C6AB5C621D6754EE0056F042 /* TodayViewController.swift in Sources */ = {isa = PBXBuildFile; fileRef = C6AB5C611D6754EE0056F042 /* TodayViewController.swift */; };
		C6AB5C631D6754EE0056F042 /* TodayViewController.swift in Sources */ = {isa = PBXBuildFile; fileRef = C6AB5C611D6754EE0056F042 /* TodayViewController.swift */; };
		C6AB5C641D6754EE0056F042 /* TodayViewController.swift in Sources */ = {isa = PBXBuildFile; fileRef = C6AB5C611D6754EE0056F042 /* TodayViewController.swift */; };
		C6B198E31DF4E4E500AA01A9 /* LoadingProgressViewController.swift in Sources */ = {isa = PBXBuildFile; fileRef = C6B198E21DF4E4E500AA01A9 /* LoadingProgressViewController.swift */; };
		C6B198E41DF4E4E500AA01A9 /* LoadingProgressViewController.swift in Sources */ = {isa = PBXBuildFile; fileRef = C6B198E21DF4E4E500AA01A9 /* LoadingProgressViewController.swift */; };
		C6B198E51DF4E4E500AA01A9 /* LoadingProgressViewController.swift in Sources */ = {isa = PBXBuildFile; fileRef = C6B198E21DF4E4E500AA01A9 /* LoadingProgressViewController.swift */; };
		C6B574B41DCD4B9B00BDF12C /* ClubAPI.swift in Sources */ = {isa = PBXBuildFile; fileRef = C6B574B31DCD4B9B00BDF12C /* ClubAPI.swift */; };
		C6B574B51DCD4B9B00BDF12C /* ClubAPI.swift in Sources */ = {isa = PBXBuildFile; fileRef = C6B574B31DCD4B9B00BDF12C /* ClubAPI.swift */; };
		C6B574B61DCD4B9B00BDF12C /* ClubAPI.swift in Sources */ = {isa = PBXBuildFile; fileRef = C6B574B31DCD4B9B00BDF12C /* ClubAPI.swift */; };
		C6BF413C1D5F4BE4008C517A /* NSUserDefaultsList.swift in Sources */ = {isa = PBXBuildFile; fileRef = C6BF413B1D5F4BE4008C517A /* NSUserDefaultsList.swift */; };
		C6BF413D1D5F4BE4008C517A /* NSUserDefaultsList.swift in Sources */ = {isa = PBXBuildFile; fileRef = C6BF413B1D5F4BE4008C517A /* NSUserDefaultsList.swift */; };
		C6BF413E1D5F4BE4008C517A /* NSUserDefaultsList.swift in Sources */ = {isa = PBXBuildFile; fileRef = C6BF413B1D5F4BE4008C517A /* NSUserDefaultsList.swift */; };
		C6CD79CC1D5EC68B00BA277D /* SettingsTableViewController.swift in Sources */ = {isa = PBXBuildFile; fileRef = C6CD79CB1D5EC68B00BA277D /* SettingsTableViewController.swift */; };
		C6CD79CD1D5EC68B00BA277D /* SettingsTableViewController.swift in Sources */ = {isa = PBXBuildFile; fileRef = C6CD79CB1D5EC68B00BA277D /* SettingsTableViewController.swift */; };
		C6CD79CE1D5EC68B00BA277D /* SettingsTableViewController.swift in Sources */ = {isa = PBXBuildFile; fileRef = C6CD79CB1D5EC68B00BA277D /* SettingsTableViewController.swift */; };
		C6E4C0161D600B9C00DE6F85 /* AnnouncementsTableViewController.swift in Sources */ = {isa = PBXBuildFile; fileRef = C6E4C0151D600B9C00DE6F85 /* AnnouncementsTableViewController.swift */; };
		C6E4C0171D600B9C00DE6F85 /* AnnouncementsTableViewController.swift in Sources */ = {isa = PBXBuildFile; fileRef = C6E4C0151D600B9C00DE6F85 /* AnnouncementsTableViewController.swift */; };
		C6E4C0181D600B9C00DE6F85 /* AnnouncementsTableViewController.swift in Sources */ = {isa = PBXBuildFile; fileRef = C6E4C0151D600B9C00DE6F85 /* AnnouncementsTableViewController.swift */; };
		C6E4C01A1D600BD400DE6F85 /* AnnouncementTableViewCell.swift in Sources */ = {isa = PBXBuildFile; fileRef = C6E4C0191D600BD400DE6F85 /* AnnouncementTableViewCell.swift */; };
		C6E4C01B1D600BD400DE6F85 /* AnnouncementTableViewCell.swift in Sources */ = {isa = PBXBuildFile; fileRef = C6E4C0191D600BD400DE6F85 /* AnnouncementTableViewCell.swift */; };
		C6E4C01C1D600BD400DE6F85 /* AnnouncementTableViewCell.swift in Sources */ = {isa = PBXBuildFile; fileRef = C6E4C0191D600BD400DE6F85 /* AnnouncementTableViewCell.swift */; };
		C6E4C01E1D600C4800DE6F85 /* Announcement.swift in Sources */ = {isa = PBXBuildFile; fileRef = C6E4C01D1D600C4800DE6F85 /* Announcement.swift */; };
		C6E4C01F1D600C4800DE6F85 /* Announcement.swift in Sources */ = {isa = PBXBuildFile; fileRef = C6E4C01D1D600C4800DE6F85 /* Announcement.swift */; };
		C6E4C0201D600C4800DE6F85 /* Announcement.swift in Sources */ = {isa = PBXBuildFile; fileRef = C6E4C01D1D600C4800DE6F85 /* Announcement.swift */; };
		C6E4C0221D60BF1E00DE6F85 /* Popup.swift in Sources */ = {isa = PBXBuildFile; fileRef = C6E4C0211D60BF1E00DE6F85 /* Popup.swift */; };
		C6E4C0231D60BF1E00DE6F85 /* Popup.swift in Sources */ = {isa = PBXBuildFile; fileRef = C6E4C0211D60BF1E00DE6F85 /* Popup.swift */; };
		C6E4C0241D60BF1E00DE6F85 /* Popup.swift in Sources */ = {isa = PBXBuildFile; fileRef = C6E4C0211D60BF1E00DE6F85 /* Popup.swift */; };
		C6E939E81D5D1D7B00112834 /* YouTubeVideoViewController.swift in Sources */ = {isa = PBXBuildFile; fileRef = C6E939E71D5D1D7B00112834 /* YouTubeVideoViewController.swift */; };
		C6E939E91D5D1D7B00112834 /* YouTubeVideoViewController.swift in Sources */ = {isa = PBXBuildFile; fileRef = C6E939E71D5D1D7B00112834 /* YouTubeVideoViewController.swift */; };
		C6E939EA1D5D1D7B00112834 /* YouTubeVideoViewController.swift in Sources */ = {isa = PBXBuildFile; fileRef = C6E939E71D5D1D7B00112834 /* YouTubeVideoViewController.swift */; };
		C6EB1EE61DCAA627003F1768 /* JSONGetter.swift in Sources */ = {isa = PBXBuildFile; fileRef = C6EB1EE51DCAA627003F1768 /* JSONGetter.swift */; };
		C6EB1EE71DCAA627003F1768 /* JSONGetter.swift in Sources */ = {isa = PBXBuildFile; fileRef = C6EB1EE51DCAA627003F1768 /* JSONGetter.swift */; };
		C6EB1EE81DCAA627003F1768 /* JSONGetter.swift in Sources */ = {isa = PBXBuildFile; fileRef = C6EB1EE51DCAA627003F1768 /* JSONGetter.swift */; };
		C6F58E701D6525DA00C7D19B /* FM.swift in Sources */ = {isa = PBXBuildFile; fileRef = C6F58E6F1D6525DA00C7D19B /* FM.swift */; };
		C6F58E711D6525DA00C7D19B /* FM.swift in Sources */ = {isa = PBXBuildFile; fileRef = C6F58E6F1D6525DA00C7D19B /* FM.swift */; };
		C6F58E721D6525DA00C7D19B /* FM.swift in Sources */ = {isa = PBXBuildFile; fileRef = C6F58E6F1D6525DA00C7D19B /* FM.swift */; };
		C6F58E741D652CB200C7D19B /* LineByLineDownloader.swift in Sources */ = {isa = PBXBuildFile; fileRef = C6F58E731D652CB200C7D19B /* LineByLineDownloader.swift */; };
		C6F58E751D652CB200C7D19B /* LineByLineDownloader.swift in Sources */ = {isa = PBXBuildFile; fileRef = C6F58E731D652CB200C7D19B /* LineByLineDownloader.swift */; };
		C6F58E761D652CB200C7D19B /* LineByLineDownloader.swift in Sources */ = {isa = PBXBuildFile; fileRef = C6F58E731D652CB200C7D19B /* LineByLineDownloader.swift */; };
		C6F7E61A1DB3D12100F6D5EB /* AnnouncementDetailViewController.swift in Sources */ = {isa = PBXBuildFile; fileRef = C6F7E6191DB3D12100F6D5EB /* AnnouncementDetailViewController.swift */; };
		C6F7E61B1DB3D12100F6D5EB /* AnnouncementDetailViewController.swift in Sources */ = {isa = PBXBuildFile; fileRef = C6F7E6191DB3D12100F6D5EB /* AnnouncementDetailViewController.swift */; };
		C6F7E61C1DB3D12100F6D5EB /* AnnouncementDetailViewController.swift in Sources */ = {isa = PBXBuildFile; fileRef = C6F7E6191DB3D12100F6D5EB /* AnnouncementDetailViewController.swift */; };
		C6FB9B5F1DEA839F00A58FBF /* Cacher.swift in Sources */ = {isa = PBXBuildFile; fileRef = C6FB9B5E1DEA839F00A58FBF /* Cacher.swift */; };
		C6FB9B601DEA839F00A58FBF /* Cacher.swift in Sources */ = {isa = PBXBuildFile; fileRef = C6FB9B5E1DEA839F00A58FBF /* Cacher.swift */; };
		C6FB9B611DEA839F00A58FBF /* Cacher.swift in Sources */ = {isa = PBXBuildFile; fileRef = C6FB9B5E1DEA839F00A58FBF /* Cacher.swift */; };
		C6FC7EF21D90AEDC00D342E2 /* PollsTableViewController.swift in Sources */ = {isa = PBXBuildFile; fileRef = C6FC7EF11D90AEDC00D342E2 /* PollsTableViewController.swift */; };
		C6FC7EF31D90AEDC00D342E2 /* PollsTableViewController.swift in Sources */ = {isa = PBXBuildFile; fileRef = C6FC7EF11D90AEDC00D342E2 /* PollsTableViewController.swift */; };
		C6FC7EF41D90AEDC00D342E2 /* PollsTableViewController.swift in Sources */ = {isa = PBXBuildFile; fileRef = C6FC7EF11D90AEDC00D342E2 /* PollsTableViewController.swift */; };
		C6FC7EF61D90AEEE00D342E2 /* PollTableViewCell.swift in Sources */ = {isa = PBXBuildFile; fileRef = C6FC7EF51D90AEEE00D342E2 /* PollTableViewCell.swift */; };
		C6FC7EF71D90AEEE00D342E2 /* PollTableViewCell.swift in Sources */ = {isa = PBXBuildFile; fileRef = C6FC7EF51D90AEEE00D342E2 /* PollTableViewCell.swift */; };
		C6FC7EF81D90AEEE00D342E2 /* PollTableViewCell.swift in Sources */ = {isa = PBXBuildFile; fileRef = C6FC7EF51D90AEEE00D342E2 /* PollTableViewCell.swift */; };
		C6FCBA4C1D5AC60A00DC5FC3 /* AppDelegate.swift in Sources */ = {isa = PBXBuildFile; fileRef = C6FCBA4B1D5AC60A00DC5FC3 /* AppDelegate.swift */; };
		C6FCBA531D5AC60A00DC5FC3 /* Main.storyboard in Resources */ = {isa = PBXBuildFile; fileRef = C6FCBA511D5AC60A00DC5FC3 /* Main.storyboard */; };
		C6FCBA551D5AC60A00DC5FC3 /* Assets.xcassets in Resources */ = {isa = PBXBuildFile; fileRef = C6FCBA541D5AC60A00DC5FC3 /* Assets.xcassets */; };
		C6FCBA581D5AC60A00DC5FC3 /* LaunchScreen.storyboard in Resources */ = {isa = PBXBuildFile; fileRef = C6FCBA561D5AC60A00DC5FC3 /* LaunchScreen.storyboard */; };
		C6FCBA631D5AC60B00DC5FC3 /* Channel_2Tests.swift in Sources */ = {isa = PBXBuildFile; fileRef = C6FCBA621D5AC60B00DC5FC3 /* Channel_2Tests.swift */; };
		C6FCBA6E1D5AC60B00DC5FC3 /* Channel_2UITests.swift in Sources */ = {isa = PBXBuildFile; fileRef = C6FCBA6D1D5AC60B00DC5FC3 /* Channel_2UITests.swift */; };
		C6FDA17F1D669D9100BED432 /* DayDownloader.swift in Sources */ = {isa = PBXBuildFile; fileRef = C6FDA17E1D669D9100BED432 /* DayDownloader.swift */; };
		C6FDA1801D669D9100BED432 /* DayDownloader.swift in Sources */ = {isa = PBXBuildFile; fileRef = C6FDA17E1D669D9100BED432 /* DayDownloader.swift */; };
		C6FDA1811D669D9100BED432 /* DayDownloader.swift in Sources */ = {isa = PBXBuildFile; fileRef = C6FDA17E1D669D9100BED432 /* DayDownloader.swift */; };
		D851C48C45B33408F698C5F2 /* Pods_Channel_2.framework in Frameworks */ = {isa = PBXBuildFile; fileRef = C450F7A120B8A2CEB2D419F6 /* Pods_Channel_2.framework */; };
/* End PBXBuildFile section */

/* Begin PBXContainerItemProxy section */
		C6FCBA5F1D5AC60B00DC5FC3 /* PBXContainerItemProxy */ = {
			isa = PBXContainerItemProxy;
			containerPortal = C6FCBA401D5AC60A00DC5FC3 /* Project object */;
			proxyType = 1;
			remoteGlobalIDString = C6FCBA471D5AC60A00DC5FC3;
			remoteInfo = "Channel 2";
		};
		C6FCBA6A1D5AC60B00DC5FC3 /* PBXContainerItemProxy */ = {
			isa = PBXContainerItemProxy;
			containerPortal = C6FCBA401D5AC60A00DC5FC3 /* Project object */;
			proxyType = 1;
			remoteGlobalIDString = C6FCBA471D5AC60A00DC5FC3;
			remoteInfo = "Channel 2";
		};
/* End PBXContainerItemProxy section */

/* Begin PBXCopyFilesBuildPhase section */
		C6F7F2D01DBC407200A5525A /* Embed Watch Content */ = {
			isa = PBXCopyFilesBuildPhase;
			buildActionMask = 2147483647;
			dstPath = "$(CONTENTS_FOLDER_PATH)/Watch";
			dstSubfolderSpec = 16;
			files = (
			);
			name = "Embed Watch Content";
			runOnlyForDeploymentPostprocessing = 0;
		};
/* End PBXCopyFilesBuildPhase section */

/* Begin PBXFileReference section */
		16BCDA33B2CC8B2760F78F2C /* Pods-Channel 2Tests.debug.xcconfig */ = {isa = PBXFileReference; includeInIndex = 1; lastKnownFileType = text.xcconfig; name = "Pods-Channel 2Tests.debug.xcconfig"; path = "Pods/Target Support Files/Pods-Channel 2Tests/Pods-Channel 2Tests.debug.xcconfig"; sourceTree = "<group>"; };
		20939F94D3A7161AF6941B73 /* Pods-Channel 2Tests.release.xcconfig */ = {isa = PBXFileReference; includeInIndex = 1; lastKnownFileType = text.xcconfig; name = "Pods-Channel 2Tests.release.xcconfig"; path = "Pods/Target Support Files/Pods-Channel 2Tests/Pods-Channel 2Tests.release.xcconfig"; sourceTree = "<group>"; };
		2658540B61E62EB7AE956130 /* Pods_Channel_2UITests.framework */ = {isa = PBXFileReference; explicitFileType = wrapper.framework; includeInIndex = 0; path = Pods_Channel_2UITests.framework; sourceTree = BUILT_PRODUCTS_DIR; };
		6308F3EB4C673E983E57A0A7 /* Pods-Channel 2UITests.release.xcconfig */ = {isa = PBXFileReference; includeInIndex = 1; lastKnownFileType = text.xcconfig; name = "Pods-Channel 2UITests.release.xcconfig"; path = "Pods/Target Support Files/Pods-Channel 2UITests/Pods-Channel 2UITests.release.xcconfig"; sourceTree = "<group>"; };
		9CAF93E88A6CDB142C37CC7D /* Pods-Channel 2UITests.debug.xcconfig */ = {isa = PBXFileReference; includeInIndex = 1; lastKnownFileType = text.xcconfig; name = "Pods-Channel 2UITests.debug.xcconfig"; path = "Pods/Target Support Files/Pods-Channel 2UITests/Pods-Channel 2UITests.debug.xcconfig"; sourceTree = "<group>"; };
		AD14D403E769DDCD530C8C52 /* Pods-Channel 2.release.xcconfig */ = {isa = PBXFileReference; includeInIndex = 1; lastKnownFileType = text.xcconfig; name = "Pods-Channel 2.release.xcconfig"; path = "Pods/Target Support Files/Pods-Channel 2/Pods-Channel 2.release.xcconfig"; sourceTree = "<group>"; };
		C450F7A120B8A2CEB2D419F6 /* Pods_Channel_2.framework */ = {isa = PBXFileReference; explicitFileType = wrapper.framework; includeInIndex = 0; path = Pods_Channel_2.framework; sourceTree = BUILT_PRODUCTS_DIR; };
		C60279891DFB85BA00D009A8 /* CacheManager.swift */ = {isa = PBXFileReference; fileEncoding = 4; lastKnownFileType = sourcecode.swift; path = CacheManager.swift; sourceTree = "<group>"; };
		C606A3541D5E46D800DEBD8F /* Async.swift */ = {isa = PBXFileReference; fileEncoding = 4; lastKnownFileType = sourcecode.swift; path = Async.swift; sourceTree = "<group>"; };
		C6082F671D934A41001A879C /* PollsDownloader.swift */ = {isa = PBXFileReference; fileEncoding = 4; lastKnownFileType = sourcecode.swift; path = PollsDownloader.swift; sourceTree = "<group>"; };
		C6082F6B1D936E34001A879C /* PollDownloader.swift */ = {isa = PBXFileReference; fileEncoding = 4; lastKnownFileType = sourcecode.swift; path = PollDownloader.swift; sourceTree = "<group>"; };
		C60E36131D983108005E3EB9 /* TodayItem.swift */ = {isa = PBXFileReference; fileEncoding = 4; lastKnownFileType = sourcecode.swift; path = TodayItem.swift; sourceTree = "<group>"; };
		C61569811DDA96B500068FC3 /* SongRequestViewController.swift */ = {isa = PBXFileReference; fileEncoding = 4; lastKnownFileType = sourcecode.swift; path = SongRequestViewController.swift; sourceTree = "<group>"; };
		C615D9151DD7A11B00E0E903 /* UpgradeManager.swift */ = {isa = PBXFileReference; fileEncoding = 4; lastKnownFileType = sourcecode.swift; path = UpgradeManager.swift; sourceTree = "<group>"; };
		C61FFE8A1DAED79600201285 /* Extensions.swift */ = {isa = PBXFileReference; fileEncoding = 4; lastKnownFileType = sourcecode.swift; path = Extensions.swift; sourceTree = "<group>"; };
		C61FFE8E1DAEDE9600201285 /* LockViewController.swift */ = {isa = PBXFileReference; fileEncoding = 4; lastKnownFileType = sourcecode.swift; path = LockViewController.swift; sourceTree = "<group>"; };
		C6223ED31DE6155600B88BC1 /* NotificationSplashViewController.swift */ = {isa = PBXFileReference; fileEncoding = 4; lastKnownFileType = sourcecode.swift; path = NotificationSplashViewController.swift; sourceTree = "<group>"; };
		C62324971DE1699400F7A195 /* Pods_Channel_2.framework */ = {isa = PBXFileReference; lastKnownFileType = wrapper.framework; name = Pods_Channel_2.framework; path = "../../../../Library/Developer/Xcode/DerivedData/Channel_2-czapofgzrfbgciarxtaanfkzpqzm/Build/Products/Debug-iphoneos/Pods_Channel_2.framework"; sourceTree = "<group>"; };
		C62324991DE169A100F7A195 /* Pods_Channel_2Tests.framework */ = {isa = PBXFileReference; lastKnownFileType = wrapper.framework; name = Pods_Channel_2Tests.framework; path = "Pods/../build/Debug-iphoneos/Pods_Channel_2Tests.framework"; sourceTree = "<group>"; };
		C623249B1DE169A900F7A195 /* Pods_Channel_2UITests.framework */ = {isa = PBXFileReference; lastKnownFileType = wrapper.framework; name = Pods_Channel_2UITests.framework; path = "Pods/../build/Debug-iphoneos/Pods_Channel_2UITests.framework"; sourceTree = "<group>"; };
		C62487651DE000FB00374CFE /* WebViewController.swift */ = {isa = PBXFileReference; fileEncoding = 4; lastKnownFileType = sourcecode.swift; path = WebViewController.swift; sourceTree = "<group>"; };
		C62F9E111DE29F7E003614C0 /* Channel 2.entitlements */ = {isa = PBXFileReference; lastKnownFileType = text.xml; path = "Channel 2.entitlements"; sourceTree = "<group>"; };
		C63E967F1DB6F2A9009BFB3B /* InitialSetup.swift */ = {isa = PBXFileReference; fileEncoding = 4; lastKnownFileType = sourcecode.swift; path = InitialSetup.swift; sourceTree = "<group>"; };
		C642F4C51DB29CE800E17153 /* FeatureChecker.swift */ = {isa = PBXFileReference; fileEncoding = 4; lastKnownFileType = sourcecode.swift; path = FeatureChecker.swift; sourceTree = "<group>"; };
		C64623281D8EF24500D832D3 /* VideoDownloader.swift */ = {isa = PBXFileReference; fileEncoding = 4; lastKnownFileType = sourcecode.swift; path = VideoDownloader.swift; sourceTree = "<group>"; };
		C64964C41DEA3D0F00FE7C25 /* ClubMeetingsTableViewController.swift */ = {isa = PBXFileReference; fileEncoding = 4; lastKnownFileType = sourcecode.swift; path = ClubMeetingsTableViewController.swift; sourceTree = "<group>"; };
		C651EFD71D5E05F400802575 /* FirstViewController.swift */ = {isa = PBXFileReference; fileEncoding = 4; lastKnownFileType = sourcecode.swift; path = FirstViewController.swift; sourceTree = "<group>"; };
		C65DA6951E8C751D00B41BA0 /* SportsAPI.swift */ = {isa = PBXFileReference; fileEncoding = 4; lastKnownFileType = sourcecode.swift; path = SportsAPI.swift; sourceTree = "<group>"; };
		C65DA6971E8C7B6700B41BA0 /* SportsTableViewController.swift */ = {isa = PBXFileReference; fileEncoding = 4; lastKnownFileType = sourcecode.swift; path = SportsTableViewController.swift; sourceTree = "<group>"; };
		C65DA6991E8C7B7900B41BA0 /* SportsTableViewCell.swift */ = {isa = PBXFileReference; fileEncoding = 4; lastKnownFileType = sourcecode.swift; path = SportsTableViewCell.swift; sourceTree = "<group>"; };
		C65DA69B1E8C826F00B41BA0 /* UIImage.swift */ = {isa = PBXFileReference; fileEncoding = 4; lastKnownFileType = sourcecode.swift; path = UIImage.swift; sourceTree = "<group>"; };
		C66719361DE16B250095D20F /* Channel 2-Bridging-Header.h */ = {isa = PBXFileReference; fileEncoding = 4; lastKnownFileType = sourcecode.c.h; path = "Channel 2-Bridging-Header.h"; sourceTree = SOURCE_ROOT; };
		C66719371DE16B300095D20F /* Channel 2Tests-Bridging-Header.h */ = {isa = PBXFileReference; fileEncoding = 4; lastKnownFileType = sourcecode.c.h; path = "Channel 2Tests-Bridging-Header.h"; sourceTree = SOURCE_ROOT; };
		C66719381DE16B370095D20F /* Channel 2UITests-Bridging-Header.h */ = {isa = PBXFileReference; fileEncoding = 4; lastKnownFileType = sourcecode.c.h; path = "Channel 2UITests-Bridging-Header.h"; sourceTree = SOURCE_ROOT; };
		C673FD4F1E8DE68D006A4E31 /* AddSportsGameViewController.swift */ = {isa = PBXFileReference; fileEncoding = 4; lastKnownFileType = sourcecode.swift; path = AddSportsGameViewController.swift; sourceTree = "<group>"; };
		C676F43B1DC75A620027BB63 /* MoreTableViewController.swift */ = {isa = PBXFileReference; fileEncoding = 4; lastKnownFileType = sourcecode.swift; path = MoreTableViewController.swift; sourceTree = "<group>"; };
		C676F43F1DC8DD430027BB63 /* PrivacyPolicyViewController.swift */ = {isa = PBXFileReference; fileEncoding = 4; lastKnownFileType = sourcecode.swift; path = PrivacyPolicyViewController.swift; sourceTree = "<group>"; };
		C676F4431DC8E0330027BB63 /* FeedbackViewController.swift */ = {isa = PBXFileReference; fileEncoding = 4; lastKnownFileType = sourcecode.swift; path = FeedbackViewController.swift; sourceTree = "<group>"; };
		C676F4471DC92A3E0027BB63 /* ClubsCollectionViewController.swift */ = {isa = PBXFileReference; fileEncoding = 4; lastKnownFileType = sourcecode.swift; path = ClubsCollectionViewController.swift; sourceTree = "<group>"; };
		C676F44B1DC92A620027BB63 /* ClubsCollectionViewCell.swift */ = {isa = PBXFileReference; fileEncoding = 4; lastKnownFileType = sourcecode.swift; path = ClubsCollectionViewCell.swift; sourceTree = "<group>"; };
		C676F44F1DC92AC60027BB63 /* Club.swift */ = {isa = PBXFileReference; fileEncoding = 4; lastKnownFileType = sourcecode.swift; path = Club.swift; sourceTree = "<group>"; };
		C676F4531DC932AB0027BB63 /* ClubsDownloader.swift */ = {isa = PBXFileReference; fileEncoding = 4; lastKnownFileType = sourcecode.swift; path = ClubsDownloader.swift; sourceTree = "<group>"; };
		C67B86B31DD4033600447A9C /* InterstitialManager.swift */ = {isa = PBXFileReference; fileEncoding = 4; lastKnownFileType = sourcecode.swift; path = InterstitialManager.swift; sourceTree = "<group>"; };
		C67BD89A1DF6DA9700D182CE /* PollResultsTableViewCell.swift */ = {isa = PBXFileReference; fileEncoding = 4; lastKnownFileType = sourcecode.swift; path = PollResultsTableViewCell.swift; sourceTree = "<group>"; };
		C67D47FF1D8F5DF800319A68 /* AnnouncementDownloader.swift */ = {isa = PBXFileReference; fileEncoding = 4; lastKnownFileType = sourcecode.swift; path = AnnouncementDownloader.swift; sourceTree = "<group>"; };
		C67D48031D8F621C00319A68 /* NetworkError.swift */ = {isa = PBXFileReference; fileEncoding = 4; lastKnownFileType = sourcecode.swift; path = NetworkError.swift; sourceTree = "<group>"; };
		C67EADDB1D5CC878003185F8 /* VideosTableViewController.swift */ = {isa = PBXFileReference; fileEncoding = 4; lastKnownFileType = sourcecode.swift; path = VideosTableViewController.swift; sourceTree = "<group>"; };
		C67EADDF1D5CCC9D003185F8 /* Video.swift */ = {isa = PBXFileReference; fileEncoding = 4; lastKnownFileType = sourcecode.swift; path = Video.swift; sourceTree = "<group>"; };
		C67EADE91D5CDD36003185F8 /* VideoTableViewCell.swift */ = {isa = PBXFileReference; fileEncoding = 4; lastKnownFileType = sourcecode.swift; path = VideoTableViewCell.swift; sourceTree = "<group>"; };
		C68344031D621C290021DFAA /* Error.json */ = {isa = PBXFileReference; fileEncoding = 4; lastKnownFileType = text.json; path = Error.json; sourceTree = "<group>"; };
		C688C9451DE109A400F2CB30 /* ClubDetailViewController.swift */ = {isa = PBXFileReference; fileEncoding = 4; lastKnownFileType = sourcecode.swift; path = ClubDetailViewController.swift; sourceTree = "<group>"; };
		C688C9491DE14B7A00F2CB30 /* ClubInfoDownloader.swift */ = {isa = PBXFileReference; fileEncoding = 4; lastKnownFileType = sourcecode.swift; path = ClubInfoDownloader.swift; sourceTree = "<group>"; };
		C688C9511DE1562D00F2CB30 /* GoogleService-Info.plist */ = {isa = PBXFileReference; fileEncoding = 4; lastKnownFileType = text.plist.xml; path = "GoogleService-Info.plist"; sourceTree = "<group>"; };
		C69194B31D9499FD00A3E6E8 /* OnlineVoter.swift */ = {isa = PBXFileReference; fileEncoding = 4; lastKnownFileType = sourcecode.swift; path = OnlineVoter.swift; sourceTree = "<group>"; };
		C6965FD31DED1DE600DEE465 /* MeetingTableViewCell.swift */ = {isa = PBXFileReference; fileEncoding = 4; lastKnownFileType = sourcecode.swift; path = MeetingTableViewCell.swift; sourceTree = "<group>"; };
		C697697F1DE518C3007FE100 /* NewPollDetailViewController.swift */ = {isa = PBXFileReference; fileEncoding = 4; lastKnownFileType = sourcecode.swift; path = NewPollDetailViewController.swift; sourceTree = "<group>"; };
		C69769831DE52CF1007FE100 /* NotificationSettings.swift */ = {isa = PBXFileReference; fileEncoding = 4; lastKnownFileType = sourcecode.swift; path = NotificationSettings.swift; sourceTree = "<group>"; };
		C69769871DE54E64007FE100 /* PerferenceManager.swift */ = {isa = PBXFileReference; fileEncoding = 4; lastKnownFileType = sourcecode.swift; path = PerferenceManager.swift; sourceTree = "<group>"; };
		C69B21CB1D91E3CB00BC6547 /* OnlinePoll.swift */ = {isa = PBXFileReference; fileEncoding = 4; lastKnownFileType = sourcecode.swift; path = OnlinePoll.swift; sourceTree = "<group>"; };
		C69B21CF1D91F6E400BC6547 /* VotingViewControllerTableViewController.swift */ = {isa = PBXFileReference; fileEncoding = 4; lastKnownFileType = sourcecode.swift; path = VotingViewControllerTableViewController.swift; sourceTree = "<group>"; };
		C6AB5C611D6754EE0056F042 /* TodayViewController.swift */ = {isa = PBXFileReference; fileEncoding = 4; lastKnownFileType = sourcecode.swift; path = TodayViewController.swift; sourceTree = "<group>"; };
		C6B198E21DF4E4E500AA01A9 /* LoadingProgressViewController.swift */ = {isa = PBXFileReference; fileEncoding = 4; lastKnownFileType = sourcecode.swift; path = LoadingProgressViewController.swift; sourceTree = "<group>"; };
		C6B574B31DCD4B9B00BDF12C /* ClubAPI.swift */ = {isa = PBXFileReference; fileEncoding = 4; lastKnownFileType = sourcecode.swift; path = ClubAPI.swift; sourceTree = "<group>"; };
		C6BF413B1D5F4BE4008C517A /* NSUserDefaultsList.swift */ = {isa = PBXFileReference; fileEncoding = 4; lastKnownFileType = sourcecode.swift; path = NSUserDefaultsList.swift; sourceTree = "<group>"; };
		C6CD79CB1D5EC68B00BA277D /* SettingsTableViewController.swift */ = {isa = PBXFileReference; fileEncoding = 4; lastKnownFileType = sourcecode.swift; path = SettingsTableViewController.swift; sourceTree = "<group>"; };
		C6E4C0151D600B9C00DE6F85 /* AnnouncementsTableViewController.swift */ = {isa = PBXFileReference; fileEncoding = 4; lastKnownFileType = sourcecode.swift; path = AnnouncementsTableViewController.swift; sourceTree = "<group>"; };
		C6E4C0191D600BD400DE6F85 /* AnnouncementTableViewCell.swift */ = {isa = PBXFileReference; fileEncoding = 4; lastKnownFileType = sourcecode.swift; path = AnnouncementTableViewCell.swift; sourceTree = "<group>"; };
		C6E4C01D1D600C4800DE6F85 /* Announcement.swift */ = {isa = PBXFileReference; fileEncoding = 4; lastKnownFileType = sourcecode.swift; path = Announcement.swift; sourceTree = "<group>"; };
		C6E4C0211D60BF1E00DE6F85 /* Popup.swift */ = {isa = PBXFileReference; fileEncoding = 4; lastKnownFileType = sourcecode.swift; path = Popup.swift; sourceTree = "<group>"; };
		C6E939E71D5D1D7B00112834 /* YouTubeVideoViewController.swift */ = {isa = PBXFileReference; fileEncoding = 4; lastKnownFileType = sourcecode.swift; path = YouTubeVideoViewController.swift; sourceTree = "<group>"; };
		C6EB1EE51DCAA627003F1768 /* JSONGetter.swift */ = {isa = PBXFileReference; fileEncoding = 4; lastKnownFileType = sourcecode.swift; path = JSONGetter.swift; sourceTree = "<group>"; };
		C6F58E6F1D6525DA00C7D19B /* FM.swift */ = {isa = PBXFileReference; fileEncoding = 4; lastKnownFileType = sourcecode.swift; path = FM.swift; sourceTree = "<group>"; };
		C6F58E731D652CB200C7D19B /* LineByLineDownloader.swift */ = {isa = PBXFileReference; fileEncoding = 4; lastKnownFileType = sourcecode.swift; path = LineByLineDownloader.swift; sourceTree = "<group>"; };
		C6F7E6191DB3D12100F6D5EB /* AnnouncementDetailViewController.swift */ = {isa = PBXFileReference; fileEncoding = 4; lastKnownFileType = sourcecode.swift; path = AnnouncementDetailViewController.swift; sourceTree = "<group>"; };
		C6FB9B5E1DEA839F00A58FBF /* Cacher.swift */ = {isa = PBXFileReference; fileEncoding = 4; lastKnownFileType = sourcecode.swift; path = Cacher.swift; sourceTree = "<group>"; };
		C6FC7EF11D90AEDC00D342E2 /* PollsTableViewController.swift */ = {isa = PBXFileReference; fileEncoding = 4; lastKnownFileType = sourcecode.swift; path = PollsTableViewController.swift; sourceTree = "<group>"; };
		C6FC7EF51D90AEEE00D342E2 /* PollTableViewCell.swift */ = {isa = PBXFileReference; fileEncoding = 4; lastKnownFileType = sourcecode.swift; path = PollTableViewCell.swift; sourceTree = "<group>"; };
		C6FCBA481D5AC60A00DC5FC3 /* Channel 2.app */ = {isa = PBXFileReference; explicitFileType = wrapper.application; includeInIndex = 0; path = "Channel 2.app"; sourceTree = BUILT_PRODUCTS_DIR; };
		C6FCBA4B1D5AC60A00DC5FC3 /* AppDelegate.swift */ = {isa = PBXFileReference; lastKnownFileType = sourcecode.swift; path = AppDelegate.swift; sourceTree = "<group>"; };
		C6FCBA521D5AC60A00DC5FC3 /* Base */ = {isa = PBXFileReference; lastKnownFileType = file.storyboard; name = Base; path = Base.lproj/Main.storyboard; sourceTree = "<group>"; };
		C6FCBA541D5AC60A00DC5FC3 /* Assets.xcassets */ = {isa = PBXFileReference; lastKnownFileType = folder.assetcatalog; path = Assets.xcassets; sourceTree = "<group>"; };
		C6FCBA571D5AC60A00DC5FC3 /* Base */ = {isa = PBXFileReference; lastKnownFileType = file.storyboard; name = Base; path = Base.lproj/LaunchScreen.storyboard; sourceTree = "<group>"; };
		C6FCBA591D5AC60A00DC5FC3 /* Info.plist */ = {isa = PBXFileReference; lastKnownFileType = text.plist.xml; path = Info.plist; sourceTree = "<group>"; };
		C6FCBA5E1D5AC60B00DC5FC3 /* Channel 2Tests.xctest */ = {isa = PBXFileReference; explicitFileType = wrapper.cfbundle; includeInIndex = 0; path = "Channel 2Tests.xctest"; sourceTree = BUILT_PRODUCTS_DIR; };
		C6FCBA621D5AC60B00DC5FC3 /* Channel_2Tests.swift */ = {isa = PBXFileReference; lastKnownFileType = sourcecode.swift; path = Channel_2Tests.swift; sourceTree = "<group>"; };
		C6FCBA641D5AC60B00DC5FC3 /* Info.plist */ = {isa = PBXFileReference; lastKnownFileType = text.plist.xml; path = Info.plist; sourceTree = "<group>"; };
		C6FCBA691D5AC60B00DC5FC3 /* Channel 2UITests.xctest */ = {isa = PBXFileReference; explicitFileType = wrapper.cfbundle; includeInIndex = 0; path = "Channel 2UITests.xctest"; sourceTree = BUILT_PRODUCTS_DIR; };
		C6FCBA6D1D5AC60B00DC5FC3 /* Channel_2UITests.swift */ = {isa = PBXFileReference; lastKnownFileType = sourcecode.swift; path = Channel_2UITests.swift; sourceTree = "<group>"; };
		C6FCBA6F1D5AC60B00DC5FC3 /* Info.plist */ = {isa = PBXFileReference; lastKnownFileType = text.plist.xml; path = Info.plist; sourceTree = "<group>"; };
		C6FDA17E1D669D9100BED432 /* DayDownloader.swift */ = {isa = PBXFileReference; fileEncoding = 4; lastKnownFileType = sourcecode.swift; path = DayDownloader.swift; sourceTree = "<group>"; };
		D5FAB42500778067B7B3AB3C /* Pods-Channel 2.debug.xcconfig */ = {isa = PBXFileReference; includeInIndex = 1; lastKnownFileType = text.xcconfig; name = "Pods-Channel 2.debug.xcconfig"; path = "Pods/Target Support Files/Pods-Channel 2/Pods-Channel 2.debug.xcconfig"; sourceTree = "<group>"; };
		D7B1D2745B55FBD78348A18D /* Pods_Channel_2Tests.framework */ = {isa = PBXFileReference; explicitFileType = wrapper.framework; includeInIndex = 0; path = Pods_Channel_2Tests.framework; sourceTree = BUILT_PRODUCTS_DIR; };
/* End PBXFileReference section */

/* Begin PBXFrameworksBuildPhase section */
		C6FCBA451D5AC60A00DC5FC3 /* Frameworks */ = {
			isa = PBXFrameworksBuildPhase;
			buildActionMask = 2147483647;
			files = (
				C62324981DE1699400F7A195 /* Pods_Channel_2.framework in Frameworks */,
				D851C48C45B33408F698C5F2 /* Pods_Channel_2.framework in Frameworks */,
			);
			runOnlyForDeploymentPostprocessing = 0;
		};
		C6FCBA5B1D5AC60B00DC5FC3 /* Frameworks */ = {
			isa = PBXFrameworksBuildPhase;
			buildActionMask = 2147483647;
			files = (
				C623249F1DE169C400F7A195 /* Pods_Channel_2Tests.framework in Frameworks */,
				33320D830E734DF48FED94E6 /* Pods_Channel_2Tests.framework in Frameworks */,
			);
			runOnlyForDeploymentPostprocessing = 0;
		};
		C6FCBA661D5AC60B00DC5FC3 /* Frameworks */ = {
			isa = PBXFrameworksBuildPhase;
			buildActionMask = 2147483647;
			files = (
				C623249E1DE169C100F7A195 /* Pods_Channel_2UITests.framework in Frameworks */,
				7F49E699D784A14E07DAD97C /* Pods_Channel_2UITests.framework in Frameworks */,
			);
			runOnlyForDeploymentPostprocessing = 0;
		};
/* End PBXFrameworksBuildPhase section */

/* Begin PBXGroup section */
		456F4C80156192735E88D032 /* Frameworks */ = {
			isa = PBXGroup;
			children = (
				C623249B1DE169A900F7A195 /* Pods_Channel_2UITests.framework */,
				C62324991DE169A100F7A195 /* Pods_Channel_2Tests.framework */,
				C62324971DE1699400F7A195 /* Pods_Channel_2.framework */,
				C450F7A120B8A2CEB2D419F6 /* Pods_Channel_2.framework */,
				D7B1D2745B55FBD78348A18D /* Pods_Channel_2Tests.framework */,
				2658540B61E62EB7AE956130 /* Pods_Channel_2UITests.framework */,
			);
			name = Frameworks;
			sourceTree = "<group>";
		};
		643696DFFAE27140A151BCF3 /* Pods */ = {
			isa = PBXGroup;
			children = (
				D5FAB42500778067B7B3AB3C /* Pods-Channel 2.debug.xcconfig */,
				AD14D403E769DDCD530C8C52 /* Pods-Channel 2.release.xcconfig */,
				16BCDA33B2CC8B2760F78F2C /* Pods-Channel 2Tests.debug.xcconfig */,
				20939F94D3A7161AF6941B73 /* Pods-Channel 2Tests.release.xcconfig */,
				9CAF93E88A6CDB142C37CC7D /* Pods-Channel 2UITests.debug.xcconfig */,
				6308F3EB4C673E983E57A0A7 /* Pods-Channel 2UITests.release.xcconfig */,
			);
			name = Pods;
			sourceTree = "<group>";
		};
		C6FCBA3F1D5AC60A00DC5FC3 = {
			isa = PBXGroup;
			children = (
				C6FCBA4A1D5AC60A00DC5FC3 /* Channel 2 */,
				C6FCBA611D5AC60B00DC5FC3 /* Channel 2Tests */,
				C6FCBA6C1D5AC60B00DC5FC3 /* Channel 2UITests */,
				C6FCBA491D5AC60A00DC5FC3 /* Products */,
				643696DFFAE27140A151BCF3 /* Pods */,
				456F4C80156192735E88D032 /* Frameworks */,
			);
			sourceTree = "<group>";
		};
		C6FCBA491D5AC60A00DC5FC3 /* Products */ = {
			isa = PBXGroup;
			children = (
				C6FCBA481D5AC60A00DC5FC3 /* Channel 2.app */,
				C6FCBA5E1D5AC60B00DC5FC3 /* Channel 2Tests.xctest */,
				C6FCBA691D5AC60B00DC5FC3 /* Channel 2UITests.xctest */,
			);
			name = Products;
			sourceTree = "<group>";
		};
		C6FCBA4A1D5AC60A00DC5FC3 /* Channel 2 */ = {
			isa = PBXGroup;
			children = (
				C62F9E111DE29F7E003614C0 /* Channel 2.entitlements */,
				C66719361DE16B250095D20F /* Channel 2-Bridging-Header.h */,
				C66719371DE16B300095D20F /* Channel 2Tests-Bridging-Header.h */,
				C66719381DE16B370095D20F /* Channel 2UITests-Bridging-Header.h */,
				C6EB1EE51DCAA627003F1768 /* JSONGetter.swift */,
				C6FCBA4B1D5AC60A00DC5FC3 /* AppDelegate.swift */,
				C6223ED31DE6155600B88BC1 /* NotificationSplashViewController.swift */,
				C69769831DE52CF1007FE100 /* NotificationSettings.swift */,
				C69769871DE54E64007FE100 /* PerferenceManager.swift */,
				C60279891DFB85BA00D009A8 /* CacheManager.swift */,
				C67B86B31DD4033600447A9C /* InterstitialManager.swift */,
				C651EFD71D5E05F400802575 /* FirstViewController.swift */,
				C63E967F1DB6F2A9009BFB3B /* InitialSetup.swift */,
				C6B574B31DCD4B9B00BDF12C /* ClubAPI.swift */,
				C642F4C51DB29CE800E17153 /* FeatureChecker.swift */,
				C61FFE8E1DAEDE9600201285 /* LockViewController.swift */,
				C6F58E731D652CB200C7D19B /* LineByLineDownloader.swift */,
				C6FDA17E1D669D9100BED432 /* DayDownloader.swift */,
				C64623281D8EF24500D832D3 /* VideoDownloader.swift */,
				C67D47FF1D8F5DF800319A68 /* AnnouncementDownloader.swift */,
				C6082F671D934A41001A879C /* PollsDownloader.swift */,
				C6082F6B1D936E34001A879C /* PollDownloader.swift */,
				C69194B31D9499FD00A3E6E8 /* OnlineVoter.swift */,
				C67D48031D8F621C00319A68 /* NetworkError.swift */,
				C6CD79CB1D5EC68B00BA277D /* SettingsTableViewController.swift */,
				C6BF413B1D5F4BE4008C517A /* NSUserDefaultsList.swift */,
				C6FCBA511D5AC60A00DC5FC3 /* Main.storyboard */,
				C67BD89A1DF6DA9700D182CE /* PollResultsTableViewCell.swift */,
				C6B198E21DF4E4E500AA01A9 /* LoadingProgressViewController.swift */,
				C6965FD31DED1DE600DEE465 /* MeetingTableViewCell.swift */,
				C64964C41DEA3D0F00FE7C25 /* ClubMeetingsTableViewController.swift */,
				C697697F1DE518C3007FE100 /* NewPollDetailViewController.swift */,
				C69B21CF1D91F6E400BC6547 /* VotingViewControllerTableViewController.swift */,
				C688C9451DE109A400F2CB30 /* ClubDetailViewController.swift */,
				C688C9491DE14B7A00F2CB30 /* ClubInfoDownloader.swift */,
				C62487651DE000FB00374CFE /* WebViewController.swift */,
				C615D9151DD7A11B00E0E903 /* UpgradeManager.swift */,
				C676F44F1DC92AC60027BB63 /* Club.swift */,
				C676F4531DC932AB0027BB63 /* ClubsDownloader.swift */,
				C6FB9B5E1DEA839F00A58FBF /* Cacher.swift */,
				C676F4471DC92A3E0027BB63 /* ClubsCollectionViewController.swift */,
				C676F44B1DC92A620027BB63 /* ClubsCollectionViewCell.swift */,
				C676F4431DC8E0330027BB63 /* FeedbackViewController.swift */,
				C676F43F1DC8DD430027BB63 /* PrivacyPolicyViewController.swift */,
				C676F43B1DC75A620027BB63 /* MoreTableViewController.swift */,
				C6FC7EF11D90AEDC00D342E2 /* PollsTableViewController.swift */,
				C6FC7EF51D90AEEE00D342E2 /* PollTableViewCell.swift */,
				C69B21CB1D91E3CB00BC6547 /* OnlinePoll.swift */,
				C6AB5C611D6754EE0056F042 /* TodayViewController.swift */,
				C60E36131D983108005E3EB9 /* TodayItem.swift */,
				C6F58E6F1D6525DA00C7D19B /* FM.swift */,
				C6E4C0191D600BD400DE6F85 /* AnnouncementTableViewCell.swift */,
				C6E4C0151D600B9C00DE6F85 /* AnnouncementsTableViewController.swift */,
				C6F7E6191DB3D12100F6D5EB /* AnnouncementDetailViewController.swift */,
				C6E4C0211D60BF1E00DE6F85 /* Popup.swift */,
				C6E4C01D1D600C4800DE6F85 /* Announcement.swift */,
				C6E939E71D5D1D7B00112834 /* YouTubeVideoViewController.swift */,
				C61FFE8A1DAED79600201285 /* Extensions.swift */,
				C67EADDB1D5CC878003185F8 /* VideosTableViewController.swift */,
				C67EADE91D5CDD36003185F8 /* VideoTableViewCell.swift */,
				C67EADDF1D5CCC9D003185F8 /* Video.swift */,
				C6FCBA541D5AC60A00DC5FC3 /* Assets.xcassets */,
				C61569811DDA96B500068FC3 /* SongRequestViewController.swift */,
				C6FCBA561D5AC60A00DC5FC3 /* LaunchScreen.storyboard */,
				C606A3541D5E46D800DEBD8F /* Async.swift */,
				C688C9511DE1562D00F2CB30 /* GoogleService-Info.plist */,
				C6FCBA591D5AC60A00DC5FC3 /* Info.plist */,
				C68344031D621C290021DFAA /* Error.json */,
				C65DA6951E8C751D00B41BA0 /* SportsAPI.swift */,
				C65DA6971E8C7B6700B41BA0 /* SportsTableViewController.swift */,
				C65DA6991E8C7B7900B41BA0 /* SportsTableViewCell.swift */,
				C65DA69B1E8C826F00B41BA0 /* UIImage.swift */,
				C673FD4F1E8DE68D006A4E31 /* AddSportsGameViewController.swift */,
			);
			path = "Channel 2";
			sourceTree = SOURCE_ROOT;
		};
		C6FCBA611D5AC60B00DC5FC3 /* Channel 2Tests */ = {
			isa = PBXGroup;
			children = (
				C6FCBA621D5AC60B00DC5FC3 /* Channel_2Tests.swift */,
				C6FCBA641D5AC60B00DC5FC3 /* Info.plist */,
			);
			path = "Channel 2Tests";
			sourceTree = "<group>";
		};
		C6FCBA6C1D5AC60B00DC5FC3 /* Channel 2UITests */ = {
			isa = PBXGroup;
			children = (
				C6FCBA6D1D5AC60B00DC5FC3 /* Channel_2UITests.swift */,
				C6FCBA6F1D5AC60B00DC5FC3 /* Info.plist */,
			);
			path = "Channel 2UITests";
			sourceTree = "<group>";
		};
/* End PBXGroup section */

/* Begin PBXNativeTarget section */
		C6FCBA471D5AC60A00DC5FC3 /* Channel 2 */ = {
			isa = PBXNativeTarget;
			buildConfigurationList = C6FCBA721D5AC60B00DC5FC3 /* Build configuration list for PBXNativeTarget "Channel 2" */;
			buildPhases = (
				C47FD30FF2833DB07BBF82FC /* [CP] Check Pods Manifest.lock */,
				C6FCBA441D5AC60A00DC5FC3 /* Sources */,
				C6FCBA451D5AC60A00DC5FC3 /* Frameworks */,
				C6FCBA461D5AC60A00DC5FC3 /* Resources */,
				C6F7F2D01DBC407200A5525A /* Embed Watch Content */,
				D38134B4000A142796DA0B94 /* [CP] Embed Pods Frameworks */,
				F6C7D621A2AA8F9AAA62D5E4 /* [CP] Copy Pods Resources */,
			);
			buildRules = (
			);
			dependencies = (
			);
			name = "Channel 2";
			productName = "Channel 2";
			productReference = C6FCBA481D5AC60A00DC5FC3 /* Channel 2.app */;
			productType = "com.apple.product-type.application";
		};
		C6FCBA5D1D5AC60B00DC5FC3 /* Channel 2Tests */ = {
			isa = PBXNativeTarget;
			buildConfigurationList = C6FCBA751D5AC60B00DC5FC3 /* Build configuration list for PBXNativeTarget "Channel 2Tests" */;
			buildPhases = (
				5E8FE9F1B9DFA3736595DB2B /* [CP] Check Pods Manifest.lock */,
				C6FCBA5A1D5AC60B00DC5FC3 /* Sources */,
				C6FCBA5B1D5AC60B00DC5FC3 /* Frameworks */,
				C6FCBA5C1D5AC60B00DC5FC3 /* Resources */,
				FAA39034D3E8395F7CD198E6 /* [CP] Embed Pods Frameworks */,
				A26C9B23A998405679C3278B /* [CP] Copy Pods Resources */,
			);
			buildRules = (
			);
			dependencies = (
				C6FCBA601D5AC60B00DC5FC3 /* PBXTargetDependency */,
			);
			name = "Channel 2Tests";
			productName = "Channel 2Tests";
			productReference = C6FCBA5E1D5AC60B00DC5FC3 /* Channel 2Tests.xctest */;
			productType = "com.apple.product-type.bundle.unit-test";
		};
		C6FCBA681D5AC60B00DC5FC3 /* Channel 2UITests */ = {
			isa = PBXNativeTarget;
			buildConfigurationList = C6FCBA781D5AC60B00DC5FC3 /* Build configuration list for PBXNativeTarget "Channel 2UITests" */;
			buildPhases = (
				7B641B24AC15CDCA0F5E861F /* [CP] Check Pods Manifest.lock */,
				C6FCBA651D5AC60B00DC5FC3 /* Sources */,
				C6FCBA661D5AC60B00DC5FC3 /* Frameworks */,
				C6FCBA671D5AC60B00DC5FC3 /* Resources */,
				51BE71543101A6FDDC4C522B /* [CP] Embed Pods Frameworks */,
				D133505092C9094A772A7A7A /* [CP] Copy Pods Resources */,
			);
			buildRules = (
			);
			dependencies = (
				C6FCBA6B1D5AC60B00DC5FC3 /* PBXTargetDependency */,
			);
			name = "Channel 2UITests";
			productName = "Channel 2UITests";
			productReference = C6FCBA691D5AC60B00DC5FC3 /* Channel 2UITests.xctest */;
			productType = "com.apple.product-type.bundle.ui-testing";
		};
/* End PBXNativeTarget section */

/* Begin PBXProject section */
		C6FCBA401D5AC60A00DC5FC3 /* Project object */ = {
			isa = PBXProject;
			attributes = {
				LastSwiftUpdateCheck = 0730;
				LastUpgradeCheck = 0730;
				ORGANIZATIONNAME = BrendanManning;
				TargetAttributes = {
					C6FCBA471D5AC60A00DC5FC3 = {
						CreatedOnToolsVersion = 7.3;
						DevelopmentTeam = 96X38HPDDK;
						LastSwiftMigration = 0800;
						SystemCapabilities = {
							com.apple.BackgroundModes = {
								enabled = 0;
							};
							com.apple.Push = {
								enabled = 1;
							};
						};
					};
					C6FCBA5D1D5AC60B00DC5FC3 = {
						CreatedOnToolsVersion = 7.3;
						LastSwiftMigration = 0800;
						TestTargetID = C6FCBA471D5AC60A00DC5FC3;
					};
					C6FCBA681D5AC60B00DC5FC3 = {
						CreatedOnToolsVersion = 7.3;
						LastSwiftMigration = 0800;
						TestTargetID = C6FCBA471D5AC60A00DC5FC3;
					};
				};
			};
			buildConfigurationList = C6FCBA431D5AC60A00DC5FC3 /* Build configuration list for PBXProject "Channel 2" */;
			compatibilityVersion = "Xcode 3.2";
			developmentRegion = English;
			hasScannedForEncodings = 0;
			knownRegions = (
				en,
				Base,
			);
			mainGroup = C6FCBA3F1D5AC60A00DC5FC3;
			productRefGroup = C6FCBA491D5AC60A00DC5FC3 /* Products */;
			projectDirPath = "";
			projectRoot = "";
			targets = (
				C6FCBA471D5AC60A00DC5FC3 /* Channel 2 */,
				C6FCBA5D1D5AC60B00DC5FC3 /* Channel 2Tests */,
				C6FCBA681D5AC60B00DC5FC3 /* Channel 2UITests */,
			);
		};
/* End PBXProject section */

/* Begin PBXResourcesBuildPhase section */
		C6FCBA461D5AC60A00DC5FC3 /* Resources */ = {
			isa = PBXResourcesBuildPhase;
			buildActionMask = 2147483647;
			files = (
				C68344041D621C290021DFAA /* Error.json in Resources */,
				C6FCBA581D5AC60A00DC5FC3 /* LaunchScreen.storyboard in Resources */,
				C688C9521DE1562D00F2CB30 /* GoogleService-Info.plist in Resources */,
				C6FCBA551D5AC60A00DC5FC3 /* Assets.xcassets in Resources */,
				C6FCBA531D5AC60A00DC5FC3 /* Main.storyboard in Resources */,
			);
			runOnlyForDeploymentPostprocessing = 0;
		};
		C6FCBA5C1D5AC60B00DC5FC3 /* Resources */ = {
			isa = PBXResourcesBuildPhase;
			buildActionMask = 2147483647;
			files = (
				C68344051D621C290021DFAA /* Error.json in Resources */,
				C688C9531DE1562D00F2CB30 /* GoogleService-Info.plist in Resources */,
			);
			runOnlyForDeploymentPostprocessing = 0;
		};
		C6FCBA671D5AC60B00DC5FC3 /* Resources */ = {
			isa = PBXResourcesBuildPhase;
			buildActionMask = 2147483647;
			files = (
				C68344061D621C290021DFAA /* Error.json in Resources */,
				C688C9541DE1562D00F2CB30 /* GoogleService-Info.plist in Resources */,
			);
			runOnlyForDeploymentPostprocessing = 0;
		};
/* End PBXResourcesBuildPhase section */

/* Begin PBXShellScriptBuildPhase section */
		51BE71543101A6FDDC4C522B /* [CP] Embed Pods Frameworks */ = {
			isa = PBXShellScriptBuildPhase;
			buildActionMask = 2147483647;
			files = (
			);
			inputPaths = (
			);
			name = "[CP] Embed Pods Frameworks";
			outputPaths = (
			);
			runOnlyForDeploymentPostprocessing = 0;
			shellPath = /bin/sh;
			shellScript = "\"${SRCROOT}/Pods/Target Support Files/Pods-Channel 2UITests/Pods-Channel 2UITests-frameworks.sh\"\n";
			showEnvVarsInLog = 0;
		};
		5E8FE9F1B9DFA3736595DB2B /* [CP] Check Pods Manifest.lock */ = {
			isa = PBXShellScriptBuildPhase;
			buildActionMask = 2147483647;
			files = (
			);
			inputPaths = (
			);
			name = "[CP] Check Pods Manifest.lock";
			outputPaths = (
			);
			runOnlyForDeploymentPostprocessing = 0;
			shellPath = /bin/sh;
			shellScript = "diff \"${PODS_ROOT}/../Podfile.lock\" \"${PODS_ROOT}/Manifest.lock\" > /dev/null\nif [ $? != 0 ] ; then\n    # print error to STDERR\n    echo \"error: The sandbox is not in sync with the Podfile.lock. Run 'pod install' or update your CocoaPods installation.\" >&2\n    exit 1\nfi\n";
			showEnvVarsInLog = 0;
		};
		7B641B24AC15CDCA0F5E861F /* [CP] Check Pods Manifest.lock */ = {
			isa = PBXShellScriptBuildPhase;
			buildActionMask = 2147483647;
			files = (
			);
			inputPaths = (
			);
			name = "[CP] Check Pods Manifest.lock";
			outputPaths = (
			);
			runOnlyForDeploymentPostprocessing = 0;
			shellPath = /bin/sh;
			shellScript = "diff \"${PODS_ROOT}/../Podfile.lock\" \"${PODS_ROOT}/Manifest.lock\" > /dev/null\nif [ $? != 0 ] ; then\n    # print error to STDERR\n    echo \"error: The sandbox is not in sync with the Podfile.lock. Run 'pod install' or update your CocoaPods installation.\" >&2\n    exit 1\nfi\n";
			showEnvVarsInLog = 0;
		};
		A26C9B23A998405679C3278B /* [CP] Copy Pods Resources */ = {
			isa = PBXShellScriptBuildPhase;
			buildActionMask = 2147483647;
			files = (
			);
			inputPaths = (
			);
			name = "[CP] Copy Pods Resources";
			outputPaths = (
			);
			runOnlyForDeploymentPostprocessing = 0;
			shellPath = /bin/sh;
			shellScript = "\"${SRCROOT}/Pods/Target Support Files/Pods-Channel 2Tests/Pods-Channel 2Tests-resources.sh\"\n";
			showEnvVarsInLog = 0;
		};
		C47FD30FF2833DB07BBF82FC /* [CP] Check Pods Manifest.lock */ = {
			isa = PBXShellScriptBuildPhase;
			buildActionMask = 2147483647;
			files = (
			);
			inputPaths = (
			);
			name = "[CP] Check Pods Manifest.lock";
			outputPaths = (
			);
			runOnlyForDeploymentPostprocessing = 0;
			shellPath = /bin/sh;
			shellScript = "diff \"${PODS_ROOT}/../Podfile.lock\" \"${PODS_ROOT}/Manifest.lock\" > /dev/null\nif [ $? != 0 ] ; then\n    # print error to STDERR\n    echo \"error: The sandbox is not in sync with the Podfile.lock. Run 'pod install' or update your CocoaPods installation.\" >&2\n    exit 1\nfi\n";
			showEnvVarsInLog = 0;
		};
		D133505092C9094A772A7A7A /* [CP] Copy Pods Resources */ = {
			isa = PBXShellScriptBuildPhase;
			buildActionMask = 2147483647;
			files = (
			);
			inputPaths = (
			);
			name = "[CP] Copy Pods Resources";
			outputPaths = (
			);
			runOnlyForDeploymentPostprocessing = 0;
			shellPath = /bin/sh;
			shellScript = "\"${SRCROOT}/Pods/Target Support Files/Pods-Channel 2UITests/Pods-Channel 2UITests-resources.sh\"\n";
			showEnvVarsInLog = 0;
		};
		D38134B4000A142796DA0B94 /* [CP] Embed Pods Frameworks */ = {
			isa = PBXShellScriptBuildPhase;
			buildActionMask = 2147483647;
			files = (
			);
			inputPaths = (
			);
			name = "[CP] Embed Pods Frameworks";
			outputPaths = (
			);
			runOnlyForDeploymentPostprocessing = 0;
			shellPath = /bin/sh;
			shellScript = "\"${SRCROOT}/Pods/Target Support Files/Pods-Channel 2/Pods-Channel 2-frameworks.sh\"\n";
			showEnvVarsInLog = 0;
		};
		F6C7D621A2AA8F9AAA62D5E4 /* [CP] Copy Pods Resources */ = {
			isa = PBXShellScriptBuildPhase;
			buildActionMask = 2147483647;
			files = (
			);
			inputPaths = (
			);
			name = "[CP] Copy Pods Resources";
			outputPaths = (
			);
			runOnlyForDeploymentPostprocessing = 0;
			shellPath = /bin/sh;
			shellScript = "\"${SRCROOT}/Pods/Target Support Files/Pods-Channel 2/Pods-Channel 2-resources.sh\"\n";
			showEnvVarsInLog = 0;
		};
		FAA39034D3E8395F7CD198E6 /* [CP] Embed Pods Frameworks */ = {
			isa = PBXShellScriptBuildPhase;
			buildActionMask = 2147483647;
			files = (
			);
			inputPaths = (
			);
			name = "[CP] Embed Pods Frameworks";
			outputPaths = (
			);
			runOnlyForDeploymentPostprocessing = 0;
			shellPath = /bin/sh;
			shellScript = "\"${SRCROOT}/Pods/Target Support Files/Pods-Channel 2Tests/Pods-Channel 2Tests-frameworks.sh\"\n";
			showEnvVarsInLog = 0;
		};
/* End PBXShellScriptBuildPhase section */

/* Begin PBXSourcesBuildPhase section */
		C6FCBA441D5AC60A00DC5FC3 /* Sources */ = {
			isa = PBXSourcesBuildPhase;
			buildActionMask = 2147483647;
			files = (
				C6B198E31DF4E4E500AA01A9 /* LoadingProgressViewController.swift in Sources */,
				C688C94A1DE14B7A00F2CB30 /* ClubInfoDownloader.swift in Sources */,
				C69769881DE54E64007FE100 /* PerferenceManager.swift in Sources */,
				C676F4541DC932AB0027BB63 /* ClubsDownloader.swift in Sources */,
				C65DA6981E8C7B6700B41BA0 /* SportsTableViewController.swift in Sources */,
				C6E4C0221D60BF1E00DE6F85 /* Popup.swift in Sources */,
				C67EADDC1D5CC878003185F8 /* VideosTableViewController.swift in Sources */,
				C6AB5C621D6754EE0056F042 /* TodayViewController.swift in Sources */,
				C6B574B41DCD4B9B00BDF12C /* ClubAPI.swift in Sources */,
				C6BF413C1D5F4BE4008C517A /* NSUserDefaultsList.swift in Sources */,
				C6E4C01E1D600C4800DE6F85 /* Announcement.swift in Sources */,
				C60E36141D983108005E3EB9 /* TodayItem.swift in Sources */,
				C69769841DE52CF1007FE100 /* NotificationSettings.swift in Sources */,
				C65DA69C1E8C826F00B41BA0 /* UIImage.swift in Sources */,
				C64623291D8EF24500D832D3 /* VideoDownloader.swift in Sources */,
				C688C9461DE109A400F2CB30 /* ClubDetailViewController.swift in Sources */,
				C65DA69A1E8C7B7900B41BA0 /* SportsTableViewCell.swift in Sources */,
				C61569821DDA96B500068FC3 /* SongRequestViewController.swift in Sources */,
				C67EADE01D5CCC9D003185F8 /* Video.swift in Sources */,
				C676F44C1DC92A620027BB63 /* ClubsCollectionViewCell.swift in Sources */,
				C6F7E61A1DB3D12100F6D5EB /* AnnouncementDetailViewController.swift in Sources */,
				C6FDA17F1D669D9100BED432 /* DayDownloader.swift in Sources */,
				C6965FD41DED1DE600DEE465 /* MeetingTableViewCell.swift in Sources */,
				C676F4441DC8E0330027BB63 /* FeedbackViewController.swift in Sources */,
				C67EADEA1D5CDD36003185F8 /* VideoTableViewCell.swift in Sources */,
				C676F4401DC8DD440027BB63 /* PrivacyPolicyViewController.swift in Sources */,
				C6082F681D934A41001A879C /* PollsDownloader.swift in Sources */,
				C6F58E701D6525DA00C7D19B /* FM.swift in Sources */,
				C61FFE8F1DAEDE9600201285 /* LockViewController.swift in Sources */,
				C651EFD81D5E05F400802575 /* FirstViewController.swift in Sources */,
				C65DA6961E8C751D00B41BA0 /* SportsAPI.swift in Sources */,
				C6EB1EE61DCAA627003F1768 /* JSONGetter.swift in Sources */,
				C676F4501DC92AC60027BB63 /* Club.swift in Sources */,
				C676F43C1DC75A620027BB63 /* MoreTableViewController.swift in Sources */,
				C6E4C0161D600B9C00DE6F85 /* AnnouncementsTableViewController.swift in Sources */,
				C676F4481DC92A3E0027BB63 /* ClubsCollectionViewController.swift in Sources */,
				C69B21D01D91F6E400BC6547 /* VotingViewControllerTableViewController.swift in Sources */,
				C6FC7EF21D90AEDC00D342E2 /* PollsTableViewController.swift in Sources */,
				C69B21CC1D91E3CB00BC6547 /* OnlinePoll.swift in Sources */,
				C67B86B41DD4033600447A9C /* InterstitialManager.swift in Sources */,
				C69769801DE518C3007FE100 /* NewPollDetailViewController.swift in Sources */,
				C606A3551D5E46D800DEBD8F /* Async.swift in Sources */,
				C62487661DE000FB00374CFE /* WebViewController.swift in Sources */,
				C615D9161DD7A11B00E0E903 /* UpgradeManager.swift in Sources */,
				C602798A1DFB85BA00D009A8 /* CacheManager.swift in Sources */,
				C64964C51DEA3D0F00FE7C25 /* ClubMeetingsTableViewController.swift in Sources */,
				C6E939E81D5D1D7B00112834 /* YouTubeVideoViewController.swift in Sources */,
				C67D48001D8F5DF800319A68 /* AnnouncementDownloader.swift in Sources */,
				C69194B41D9499FD00A3E6E8 /* OnlineVoter.swift in Sources */,
				C6082F6C1D936E34001A879C /* PollDownloader.swift in Sources */,
				C673FD501E8DE68D006A4E31 /* AddSportsGameViewController.swift in Sources */,
				C6E4C01A1D600BD400DE6F85 /* AnnouncementTableViewCell.swift in Sources */,
				C6FCBA4C1D5AC60A00DC5FC3 /* AppDelegate.swift in Sources */,
				C63E96801DB6F2A9009BFB3B /* InitialSetup.swift in Sources */,
				C6223ED41DE6155600B88BC1 /* NotificationSplashViewController.swift in Sources */,
				C67BD89B1DF6DA9700D182CE /* PollResultsTableViewCell.swift in Sources */,
				C6FC7EF61D90AEEE00D342E2 /* PollTableViewCell.swift in Sources */,
				C642F4C61DB29CE800E17153 /* FeatureChecker.swift in Sources */,
				C61FFE8B1DAED79600201285 /* Extensions.swift in Sources */,
				C67D48041D8F621C00319A68 /* NetworkError.swift in Sources */,
				C6FB9B5F1DEA839F00A58FBF /* Cacher.swift in Sources */,
				C6CD79CC1D5EC68B00BA277D /* SettingsTableViewController.swift in Sources */,
				C6F58E741D652CB200C7D19B /* LineByLineDownloader.swift in Sources */,
			);
			runOnlyForDeploymentPostprocessing = 0;
		};
		C6FCBA5A1D5AC60B00DC5FC3 /* Sources */ = {
			isa = PBXSourcesBuildPhase;
			buildActionMask = 2147483647;
			files = (
				C6B198E41DF4E4E500AA01A9 /* LoadingProgressViewController.swift in Sources */,
				C688C94B1DE14B7A00F2CB30 /* ClubInfoDownloader.swift in Sources */,
				C69769891DE54E64007FE100 /* PerferenceManager.swift in Sources */,
				C676F4551DC932AB0027BB63 /* ClubsDownloader.swift in Sources */,
				C6E4C01F1D600C4800DE6F85 /* Announcement.swift in Sources */,
				C6E4C0231D60BF1E00DE6F85 /* Popup.swift in Sources */,
				C6F58E711D6525DA00C7D19B /* FM.swift in Sources */,
				C6B574B51DCD4B9B00BDF12C /* ClubAPI.swift in Sources */,
				C6E4C0171D600B9C00DE6F85 /* AnnouncementsTableViewController.swift in Sources */,
				C6FCBA631D5AC60B00DC5FC3 /* Channel_2Tests.swift in Sources */,
				C60E36151D983108005E3EB9 /* TodayItem.swift in Sources */,
				C69769851DE52CF1007FE100 /* NotificationSettings.swift in Sources */,
				C646232A1D8EF24500D832D3 /* VideoDownloader.swift in Sources */,
				C688C9471DE109A400F2CB30 /* ClubDetailViewController.swift in Sources */,
				C61569831DDA96B500068FC3 /* SongRequestViewController.swift in Sources */,
				C6E939E91D5D1D7B00112834 /* YouTubeVideoViewController.swift in Sources */,
				C676F44D1DC92A620027BB63 /* ClubsCollectionViewCell.swift in Sources */,
				C6F7E61B1DB3D12100F6D5EB /* AnnouncementDetailViewController.swift in Sources */,
				C6E4C01B1D600BD400DE6F85 /* AnnouncementTableViewCell.swift in Sources */,
				C6965FD51DED1DE600DEE465 /* MeetingTableViewCell.swift in Sources */,
				C676F4451DC8E0330027BB63 /* FeedbackViewController.swift in Sources */,
				C6AB5C631D6754EE0056F042 /* TodayViewController.swift in Sources */,
				C676F4411DC8DD440027BB63 /* PrivacyPolicyViewController.swift in Sources */,
				C6082F691D934A41001A879C /* PollsDownloader.swift in Sources */,
				C67EADEB1D5CDD36003185F8 /* VideoTableViewCell.swift in Sources */,
				C61FFE901DAEDE9600201285 /* LockViewController.swift in Sources */,
				C606A3561D5E46D800DEBD8F /* Async.swift in Sources */,
				C6EB1EE71DCAA627003F1768 /* JSONGetter.swift in Sources */,
				C676F4511DC92AC60027BB63 /* Club.swift in Sources */,
				C676F43D1DC75A620027BB63 /* MoreTableViewController.swift in Sources */,
				C6CD79CD1D5EC68B00BA277D /* SettingsTableViewController.swift in Sources */,
				C676F4491DC92A3E0027BB63 /* ClubsCollectionViewController.swift in Sources */,
				C69B21D11D91F6E400BC6547 /* VotingViewControllerTableViewController.swift in Sources */,
				C6FC7EF31D90AEDC00D342E2 /* PollsTableViewController.swift in Sources */,
				C69B21CD1D91E3CB00BC6547 /* OnlinePoll.swift in Sources */,
				C67B86B51DD4033600447A9C /* InterstitialManager.swift in Sources */,
				C69769811DE518C3007FE100 /* NewPollDetailViewController.swift in Sources */,
				C6F58E751D652CB200C7D19B /* LineByLineDownloader.swift in Sources */,
				C62487671DE000FB00374CFE /* WebViewController.swift in Sources */,
				C615D9171DD7A11B00E0E903 /* UpgradeManager.swift in Sources */,
				C602798B1DFB85BA00D009A8 /* CacheManager.swift in Sources */,
				C64964C61DEA3D0F00FE7C25 /* ClubMeetingsTableViewController.swift in Sources */,
				C6FDA1801D669D9100BED432 /* DayDownloader.swift in Sources */,
				C67D48011D8F5DF800319A68 /* AnnouncementDownloader.swift in Sources */,
				C69194B51D9499FD00A3E6E8 /* OnlineVoter.swift in Sources */,
				C6082F6D1D936E34001A879C /* PollDownloader.swift in Sources */,
				C651EFD91D5E05F400802575 /* FirstViewController.swift in Sources */,
				C67EADE11D5CCC9D003185F8 /* Video.swift in Sources */,
				C63E96811DB6F2A9009BFB3B /* InitialSetup.swift in Sources */,
				C6223ED51DE6155600B88BC1 /* NotificationSplashViewController.swift in Sources */,
				C67BD89C1DF6DA9700D182CE /* PollResultsTableViewCell.swift in Sources */,
				C6FC7EF71D90AEEE00D342E2 /* PollTableViewCell.swift in Sources */,
				C642F4C71DB29CE800E17153 /* FeatureChecker.swift in Sources */,
				C61FFE8C1DAED79600201285 /* Extensions.swift in Sources */,
				C67D48051D8F621C00319A68 /* NetworkError.swift in Sources */,
				C6FB9B601DEA839F00A58FBF /* Cacher.swift in Sources */,
				C67EADDD1D5CC878003185F8 /* VideosTableViewController.swift in Sources */,
				C6BF413D1D5F4BE4008C517A /* NSUserDefaultsList.swift in Sources */,
			);
			runOnlyForDeploymentPostprocessing = 0;
		};
		C6FCBA651D5AC60B00DC5FC3 /* Sources */ = {
			isa = PBXSourcesBuildPhase;
			buildActionMask = 2147483647;
			files = (
				C6B198E51DF4E4E500AA01A9 /* LoadingProgressViewController.swift in Sources */,
				C688C94C1DE14B7A00F2CB30 /* ClubInfoDownloader.swift in Sources */,
				C697698A1DE54E64007FE100 /* PerferenceManager.swift in Sources */,
				C676F4561DC932AB0027BB63 /* ClubsDownloader.swift in Sources */,
				C6E4C0201D600C4800DE6F85 /* Announcement.swift in Sources */,
				C6E4C0241D60BF1E00DE6F85 /* Popup.swift in Sources */,
				C6F58E721D6525DA00C7D19B /* FM.swift in Sources */,
				C6B574B61DCD4B9B00BDF12C /* ClubAPI.swift in Sources */,
				C6E4C0181D600B9C00DE6F85 /* AnnouncementsTableViewController.swift in Sources */,
				C6FCBA6E1D5AC60B00DC5FC3 /* Channel_2UITests.swift in Sources */,
				C60E36161D983108005E3EB9 /* TodayItem.swift in Sources */,
				C69769861DE52CF1007FE100 /* NotificationSettings.swift in Sources */,
				C646232B1D8EF24500D832D3 /* VideoDownloader.swift in Sources */,
				C688C9481DE109A400F2CB30 /* ClubDetailViewController.swift in Sources */,
				C61569841DDA96B500068FC3 /* SongRequestViewController.swift in Sources */,
				C6E939EA1D5D1D7B00112834 /* YouTubeVideoViewController.swift in Sources */,
				C676F44E1DC92A620027BB63 /* ClubsCollectionViewCell.swift in Sources */,
				C6F7E61C1DB3D12100F6D5EB /* AnnouncementDetailViewController.swift in Sources */,
				C6E4C01C1D600BD400DE6F85 /* AnnouncementTableViewCell.swift in Sources */,
				C6965FD61DED1DE600DEE465 /* MeetingTableViewCell.swift in Sources */,
				C676F4461DC8E0330027BB63 /* FeedbackViewController.swift in Sources */,
				C6AB5C641D6754EE0056F042 /* TodayViewController.swift in Sources */,
				C676F4421DC8DD440027BB63 /* PrivacyPolicyViewController.swift in Sources */,
				C6082F6A1D934A41001A879C /* PollsDownloader.swift in Sources */,
				C67EADEC1D5CDD36003185F8 /* VideoTableViewCell.swift in Sources */,
				C61FFE911DAEDE9600201285 /* LockViewController.swift in Sources */,
				C606A3571D5E46D800DEBD8F /* Async.swift in Sources */,
				C6EB1EE81DCAA627003F1768 /* JSONGetter.swift in Sources */,
				C676F4521DC92AC60027BB63 /* Club.swift in Sources */,
				C676F43E1DC75A620027BB63 /* MoreTableViewController.swift in Sources */,
				C6CD79CE1D5EC68B00BA277D /* SettingsTableViewController.swift in Sources */,
				C676F44A1DC92A3E0027BB63 /* ClubsCollectionViewController.swift in Sources */,
				C69B21D21D91F6E400BC6547 /* VotingViewControllerTableViewController.swift in Sources */,
				C6FC7EF41D90AEDC00D342E2 /* PollsTableViewController.swift in Sources */,
				C69B21CE1D91E3CB00BC6547 /* OnlinePoll.swift in Sources */,
				C67B86B61DD4033600447A9C /* InterstitialManager.swift in Sources */,
				C69769821DE518C3007FE100 /* NewPollDetailViewController.swift in Sources */,
				C6F58E761D652CB200C7D19B /* LineByLineDownloader.swift in Sources */,
				C62487681DE000FB00374CFE /* WebViewController.swift in Sources */,
				C615D9181DD7A11B00E0E903 /* UpgradeManager.swift in Sources */,
				C602798C1DFB85BA00D009A8 /* CacheManager.swift in Sources */,
				C64964C71DEA3D0F00FE7C25 /* ClubMeetingsTableViewController.swift in Sources */,
				C6FDA1811D669D9100BED432 /* DayDownloader.swift in Sources */,
				C67D48021D8F5DF800319A68 /* AnnouncementDownloader.swift in Sources */,
				C69194B61D9499FD00A3E6E8 /* OnlineVoter.swift in Sources */,
				C6082F6E1D936E34001A879C /* PollDownloader.swift in Sources */,
				C651EFDA1D5E05F400802575 /* FirstViewController.swift in Sources */,
				C67EADE21D5CCC9D003185F8 /* Video.swift in Sources */,
				C63E96821DB6F2A9009BFB3B /* InitialSetup.swift in Sources */,
				C6223ED61DE6155600B88BC1 /* NotificationSplashViewController.swift in Sources */,
				C67BD89D1DF6DA9700D182CE /* PollResultsTableViewCell.swift in Sources */,
				C6FC7EF81D90AEEE00D342E2 /* PollTableViewCell.swift in Sources */,
				C642F4C81DB29CE800E17153 /* FeatureChecker.swift in Sources */,
				C61FFE8D1DAED79600201285 /* Extensions.swift in Sources */,
				C67D48061D8F621C00319A68 /* NetworkError.swift in Sources */,
				C6FB9B611DEA839F00A58FBF /* Cacher.swift in Sources */,
				C67EADDE1D5CC878003185F8 /* VideosTableViewController.swift in Sources */,
				C6BF413E1D5F4BE4008C517A /* NSUserDefaultsList.swift in Sources */,
			);
			runOnlyForDeploymentPostprocessing = 0;
		};
/* End PBXSourcesBuildPhase section */

/* Begin PBXTargetDependency section */
		C6FCBA601D5AC60B00DC5FC3 /* PBXTargetDependency */ = {
			isa = PBXTargetDependency;
			target = C6FCBA471D5AC60A00DC5FC3 /* Channel 2 */;
			targetProxy = C6FCBA5F1D5AC60B00DC5FC3 /* PBXContainerItemProxy */;
		};
		C6FCBA6B1D5AC60B00DC5FC3 /* PBXTargetDependency */ = {
			isa = PBXTargetDependency;
			target = C6FCBA471D5AC60A00DC5FC3 /* Channel 2 */;
			targetProxy = C6FCBA6A1D5AC60B00DC5FC3 /* PBXContainerItemProxy */;
		};
/* End PBXTargetDependency section */

/* Begin PBXVariantGroup section */
		C6FCBA511D5AC60A00DC5FC3 /* Main.storyboard */ = {
			isa = PBXVariantGroup;
			children = (
				C6FCBA521D5AC60A00DC5FC3 /* Base */,
			);
			name = Main.storyboard;
			sourceTree = "<group>";
		};
		C6FCBA561D5AC60A00DC5FC3 /* LaunchScreen.storyboard */ = {
			isa = PBXVariantGroup;
			children = (
				C6FCBA571D5AC60A00DC5FC3 /* Base */,
			);
			name = LaunchScreen.storyboard;
			sourceTree = "<group>";
		};
/* End PBXVariantGroup section */

/* Begin XCBuildConfiguration section */
		C6FCBA701D5AC60B00DC5FC3 /* Debug */ = {
			isa = XCBuildConfiguration;
			buildSettings = {
				ALWAYS_SEARCH_USER_PATHS = NO;
				CLANG_ANALYZER_NONNULL = YES;
				CLANG_CXX_LANGUAGE_STANDARD = "gnu++0x";
				CLANG_CXX_LIBRARY = "libc++";
				CLANG_ENABLE_MODULES = YES;
				CLANG_ENABLE_OBJC_ARC = YES;
				CLANG_WARN_BOOL_CONVERSION = YES;
				CLANG_WARN_CONSTANT_CONVERSION = YES;
				CLANG_WARN_DIRECT_OBJC_ISA_USAGE = YES_ERROR;
				CLANG_WARN_EMPTY_BODY = YES;
				CLANG_WARN_ENUM_CONVERSION = YES;
				CLANG_WARN_INT_CONVERSION = YES;
				CLANG_WARN_OBJC_ROOT_CLASS = YES_ERROR;
				CLANG_WARN_UNREACHABLE_CODE = YES;
				CLANG_WARN__DUPLICATE_METHOD_MATCH = YES;
				"CODE_SIGN_IDENTITY[sdk=iphoneos*]" = "iPhone Developer";
				COPY_PHASE_STRIP = NO;
				DEBUG_INFORMATION_FORMAT = dwarf;
				ENABLE_STRICT_OBJC_MSGSEND = YES;
				ENABLE_TESTABILITY = YES;
				GCC_C_LANGUAGE_STANDARD = gnu99;
				GCC_DYNAMIC_NO_PIC = NO;
				GCC_NO_COMMON_BLOCKS = YES;
				GCC_OPTIMIZATION_LEVEL = 0;
				GCC_PREPROCESSOR_DEFINITIONS = (
					"DEBUG=1",
					"$(inherited)",
				);
				GCC_WARN_64_TO_32_BIT_CONVERSION = YES;
				GCC_WARN_ABOUT_RETURN_TYPE = YES_ERROR;
				GCC_WARN_UNDECLARED_SELECTOR = YES;
				GCC_WARN_UNINITIALIZED_AUTOS = YES_AGGRESSIVE;
				GCC_WARN_UNUSED_FUNCTION = YES;
				GCC_WARN_UNUSED_VARIABLE = YES;
				IPHONEOS_DEPLOYMENT_TARGET = 9.3;
				MTL_ENABLE_DEBUG_INFO = YES;
				ONLY_ACTIVE_ARCH = YES;
				SDKROOT = iphoneos;
				SWIFT_OPTIMIZATION_LEVEL = "-Onone";
				TARGETED_DEVICE_FAMILY = "1,2";
			};
			name = Debug;
		};
		C6FCBA711D5AC60B00DC5FC3 /* Release */ = {
			isa = XCBuildConfiguration;
			buildSettings = {
				ALWAYS_SEARCH_USER_PATHS = NO;
				CLANG_ANALYZER_NONNULL = YES;
				CLANG_CXX_LANGUAGE_STANDARD = "gnu++0x";
				CLANG_CXX_LIBRARY = "libc++";
				CLANG_ENABLE_MODULES = YES;
				CLANG_ENABLE_OBJC_ARC = YES;
				CLANG_WARN_BOOL_CONVERSION = YES;
				CLANG_WARN_CONSTANT_CONVERSION = YES;
				CLANG_WARN_DIRECT_OBJC_ISA_USAGE = YES_ERROR;
				CLANG_WARN_EMPTY_BODY = YES;
				CLANG_WARN_ENUM_CONVERSION = YES;
				CLANG_WARN_INT_CONVERSION = YES;
				CLANG_WARN_OBJC_ROOT_CLASS = YES_ERROR;
				CLANG_WARN_UNREACHABLE_CODE = YES;
				CLANG_WARN__DUPLICATE_METHOD_MATCH = YES;
				"CODE_SIGN_IDENTITY[sdk=iphoneos*]" = "iPhone Developer";
				COPY_PHASE_STRIP = NO;
				DEBUG_INFORMATION_FORMAT = "dwarf-with-dsym";
				ENABLE_NS_ASSERTIONS = NO;
				ENABLE_STRICT_OBJC_MSGSEND = YES;
				GCC_C_LANGUAGE_STANDARD = gnu99;
				GCC_NO_COMMON_BLOCKS = YES;
				GCC_WARN_64_TO_32_BIT_CONVERSION = YES;
				GCC_WARN_ABOUT_RETURN_TYPE = YES_ERROR;
				GCC_WARN_UNDECLARED_SELECTOR = YES;
				GCC_WARN_UNINITIALIZED_AUTOS = YES_AGGRESSIVE;
				GCC_WARN_UNUSED_FUNCTION = YES;
				GCC_WARN_UNUSED_VARIABLE = YES;
				IPHONEOS_DEPLOYMENT_TARGET = 9.3;
				MTL_ENABLE_DEBUG_INFO = NO;
				SDKROOT = iphoneos;
				TARGETED_DEVICE_FAMILY = "1,2";
				VALIDATE_PRODUCT = YES;
			};
			name = Release;
		};
		C6FCBA731D5AC60B00DC5FC3 /* Debug */ = {
			isa = XCBuildConfiguration;
			baseConfigurationReference = D5FAB42500778067B7B3AB3C /* Pods-Channel 2.debug.xcconfig */;
			buildSettings = {
				ASSETCATALOG_COMPILER_APPICON_NAME = AppIcon;
				CLANG_ENABLE_MODULES = YES;
				CODE_SIGN_ENTITLEMENTS = "Channel 2/Channel 2.entitlements";
				CODE_SIGN_IDENTITY = "iPhone Developer";
				FRAMEWORK_SEARCH_PATHS = (
					"$(inherited)",
					"$(PROJECT_DIR)",
					"$(PROJECT_DIR)/build/Debug-iphoneos",
				);
				INFOPLIST_FILE = "Channel 2/Info.plist";
				IPHONEOS_DEPLOYMENT_TARGET = 9.3;
				LD_RUNPATH_SEARCH_PATHS = "$(inherited) @executable_path/Frameworks";
				OTHER_LDFLAGS = (
					"$(inherited)",
					"-framework",
					"\"Async\"",
					"-framework",
					"\"SwiftyJSON\"",
					"-ObjC",
				);
				PRODUCT_BUNDLE_IDENTIFIER = com.brendanmanning.channel2;
				PRODUCT_NAME = "$(TARGET_NAME)";
				RESOURCES_TARGETED_DEVICE_FAMILY = "";
				SWIFT_OBJC_BRIDGING_HEADER = "Channel 2-Bridging-Header.h";
				SWIFT_OPTIMIZATION_LEVEL = "-Onone";
				SWIFT_VERSION = 2.3;
			};
			name = Debug;
		};
		C6FCBA741D5AC60B00DC5FC3 /* Release */ = {
			isa = XCBuildConfiguration;
			baseConfigurationReference = AD14D403E769DDCD530C8C52 /* Pods-Channel 2.release.xcconfig */;
			buildSettings = {
				ASSETCATALOG_COMPILER_APPICON_NAME = AppIcon;
				CLANG_ENABLE_MODULES = YES;
				CODE_SIGN_ENTITLEMENTS = "Channel 2/Channel 2.entitlements";
				CODE_SIGN_IDENTITY = "iPhone Developer";
				FRAMEWORK_SEARCH_PATHS = (
					"$(inherited)",
					"$(PROJECT_DIR)",
					"$(PROJECT_DIR)/build/Debug-iphoneos",
				);
				INFOPLIST_FILE = "Channel 2/Info.plist";
				IPHONEOS_DEPLOYMENT_TARGET = 9.3;
				LD_RUNPATH_SEARCH_PATHS = "$(inherited) @executable_path/Frameworks";
				OTHER_LDFLAGS = (
					"$(inherited)",
					"-framework",
					"\"Async\"",
					"-framework",
					"\"SwiftyJSON\"",
					"-ObjC",
				);
				PRODUCT_BUNDLE_IDENTIFIER = com.brendanmanning.channel2;
				PRODUCT_NAME = "$(TARGET_NAME)";
				SWIFT_OBJC_BRIDGING_HEADER = "Channel 2-Bridging-Header.h";
				SWIFT_VERSION = 2.3;
			};
			name = Release;
		};
		C6FCBA761D5AC60B00DC5FC3 /* Debug */ = {
			isa = XCBuildConfiguration;
			baseConfigurationReference = 16BCDA33B2CC8B2760F78F2C /* Pods-Channel 2Tests.debug.xcconfig */;
			buildSettings = {
				BUNDLE_LOADER = "$(TEST_HOST)";
				CLANG_ENABLE_MODULES = YES;
				FRAMEWORK_SEARCH_PATHS = (
					"$(inherited)",
					"$(PROJECT_DIR)",
					"$(PROJECT_DIR)/build/Debug-iphoneos",
				);
				INFOPLIST_FILE = "Channel 2Tests/Info.plist";
				LD_RUNPATH_SEARCH_PATHS = "$(inherited) @executable_path/Frameworks @loader_path/Frameworks";
				PRODUCT_BUNDLE_IDENTIFIER = "com.brendanmanning.Channel-2Tests";
				PRODUCT_NAME = "$(TARGET_NAME)";
				SWIFT_OBJC_BRIDGING_HEADER = "Channel 2Tests-Bridging-Header.h";
				SWIFT_OPTIMIZATION_LEVEL = "-Onone";
				SWIFT_VERSION = 2.3;
				TEST_HOST = "$(BUILT_PRODUCTS_DIR)/Channel 2.app/Channel 2";
			};
			name = Debug;
		};
		C6FCBA771D5AC60B00DC5FC3 /* Release */ = {
			isa = XCBuildConfiguration;
			baseConfigurationReference = 20939F94D3A7161AF6941B73 /* Pods-Channel 2Tests.release.xcconfig */;
			buildSettings = {
				BUNDLE_LOADER = "$(TEST_HOST)";
				CLANG_ENABLE_MODULES = YES;
				FRAMEWORK_SEARCH_PATHS = (
					"$(inherited)",
					"$(PROJECT_DIR)",
					"$(PROJECT_DIR)/build/Debug-iphoneos",
				);
				INFOPLIST_FILE = "Channel 2Tests/Info.plist";
				LD_RUNPATH_SEARCH_PATHS = "$(inherited) @executable_path/Frameworks @loader_path/Frameworks";
				PRODUCT_BUNDLE_IDENTIFIER = "com.brendanmanning.Channel-2Tests";
				PRODUCT_NAME = "$(TARGET_NAME)";
				SWIFT_OBJC_BRIDGING_HEADER = "Channel 2Tests-Bridging-Header.h";
				SWIFT_VERSION = 2.3;
				TEST_HOST = "$(BUILT_PRODUCTS_DIR)/Channel 2.app/Channel 2";
			};
			name = Release;
		};
		C6FCBA791D5AC60B00DC5FC3 /* Debug */ = {
			isa = XCBuildConfiguration;
			baseConfigurationReference = 9CAF93E88A6CDB142C37CC7D /* Pods-Channel 2UITests.debug.xcconfig */;
			buildSettings = {
				CLANG_ENABLE_MODULES = YES;
				FRAMEWORK_SEARCH_PATHS = (
					"$(inherited)",
					"$(PROJECT_DIR)",
					"$(PROJECT_DIR)/build/Debug-iphoneos",
				);
				INFOPLIST_FILE = "Channel 2UITests/Info.plist";
				LD_RUNPATH_SEARCH_PATHS = "$(inherited) @executable_path/Frameworks @loader_path/Frameworks";
				PRODUCT_BUNDLE_IDENTIFIER = "com.brendanmanning.Channel-2UITests";
				PRODUCT_NAME = "$(TARGET_NAME)";
				SWIFT_OBJC_BRIDGING_HEADER = "Channel 2UITests-Bridging-Header.h";
				SWIFT_OPTIMIZATION_LEVEL = "-Onone";
				SWIFT_VERSION = 2.3;
				TEST_TARGET_NAME = "Channel 2";
			};
			name = Debug;
		};
		C6FCBA7A1D5AC60B00DC5FC3 /* Release */ = {
			isa = XCBuildConfiguration;
			baseConfigurationReference = 6308F3EB4C673E983E57A0A7 /* Pods-Channel 2UITests.release.xcconfig */;
			buildSettings = {
				CLANG_ENABLE_MODULES = YES;
				FRAMEWORK_SEARCH_PATHS = (
					"$(inherited)",
					"$(PROJECT_DIR)",
					"$(PROJECT_DIR)/build/Debug-iphoneos",
				);
				INFOPLIST_FILE = "Channel 2UITests/Info.plist";
				LD_RUNPATH_SEARCH_PATHS = "$(inherited) @executable_path/Frameworks @loader_path/Frameworks";
				PRODUCT_BUNDLE_IDENTIFIER = "com.brendanmanning.Channel-2UITests";
				PRODUCT_NAME = "$(TARGET_NAME)";
				SWIFT_OBJC_BRIDGING_HEADER = "Channel 2UITests-Bridging-Header.h";
				SWIFT_VERSION = 2.3;
				TEST_TARGET_NAME = "Channel 2";
			};
			name = Release;
		};
/* End XCBuildConfiguration section */

/* Begin XCConfigurationList section */
		C6FCBA431D5AC60A00DC5FC3 /* Build configuration list for PBXProject "Channel 2" */ = {
			isa = XCConfigurationList;
			buildConfigurations = (
				C6FCBA701D5AC60B00DC5FC3 /* Debug */,
				C6FCBA711D5AC60B00DC5FC3 /* Release */,
			);
			defaultConfigurationIsVisible = 0;
			defaultConfigurationName = Release;
		};
		C6FCBA721D5AC60B00DC5FC3 /* Build configuration list for PBXNativeTarget "Channel 2" */ = {
			isa = XCConfigurationList;
			buildConfigurations = (
				C6FCBA731D5AC60B00DC5FC3 /* Debug */,
				C6FCBA741D5AC60B00DC5FC3 /* Release */,
			);
			defaultConfigurationIsVisible = 0;
			defaultConfigurationName = Release;
		};
		C6FCBA751D5AC60B00DC5FC3 /* Build configuration list for PBXNativeTarget "Channel 2Tests" */ = {
			isa = XCConfigurationList;
			buildConfigurations = (
				C6FCBA761D5AC60B00DC5FC3 /* Debug */,
				C6FCBA771D5AC60B00DC5FC3 /* Release */,
			);
			defaultConfigurationIsVisible = 0;
			defaultConfigurationName = Release;
		};
		C6FCBA781D5AC60B00DC5FC3 /* Build configuration list for PBXNativeTarget "Channel 2UITests" */ = {
			isa = XCConfigurationList;
			buildConfigurations = (
				C6FCBA791D5AC60B00DC5FC3 /* Debug */,
				C6FCBA7A1D5AC60B00DC5FC3 /* Release */,
			);
			defaultConfigurationIsVisible = 0;
			defaultConfigurationName = Release;
		};
/* End XCConfigurationList section */
	};
	rootObject = C6FCBA401D5AC60A00DC5FC3 /* Project object */;
}
