// !$*UTF8*$!
{
	archiveVersion = 1;
	classes = {
	};
	objectVersion = 46;
	objects = {

/* Begin PBXBuildFile section */
		3790357D797D8F351FDDF9A3 /* Pods_Channel_2.framework in Frameworks */ = {isa = PBXBuildFile; fileRef = 0A84E10543766300FF806FE4 /* Pods_Channel_2.framework */; };
		43CB2176D35E4E18D24B05B3 /* Pods_Channel_2UITests.framework in Frameworks */ = {isa = PBXBuildFile; fileRef = D601BCC7DEC53FFBD2BF330B /* Pods_Channel_2UITests.framework */; };
		9F0452601641610462CD565D /* Pods_Channel_2Tests.framework in Frameworks */ = {isa = PBXBuildFile; fileRef = FEF192AB2D62B480CDA65303 /* Pods_Channel_2Tests.framework */; };
		C606A19C1D75C3A1001150A2 /* SocketTester.swift in Sources */ = {isa = PBXBuildFile; fileRef = C606A19B1D75C3A1001150A2 /* SocketTester.swift */; };
		C606A19D1D75C3A1001150A2 /* SocketTester.swift in Sources */ = {isa = PBXBuildFile; fileRef = C606A19B1D75C3A1001150A2 /* SocketTester.swift */; };
		C606A19E1D75C3A1001150A2 /* SocketTester.swift in Sources */ = {isa = PBXBuildFile; fileRef = C606A19B1D75C3A1001150A2 /* SocketTester.swift */; };
		C606A3551D5E46D800DEBD8F /* Async.swift in Sources */ = {isa = PBXBuildFile; fileRef = C606A3541D5E46D800DEBD8F /* Async.swift */; };
		C606A3561D5E46D800DEBD8F /* Async.swift in Sources */ = {isa = PBXBuildFile; fileRef = C606A3541D5E46D800DEBD8F /* Async.swift */; };
		C606A3571D5E46D800DEBD8F /* Async.swift in Sources */ = {isa = PBXBuildFile; fileRef = C606A3541D5E46D800DEBD8F /* Async.swift */; };
		C6082F681D934A41001A879C /* PollsDownloader.swift in Sources */ = {isa = PBXBuildFile; fileRef = C6082F671D934A41001A879C /* PollsDownloader.swift */; };
		C6082F691D934A41001A879C /* PollsDownloader.swift in Sources */ = {isa = PBXBuildFile; fileRef = C6082F671D934A41001A879C /* PollsDownloader.swift */; };
		C6082F6A1D934A41001A879C /* PollsDownloader.swift in Sources */ = {isa = PBXBuildFile; fileRef = C6082F671D934A41001A879C /* PollsDownloader.swift */; };
		C6082F6C1D936E34001A879C /* PollDownloader.swift in Sources */ = {isa = PBXBuildFile; fileRef = C6082F6B1D936E34001A879C /* PollDownloader.swift */; };
		C6082F6D1D936E34001A879C /* PollDownloader.swift in Sources */ = {isa = PBXBuildFile; fileRef = C6082F6B1D936E34001A879C /* PollDownloader.swift */; };
		C6082F6E1D936E34001A879C /* PollDownloader.swift in Sources */ = {isa = PBXBuildFile; fileRef = C6082F6B1D936E34001A879C /* PollDownloader.swift */; };
		C60E36141D983108005E3EB9 /* TodayItem.swift in Sources */ = {isa = PBXBuildFile; fileRef = C60E36131D983108005E3EB9 /* TodayItem.swift */; };
		C60E36151D983108005E3EB9 /* TodayItem.swift in Sources */ = {isa = PBXBuildFile; fileRef = C60E36131D983108005E3EB9 /* TodayItem.swift */; };
		C60E36161D983108005E3EB9 /* TodayItem.swift in Sources */ = {isa = PBXBuildFile; fileRef = C60E36131D983108005E3EB9 /* TodayItem.swift */; };
		C60E36181D985554005E3EB9 /* LoadingViewController.swift in Sources */ = {isa = PBXBuildFile; fileRef = C60E36171D985554005E3EB9 /* LoadingViewController.swift */; };
		C60E36191D985554005E3EB9 /* LoadingViewController.swift in Sources */ = {isa = PBXBuildFile; fileRef = C60E36171D985554005E3EB9 /* LoadingViewController.swift */; };
		C60E361A1D985554005E3EB9 /* LoadingViewController.swift in Sources */ = {isa = PBXBuildFile; fileRef = C60E36171D985554005E3EB9 /* LoadingViewController.swift */; };
		C61FFE8B1DAED79600201285 /* Extensions.swift in Sources */ = {isa = PBXBuildFile; fileRef = C61FFE8A1DAED79600201285 /* Extensions.swift */; };
		C61FFE8C1DAED79600201285 /* Extensions.swift in Sources */ = {isa = PBXBuildFile; fileRef = C61FFE8A1DAED79600201285 /* Extensions.swift */; };
		C61FFE8D1DAED79600201285 /* Extensions.swift in Sources */ = {isa = PBXBuildFile; fileRef = C61FFE8A1DAED79600201285 /* Extensions.swift */; };
		C61FFE8F1DAEDE9600201285 /* LockViewController.swift in Sources */ = {isa = PBXBuildFile; fileRef = C61FFE8E1DAEDE9600201285 /* LockViewController.swift */; };
		C61FFE901DAEDE9600201285 /* LockViewController.swift in Sources */ = {isa = PBXBuildFile; fileRef = C61FFE8E1DAEDE9600201285 /* LockViewController.swift */; };
		C61FFE911DAEDE9600201285 /* LockViewController.swift in Sources */ = {isa = PBXBuildFile; fileRef = C61FFE8E1DAEDE9600201285 /* LockViewController.swift */; };
		C642F4C61DB29CE800E17153 /* FeatureChecker.swift in Sources */ = {isa = PBXBuildFile; fileRef = C642F4C51DB29CE800E17153 /* FeatureChecker.swift */; };
		C642F4C71DB29CE800E17153 /* FeatureChecker.swift in Sources */ = {isa = PBXBuildFile; fileRef = C642F4C51DB29CE800E17153 /* FeatureChecker.swift */; };
		C642F4C81DB29CE800E17153 /* FeatureChecker.swift in Sources */ = {isa = PBXBuildFile; fileRef = C642F4C51DB29CE800E17153 /* FeatureChecker.swift */; };
		C64623291D8EF24500D832D3 /* VideoDownloader.swift in Sources */ = {isa = PBXBuildFile; fileRef = C64623281D8EF24500D832D3 /* VideoDownloader.swift */; };
		C646232A1D8EF24500D832D3 /* VideoDownloader.swift in Sources */ = {isa = PBXBuildFile; fileRef = C64623281D8EF24500D832D3 /* VideoDownloader.swift */; };
		C646232B1D8EF24500D832D3 /* VideoDownloader.swift in Sources */ = {isa = PBXBuildFile; fileRef = C64623281D8EF24500D832D3 /* VideoDownloader.swift */; };
		C651EFD81D5E05F400802575 /* FirstViewController.swift in Sources */ = {isa = PBXBuildFile; fileRef = C651EFD71D5E05F400802575 /* FirstViewController.swift */; };
		C651EFD91D5E05F400802575 /* FirstViewController.swift in Sources */ = {isa = PBXBuildFile; fileRef = C651EFD71D5E05F400802575 /* FirstViewController.swift */; };
		C651EFDA1D5E05F400802575 /* FirstViewController.swift in Sources */ = {isa = PBXBuildFile; fileRef = C651EFD71D5E05F400802575 /* FirstViewController.swift */; };
		C67D48001D8F5DF800319A68 /* AnnouncementDownloader.swift in Sources */ = {isa = PBXBuildFile; fileRef = C67D47FF1D8F5DF800319A68 /* AnnouncementDownloader.swift */; };
		C67D48011D8F5DF800319A68 /* AnnouncementDownloader.swift in Sources */ = {isa = PBXBuildFile; fileRef = C67D47FF1D8F5DF800319A68 /* AnnouncementDownloader.swift */; };
		C67D48021D8F5DF800319A68 /* AnnouncementDownloader.swift in Sources */ = {isa = PBXBuildFile; fileRef = C67D47FF1D8F5DF800319A68 /* AnnouncementDownloader.swift */; };
		C67D48041D8F621C00319A68 /* NetworkError.swift in Sources */ = {isa = PBXBuildFile; fileRef = C67D48031D8F621C00319A68 /* NetworkError.swift */; };
		C67D48051D8F621C00319A68 /* NetworkError.swift in Sources */ = {isa = PBXBuildFile; fileRef = C67D48031D8F621C00319A68 /* NetworkError.swift */; };
		C67D48061D8F621C00319A68 /* NetworkError.swift in Sources */ = {isa = PBXBuildFile; fileRef = C67D48031D8F621C00319A68 /* NetworkError.swift */; };
		C67EADDC1D5CC878003185F8 /* VideosTableViewController.swift in Sources */ = {isa = PBXBuildFile; fileRef = C67EADDB1D5CC878003185F8 /* VideosTableViewController.swift */; };
		C67EADDD1D5CC878003185F8 /* VideosTableViewController.swift in Sources */ = {isa = PBXBuildFile; fileRef = C67EADDB1D5CC878003185F8 /* VideosTableViewController.swift */; };
		C67EADDE1D5CC878003185F8 /* VideosTableViewController.swift in Sources */ = {isa = PBXBuildFile; fileRef = C67EADDB1D5CC878003185F8 /* VideosTableViewController.swift */; };
		C67EADE01D5CCC9D003185F8 /* Video.swift in Sources */ = {isa = PBXBuildFile; fileRef = C67EADDF1D5CCC9D003185F8 /* Video.swift */; };
		C67EADE11D5CCC9D003185F8 /* Video.swift in Sources */ = {isa = PBXBuildFile; fileRef = C67EADDF1D5CCC9D003185F8 /* Video.swift */; };
		C67EADE21D5CCC9D003185F8 /* Video.swift in Sources */ = {isa = PBXBuildFile; fileRef = C67EADDF1D5CCC9D003185F8 /* Video.swift */; };
		C67EADEA1D5CDD36003185F8 /* VideoTableViewCell.swift in Sources */ = {isa = PBXBuildFile; fileRef = C67EADE91D5CDD36003185F8 /* VideoTableViewCell.swift */; };
		C67EADEB1D5CDD36003185F8 /* VideoTableViewCell.swift in Sources */ = {isa = PBXBuildFile; fileRef = C67EADE91D5CDD36003185F8 /* VideoTableViewCell.swift */; };
		C67EADEC1D5CDD36003185F8 /* VideoTableViewCell.swift in Sources */ = {isa = PBXBuildFile; fileRef = C67EADE91D5CDD36003185F8 /* VideoTableViewCell.swift */; };
		C68344041D621C290021DFAA /* Error.json in Resources */ = {isa = PBXBuildFile; fileRef = C68344031D621C290021DFAA /* Error.json */; };
		C68344051D621C290021DFAA /* Error.json in Resources */ = {isa = PBXBuildFile; fileRef = C68344031D621C290021DFAA /* Error.json */; };
		C68344061D621C290021DFAA /* Error.json in Resources */ = {isa = PBXBuildFile; fileRef = C68344031D621C290021DFAA /* Error.json */; };
		C69194B41D9499FD00A3E6E8 /* OnlineVoter.swift in Sources */ = {isa = PBXBuildFile; fileRef = C69194B31D9499FD00A3E6E8 /* OnlineVoter.swift */; };
		C69194B51D9499FD00A3E6E8 /* OnlineVoter.swift in Sources */ = {isa = PBXBuildFile; fileRef = C69194B31D9499FD00A3E6E8 /* OnlineVoter.swift */; };
		C69194B61D9499FD00A3E6E8 /* OnlineVoter.swift in Sources */ = {isa = PBXBuildFile; fileRef = C69194B31D9499FD00A3E6E8 /* OnlineVoter.swift */; };
		C69B21CC1D91E3CB00BC6547 /* OnlinePoll.swift in Sources */ = {isa = PBXBuildFile; fileRef = C69B21CB1D91E3CB00BC6547 /* OnlinePoll.swift */; };
		C69B21CD1D91E3CB00BC6547 /* OnlinePoll.swift in Sources */ = {isa = PBXBuildFile; fileRef = C69B21CB1D91E3CB00BC6547 /* OnlinePoll.swift */; };
		C69B21CE1D91E3CB00BC6547 /* OnlinePoll.swift in Sources */ = {isa = PBXBuildFile; fileRef = C69B21CB1D91E3CB00BC6547 /* OnlinePoll.swift */; };
		C69B21D01D91F6E400BC6547 /* VotingViewControllerTableViewController.swift in Sources */ = {isa = PBXBuildFile; fileRef = C69B21CF1D91F6E400BC6547 /* VotingViewControllerTableViewController.swift */; };
		C69B21D11D91F6E400BC6547 /* VotingViewControllerTableViewController.swift in Sources */ = {isa = PBXBuildFile; fileRef = C69B21CF1D91F6E400BC6547 /* VotingViewControllerTableViewController.swift */; };
		C69B21D21D91F6E400BC6547 /* VotingViewControllerTableViewController.swift in Sources */ = {isa = PBXBuildFile; fileRef = C69B21CF1D91F6E400BC6547 /* VotingViewControllerTableViewController.swift */; };
		C6AB5C621D6754EE0056F042 /* TodayViewController.swift in Sources */ = {isa = PBXBuildFile; fileRef = C6AB5C611D6754EE0056F042 /* TodayViewController.swift */; };
		C6AB5C631D6754EE0056F042 /* TodayViewController.swift in Sources */ = {isa = PBXBuildFile; fileRef = C6AB5C611D6754EE0056F042 /* TodayViewController.swift */; };
		C6AB5C641D6754EE0056F042 /* TodayViewController.swift in Sources */ = {isa = PBXBuildFile; fileRef = C6AB5C611D6754EE0056F042 /* TodayViewController.swift */; };
		C6BF413C1D5F4BE4008C517A /* NSUserDefaultsList.swift in Sources */ = {isa = PBXBuildFile; fileRef = C6BF413B1D5F4BE4008C517A /* NSUserDefaultsList.swift */; };
		C6BF413D1D5F4BE4008C517A /* NSUserDefaultsList.swift in Sources */ = {isa = PBXBuildFile; fileRef = C6BF413B1D5F4BE4008C517A /* NSUserDefaultsList.swift */; };
		C6BF413E1D5F4BE4008C517A /* NSUserDefaultsList.swift in Sources */ = {isa = PBXBuildFile; fileRef = C6BF413B1D5F4BE4008C517A /* NSUserDefaultsList.swift */; };
		C6CD79CC1D5EC68B00BA277D /* SettingsTableViewController.swift in Sources */ = {isa = PBXBuildFile; fileRef = C6CD79CB1D5EC68B00BA277D /* SettingsTableViewController.swift */; };
		C6CD79CD1D5EC68B00BA277D /* SettingsTableViewController.swift in Sources */ = {isa = PBXBuildFile; fileRef = C6CD79CB1D5EC68B00BA277D /* SettingsTableViewController.swift */; };
		C6CD79CE1D5EC68B00BA277D /* SettingsTableViewController.swift in Sources */ = {isa = PBXBuildFile; fileRef = C6CD79CB1D5EC68B00BA277D /* SettingsTableViewController.swift */; };
		C6D8B8F71D992FF00044B258 /* CacheManager.swift in Sources */ = {isa = PBXBuildFile; fileRef = C6D8B8F61D992FF00044B258 /* CacheManager.swift */; };
		C6D8B8F81D992FF00044B258 /* CacheManager.swift in Sources */ = {isa = PBXBuildFile; fileRef = C6D8B8F61D992FF00044B258 /* CacheManager.swift */; };
		C6D8B8F91D992FF00044B258 /* CacheManager.swift in Sources */ = {isa = PBXBuildFile; fileRef = C6D8B8F61D992FF00044B258 /* CacheManager.swift */; };
		C6E4C0161D600B9C00DE6F85 /* AnnouncementsTableViewController.swift in Sources */ = {isa = PBXBuildFile; fileRef = C6E4C0151D600B9C00DE6F85 /* AnnouncementsTableViewController.swift */; };
		C6E4C0171D600B9C00DE6F85 /* AnnouncementsTableViewController.swift in Sources */ = {isa = PBXBuildFile; fileRef = C6E4C0151D600B9C00DE6F85 /* AnnouncementsTableViewController.swift */; };
		C6E4C0181D600B9C00DE6F85 /* AnnouncementsTableViewController.swift in Sources */ = {isa = PBXBuildFile; fileRef = C6E4C0151D600B9C00DE6F85 /* AnnouncementsTableViewController.swift */; };
		C6E4C01A1D600BD400DE6F85 /* AnnouncementTableViewCell.swift in Sources */ = {isa = PBXBuildFile; fileRef = C6E4C0191D600BD400DE6F85 /* AnnouncementTableViewCell.swift */; };
		C6E4C01B1D600BD400DE6F85 /* AnnouncementTableViewCell.swift in Sources */ = {isa = PBXBuildFile; fileRef = C6E4C0191D600BD400DE6F85 /* AnnouncementTableViewCell.swift */; };
		C6E4C01C1D600BD400DE6F85 /* AnnouncementTableViewCell.swift in Sources */ = {isa = PBXBuildFile; fileRef = C6E4C0191D600BD400DE6F85 /* AnnouncementTableViewCell.swift */; };
		C6E4C01E1D600C4800DE6F85 /* Announcement.swift in Sources */ = {isa = PBXBuildFile; fileRef = C6E4C01D1D600C4800DE6F85 /* Announcement.swift */; };
		C6E4C01F1D600C4800DE6F85 /* Announcement.swift in Sources */ = {isa = PBXBuildFile; fileRef = C6E4C01D1D600C4800DE6F85 /* Announcement.swift */; };
		C6E4C0201D600C4800DE6F85 /* Announcement.swift in Sources */ = {isa = PBXBuildFile; fileRef = C6E4C01D1D600C4800DE6F85 /* Announcement.swift */; };
		C6E4C0221D60BF1E00DE6F85 /* Popup.swift in Sources */ = {isa = PBXBuildFile; fileRef = C6E4C0211D60BF1E00DE6F85 /* Popup.swift */; };
		C6E4C0231D60BF1E00DE6F85 /* Popup.swift in Sources */ = {isa = PBXBuildFile; fileRef = C6E4C0211D60BF1E00DE6F85 /* Popup.swift */; };
		C6E4C0241D60BF1E00DE6F85 /* Popup.swift in Sources */ = {isa = PBXBuildFile; fileRef = C6E4C0211D60BF1E00DE6F85 /* Popup.swift */; };
		C6E939E81D5D1D7B00112834 /* YouTubeVideoViewController.swift in Sources */ = {isa = PBXBuildFile; fileRef = C6E939E71D5D1D7B00112834 /* YouTubeVideoViewController.swift */; };
		C6E939E91D5D1D7B00112834 /* YouTubeVideoViewController.swift in Sources */ = {isa = PBXBuildFile; fileRef = C6E939E71D5D1D7B00112834 /* YouTubeVideoViewController.swift */; };
		C6E939EA1D5D1D7B00112834 /* YouTubeVideoViewController.swift in Sources */ = {isa = PBXBuildFile; fileRef = C6E939E71D5D1D7B00112834 /* YouTubeVideoViewController.swift */; };
		C6F58E701D6525DA00C7D19B /* FM.swift in Sources */ = {isa = PBXBuildFile; fileRef = C6F58E6F1D6525DA00C7D19B /* FM.swift */; };
		C6F58E711D6525DA00C7D19B /* FM.swift in Sources */ = {isa = PBXBuildFile; fileRef = C6F58E6F1D6525DA00C7D19B /* FM.swift */; };
		C6F58E721D6525DA00C7D19B /* FM.swift in Sources */ = {isa = PBXBuildFile; fileRef = C6F58E6F1D6525DA00C7D19B /* FM.swift */; };
		C6F58E741D652CB200C7D19B /* LineByLineDownloader.swift in Sources */ = {isa = PBXBuildFile; fileRef = C6F58E731D652CB200C7D19B /* LineByLineDownloader.swift */; };
		C6F58E751D652CB200C7D19B /* LineByLineDownloader.swift in Sources */ = {isa = PBXBuildFile; fileRef = C6F58E731D652CB200C7D19B /* LineByLineDownloader.swift */; };
		C6F58E761D652CB200C7D19B /* LineByLineDownloader.swift in Sources */ = {isa = PBXBuildFile; fileRef = C6F58E731D652CB200C7D19B /* LineByLineDownloader.swift */; };
		C6F7E61A1DB3D12100F6D5EB /* AnnouncementDetailViewController.swift in Sources */ = {isa = PBXBuildFile; fileRef = C6F7E6191DB3D12100F6D5EB /* AnnouncementDetailViewController.swift */; };
		C6F7E61B1DB3D12100F6D5EB /* AnnouncementDetailViewController.swift in Sources */ = {isa = PBXBuildFile; fileRef = C6F7E6191DB3D12100F6D5EB /* AnnouncementDetailViewController.swift */; };
		C6F7E61C1DB3D12100F6D5EB /* AnnouncementDetailViewController.swift in Sources */ = {isa = PBXBuildFile; fileRef = C6F7E6191DB3D12100F6D5EB /* AnnouncementDetailViewController.swift */; };
		C6FC7EF21D90AEDC00D342E2 /* PollsTableViewController.swift in Sources */ = {isa = PBXBuildFile; fileRef = C6FC7EF11D90AEDC00D342E2 /* PollsTableViewController.swift */; };
		C6FC7EF31D90AEDC00D342E2 /* PollsTableViewController.swift in Sources */ = {isa = PBXBuildFile; fileRef = C6FC7EF11D90AEDC00D342E2 /* PollsTableViewController.swift */; };
		C6FC7EF41D90AEDC00D342E2 /* PollsTableViewController.swift in Sources */ = {isa = PBXBuildFile; fileRef = C6FC7EF11D90AEDC00D342E2 /* PollsTableViewController.swift */; };
		C6FC7EF61D90AEEE00D342E2 /* PollTableViewCell.swift in Sources */ = {isa = PBXBuildFile; fileRef = C6FC7EF51D90AEEE00D342E2 /* PollTableViewCell.swift */; };
		C6FC7EF71D90AEEE00D342E2 /* PollTableViewCell.swift in Sources */ = {isa = PBXBuildFile; fileRef = C6FC7EF51D90AEEE00D342E2 /* PollTableViewCell.swift */; };
		C6FC7EF81D90AEEE00D342E2 /* PollTableViewCell.swift in Sources */ = {isa = PBXBuildFile; fileRef = C6FC7EF51D90AEEE00D342E2 /* PollTableViewCell.swift */; };
		C6FCBA4C1D5AC60A00DC5FC3 /* AppDelegate.swift in Sources */ = {isa = PBXBuildFile; fileRef = C6FCBA4B1D5AC60A00DC5FC3 /* AppDelegate.swift */; };
		C6FCBA531D5AC60A00DC5FC3 /* Main.storyboard in Resources */ = {isa = PBXBuildFile; fileRef = C6FCBA511D5AC60A00DC5FC3 /* Main.storyboard */; };
		C6FCBA551D5AC60A00DC5FC3 /* Assets.xcassets in Resources */ = {isa = PBXBuildFile; fileRef = C6FCBA541D5AC60A00DC5FC3 /* Assets.xcassets */; };
		C6FCBA581D5AC60A00DC5FC3 /* LaunchScreen.storyboard in Resources */ = {isa = PBXBuildFile; fileRef = C6FCBA561D5AC60A00DC5FC3 /* LaunchScreen.storyboard */; };
		C6FCBA631D5AC60B00DC5FC3 /* Channel_2Tests.swift in Sources */ = {isa = PBXBuildFile; fileRef = C6FCBA621D5AC60B00DC5FC3 /* Channel_2Tests.swift */; };
		C6FCBA6E1D5AC60B00DC5FC3 /* Channel_2UITests.swift in Sources */ = {isa = PBXBuildFile; fileRef = C6FCBA6D1D5AC60B00DC5FC3 /* Channel_2UITests.swift */; };
		C6FDA17F1D669D9100BED432 /* DayDownloader.swift in Sources */ = {isa = PBXBuildFile; fileRef = C6FDA17E1D669D9100BED432 /* DayDownloader.swift */; };
		C6FDA1801D669D9100BED432 /* DayDownloader.swift in Sources */ = {isa = PBXBuildFile; fileRef = C6FDA17E1D669D9100BED432 /* DayDownloader.swift */; };
		C6FDA1811D669D9100BED432 /* DayDownloader.swift in Sources */ = {isa = PBXBuildFile; fileRef = C6FDA17E1D669D9100BED432 /* DayDownloader.swift */; };
/* End PBXBuildFile section */

/* Begin PBXContainerItemProxy section */
		C6FCBA5F1D5AC60B00DC5FC3 /* PBXContainerItemProxy */ = {
			isa = PBXContainerItemProxy;
			containerPortal = C6FCBA401D5AC60A00DC5FC3 /* Project object */;
			proxyType = 1;
			remoteGlobalIDString = C6FCBA471D5AC60A00DC5FC3;
			remoteInfo = "Channel 2";
		};
		C6FCBA6A1D5AC60B00DC5FC3 /* PBXContainerItemProxy */ = {
			isa = PBXContainerItemProxy;
			containerPortal = C6FCBA401D5AC60A00DC5FC3 /* Project object */;
			proxyType = 1;
			remoteGlobalIDString = C6FCBA471D5AC60A00DC5FC3;
			remoteInfo = "Channel 2";
		};
/* End PBXContainerItemProxy section */

/* Begin PBXFileReference section */
		0A84E10543766300FF806FE4 /* Pods_Channel_2.framework */ = {isa = PBXFileReference; explicitFileType = wrapper.framework; includeInIndex = 0; path = Pods_Channel_2.framework; sourceTree = BUILT_PRODUCTS_DIR; };
		15287870E33FF3868260BCF9 /* Pods-Channel 2UITests.debug.xcconfig */ = {isa = PBXFileReference; includeInIndex = 1; lastKnownFileType = text.xcconfig; name = "Pods-Channel 2UITests.debug.xcconfig"; path = "Pods/Target Support Files/Pods-Channel 2UITests/Pods-Channel 2UITests.debug.xcconfig"; sourceTree = "<group>"; };
		2659F1B49B06DEC8CF656272 /* Pods-Channel 2.release.xcconfig */ = {isa = PBXFileReference; includeInIndex = 1; lastKnownFileType = text.xcconfig; name = "Pods-Channel 2.release.xcconfig"; path = "Pods/Target Support Files/Pods-Channel 2/Pods-Channel 2.release.xcconfig"; sourceTree = "<group>"; };
		41E337D6D22FF4159C3571EE /* Pods-Channel 2Tests.release.xcconfig */ = {isa = PBXFileReference; includeInIndex = 1; lastKnownFileType = text.xcconfig; name = "Pods-Channel 2Tests.release.xcconfig"; path = "Pods/Target Support Files/Pods-Channel 2Tests/Pods-Channel 2Tests.release.xcconfig"; sourceTree = "<group>"; };
		A1B2EE7AA49D60798CE6F01D /* Pods-Channel 2UITests.release.xcconfig */ = {isa = PBXFileReference; includeInIndex = 1; lastKnownFileType = text.xcconfig; name = "Pods-Channel 2UITests.release.xcconfig"; path = "Pods/Target Support Files/Pods-Channel 2UITests/Pods-Channel 2UITests.release.xcconfig"; sourceTree = "<group>"; };
		C606A19B1D75C3A1001150A2 /* SocketTester.swift */ = {isa = PBXFileReference; fileEncoding = 4; lastKnownFileType = sourcecode.swift; path = SocketTester.swift; sourceTree = "<group>"; };
		C606A3541D5E46D800DEBD8F /* Async.swift */ = {isa = PBXFileReference; fileEncoding = 4; lastKnownFileType = sourcecode.swift; path = Async.swift; sourceTree = "<group>"; };
		C6082F671D934A41001A879C /* PollsDownloader.swift */ = {isa = PBXFileReference; fileEncoding = 4; lastKnownFileType = sourcecode.swift; path = PollsDownloader.swift; sourceTree = "<group>"; };
		C6082F6B1D936E34001A879C /* PollDownloader.swift */ = {isa = PBXFileReference; fileEncoding = 4; lastKnownFileType = sourcecode.swift; path = PollDownloader.swift; sourceTree = "<group>"; };
		C60E36131D983108005E3EB9 /* TodayItem.swift */ = {isa = PBXFileReference; fileEncoding = 4; lastKnownFileType = sourcecode.swift; path = TodayItem.swift; sourceTree = "<group>"; };
		C60E36171D985554005E3EB9 /* LoadingViewController.swift */ = {isa = PBXFileReference; fileEncoding = 4; lastKnownFileType = sourcecode.swift; path = LoadingViewController.swift; sourceTree = "<group>"; };
		C61FFE8A1DAED79600201285 /* Extensions.swift */ = {isa = PBXFileReference; fileEncoding = 4; lastKnownFileType = sourcecode.swift; path = Extensions.swift; sourceTree = "<group>"; };
		C61FFE8E1DAEDE9600201285 /* LockViewController.swift */ = {isa = PBXFileReference; fileEncoding = 4; lastKnownFileType = sourcecode.swift; path = LockViewController.swift; sourceTree = "<group>"; };
		C642F4C51DB29CE800E17153 /* FeatureChecker.swift */ = {isa = PBXFileReference; fileEncoding = 4; lastKnownFileType = sourcecode.swift; path = FeatureChecker.swift; sourceTree = "<group>"; };
		C64623281D8EF24500D832D3 /* VideoDownloader.swift */ = {isa = PBXFileReference; fileEncoding = 4; lastKnownFileType = sourcecode.swift; path = VideoDownloader.swift; sourceTree = "<group>"; };
		C651EFD71D5E05F400802575 /* FirstViewController.swift */ = {isa = PBXFileReference; fileEncoding = 4; lastKnownFileType = sourcecode.swift; path = FirstViewController.swift; sourceTree = "<group>"; };
		C67D47FF1D8F5DF800319A68 /* AnnouncementDownloader.swift */ = {isa = PBXFileReference; fileEncoding = 4; lastKnownFileType = sourcecode.swift; path = AnnouncementDownloader.swift; sourceTree = "<group>"; };
		C67D48031D8F621C00319A68 /* NetworkError.swift */ = {isa = PBXFileReference; fileEncoding = 4; lastKnownFileType = sourcecode.swift; path = NetworkError.swift; sourceTree = "<group>"; };
		C67EADDB1D5CC878003185F8 /* VideosTableViewController.swift */ = {isa = PBXFileReference; fileEncoding = 4; lastKnownFileType = sourcecode.swift; path = VideosTableViewController.swift; sourceTree = "<group>"; };
		C67EADDF1D5CCC9D003185F8 /* Video.swift */ = {isa = PBXFileReference; fileEncoding = 4; lastKnownFileType = sourcecode.swift; path = Video.swift; sourceTree = "<group>"; };
		C67EADE91D5CDD36003185F8 /* VideoTableViewCell.swift */ = {isa = PBXFileReference; fileEncoding = 4; lastKnownFileType = sourcecode.swift; path = VideoTableViewCell.swift; sourceTree = "<group>"; };
		C68344031D621C290021DFAA /* Error.json */ = {isa = PBXFileReference; fileEncoding = 4; lastKnownFileType = text.json; path = Error.json; sourceTree = "<group>"; };
		C69194B31D9499FD00A3E6E8 /* OnlineVoter.swift */ = {isa = PBXFileReference; fileEncoding = 4; lastKnownFileType = sourcecode.swift; path = OnlineVoter.swift; sourceTree = "<group>"; };
		C69B21CB1D91E3CB00BC6547 /* OnlinePoll.swift */ = {isa = PBXFileReference; fileEncoding = 4; lastKnownFileType = sourcecode.swift; path = OnlinePoll.swift; sourceTree = "<group>"; };
		C69B21CF1D91F6E400BC6547 /* VotingViewControllerTableViewController.swift */ = {isa = PBXFileReference; fileEncoding = 4; lastKnownFileType = sourcecode.swift; path = VotingViewControllerTableViewController.swift; sourceTree = "<group>"; };
		C6AB5C611D6754EE0056F042 /* TodayViewController.swift */ = {isa = PBXFileReference; fileEncoding = 4; lastKnownFileType = sourcecode.swift; path = TodayViewController.swift; sourceTree = "<group>"; };
		C6BF413B1D5F4BE4008C517A /* NSUserDefaultsList.swift */ = {isa = PBXFileReference; fileEncoding = 4; lastKnownFileType = sourcecode.swift; path = NSUserDefaultsList.swift; sourceTree = "<group>"; };
		C6CD79CB1D5EC68B00BA277D /* SettingsTableViewController.swift */ = {isa = PBXFileReference; fileEncoding = 4; lastKnownFileType = sourcecode.swift; path = SettingsTableViewController.swift; sourceTree = "<group>"; };
		C6D8B8F61D992FF00044B258 /* CacheManager.swift */ = {isa = PBXFileReference; fileEncoding = 4; lastKnownFileType = sourcecode.swift; path = CacheManager.swift; sourceTree = "<group>"; };
		C6E4C0151D600B9C00DE6F85 /* AnnouncementsTableViewController.swift */ = {isa = PBXFileReference; fileEncoding = 4; lastKnownFileType = sourcecode.swift; path = AnnouncementsTableViewController.swift; sourceTree = "<group>"; };
		C6E4C0191D600BD400DE6F85 /* AnnouncementTableViewCell.swift */ = {isa = PBXFileReference; fileEncoding = 4; lastKnownFileType = sourcecode.swift; path = AnnouncementTableViewCell.swift; sourceTree = "<group>"; };
		C6E4C01D1D600C4800DE6F85 /* Announcement.swift */ = {isa = PBXFileReference; fileEncoding = 4; lastKnownFileType = sourcecode.swift; path = Announcement.swift; sourceTree = "<group>"; };
		C6E4C0211D60BF1E00DE6F85 /* Popup.swift */ = {isa = PBXFileReference; fileEncoding = 4; lastKnownFileType = sourcecode.swift; path = Popup.swift; sourceTree = "<group>"; };
		C6E939E71D5D1D7B00112834 /* YouTubeVideoViewController.swift */ = {isa = PBXFileReference; fileEncoding = 4; lastKnownFileType = sourcecode.swift; path = YouTubeVideoViewController.swift; sourceTree = "<group>"; };
		C6F58E6F1D6525DA00C7D19B /* FM.swift */ = {isa = PBXFileReference; fileEncoding = 4; lastKnownFileType = sourcecode.swift; path = FM.swift; sourceTree = "<group>"; };
		C6F58E731D652CB200C7D19B /* LineByLineDownloader.swift */ = {isa = PBXFileReference; fileEncoding = 4; lastKnownFileType = sourcecode.swift; path = LineByLineDownloader.swift; sourceTree = "<group>"; };
		C6F7E6191DB3D12100F6D5EB /* AnnouncementDetailViewController.swift */ = {isa = PBXFileReference; fileEncoding = 4; lastKnownFileType = sourcecode.swift; path = AnnouncementDetailViewController.swift; sourceTree = "<group>"; };
		C6FC7EF11D90AEDC00D342E2 /* PollsTableViewController.swift */ = {isa = PBXFileReference; fileEncoding = 4; lastKnownFileType = sourcecode.swift; path = PollsTableViewController.swift; sourceTree = "<group>"; };
		C6FC7EF51D90AEEE00D342E2 /* PollTableViewCell.swift */ = {isa = PBXFileReference; fileEncoding = 4; lastKnownFileType = sourcecode.swift; path = PollTableViewCell.swift; sourceTree = "<group>"; };
		C6FCBA481D5AC60A00DC5FC3 /* Channel 2.app */ = {isa = PBXFileReference; explicitFileType = wrapper.application; includeInIndex = 0; path = "Channel 2.app"; sourceTree = BUILT_PRODUCTS_DIR; };
		C6FCBA4B1D5AC60A00DC5FC3 /* AppDelegate.swift */ = {isa = PBXFileReference; lastKnownFileType = sourcecode.swift; path = AppDelegate.swift; sourceTree = "<group>"; };
		C6FCBA521D5AC60A00DC5FC3 /* Base */ = {isa = PBXFileReference; lastKnownFileType = file.storyboard; name = Base; path = Base.lproj/Main.storyboard; sourceTree = "<group>"; };
		C6FCBA541D5AC60A00DC5FC3 /* Assets.xcassets */ = {isa = PBXFileReference; lastKnownFileType = folder.assetcatalog; path = Assets.xcassets; sourceTree = "<group>"; };
		C6FCBA571D5AC60A00DC5FC3 /* Base */ = {isa = PBXFileReference; lastKnownFileType = file.storyboard; name = Base; path = Base.lproj/LaunchScreen.storyboard; sourceTree = "<group>"; };
		C6FCBA591D5AC60A00DC5FC3 /* Info.plist */ = {isa = PBXFileReference; lastKnownFileType = text.plist.xml; path = Info.plist; sourceTree = "<group>"; };
		C6FCBA5E1D5AC60B00DC5FC3 /* Channel 2Tests.xctest */ = {isa = PBXFileReference; explicitFileType = wrapper.cfbundle; includeInIndex = 0; path = "Channel 2Tests.xctest"; sourceTree = BUILT_PRODUCTS_DIR; };
		C6FCBA621D5AC60B00DC5FC3 /* Channel_2Tests.swift */ = {isa = PBXFileReference; lastKnownFileType = sourcecode.swift; path = Channel_2Tests.swift; sourceTree = "<group>"; };
		C6FCBA641D5AC60B00DC5FC3 /* Info.plist */ = {isa = PBXFileReference; lastKnownFileType = text.plist.xml; path = Info.plist; sourceTree = "<group>"; };
		C6FCBA691D5AC60B00DC5FC3 /* Channel 2UITests.xctest */ = {isa = PBXFileReference; explicitFileType = wrapper.cfbundle; includeInIndex = 0; path = "Channel 2UITests.xctest"; sourceTree = BUILT_PRODUCTS_DIR; };
		C6FCBA6D1D5AC60B00DC5FC3 /* Channel_2UITests.swift */ = {isa = PBXFileReference; lastKnownFileType = sourcecode.swift; path = Channel_2UITests.swift; sourceTree = "<group>"; };
		C6FCBA6F1D5AC60B00DC5FC3 /* Info.plist */ = {isa = PBXFileReference; lastKnownFileType = text.plist.xml; path = Info.plist; sourceTree = "<group>"; };
		C6FDA17E1D669D9100BED432 /* DayDownloader.swift */ = {isa = PBXFileReference; fileEncoding = 4; lastKnownFileType = sourcecode.swift; path = DayDownloader.swift; sourceTree = "<group>"; };
		D1136E97429B1761AD87EE67 /* Pods-Channel 2.debug.xcconfig */ = {isa = PBXFileReference; includeInIndex = 1; lastKnownFileType = text.xcconfig; name = "Pods-Channel 2.debug.xcconfig"; path = "Pods/Target Support Files/Pods-Channel 2/Pods-Channel 2.debug.xcconfig"; sourceTree = "<group>"; };
		D601BCC7DEC53FFBD2BF330B /* Pods_Channel_2UITests.framework */ = {isa = PBXFileReference; explicitFileType = wrapper.framework; includeInIndex = 0; path = Pods_Channel_2UITests.framework; sourceTree = BUILT_PRODUCTS_DIR; };
		E98984CC2AFA29776A65FDBD /* Pods-Channel 2Tests.debug.xcconfig */ = {isa = PBXFileReference; includeInIndex = 1; lastKnownFileType = text.xcconfig; name = "Pods-Channel 2Tests.debug.xcconfig"; path = "Pods/Target Support Files/Pods-Channel 2Tests/Pods-Channel 2Tests.debug.xcconfig"; sourceTree = "<group>"; };
		FEF192AB2D62B480CDA65303 /* Pods_Channel_2Tests.framework */ = {isa = PBXFileReference; explicitFileType = wrapper.framework; includeInIndex = 0; path = Pods_Channel_2Tests.framework; sourceTree = BUILT_PRODUCTS_DIR; };
/* End PBXFileReference section */

/* Begin PBXFrameworksBuildPhase section */
		C6FCBA451D5AC60A00DC5FC3 /* Frameworks */ = {
			isa = PBXFrameworksBuildPhase;
			buildActionMask = 2147483647;
			files = (
				3790357D797D8F351FDDF9A3 /* Pods_Channel_2.framework in Frameworks */,
			);
			runOnlyForDeploymentPostprocessing = 0;
		};
		C6FCBA5B1D5AC60B00DC5FC3 /* Frameworks */ = {
			isa = PBXFrameworksBuildPhase;
			buildActionMask = 2147483647;
			files = (
				9F0452601641610462CD565D /* Pods_Channel_2Tests.framework in Frameworks */,
			);
			runOnlyForDeploymentPostprocessing = 0;
		};
		C6FCBA661D5AC60B00DC5FC3 /* Frameworks */ = {
			isa = PBXFrameworksBuildPhase;
			buildActionMask = 2147483647;
			files = (
				43CB2176D35E4E18D24B05B3 /* Pods_Channel_2UITests.framework in Frameworks */,
			);
			runOnlyForDeploymentPostprocessing = 0;
		};
/* End PBXFrameworksBuildPhase section */

/* Begin PBXGroup section */
		1902F68483BACDC2B9B922CE /* Frameworks */ = {
			isa = PBXGroup;
			children = (
				0A84E10543766300FF806FE4 /* Pods_Channel_2.framework */,
				FEF192AB2D62B480CDA65303 /* Pods_Channel_2Tests.framework */,
				D601BCC7DEC53FFBD2BF330B /* Pods_Channel_2UITests.framework */,
			);
			name = Frameworks;
			sourceTree = "<group>";
		};
		B9D62E7DAC34483C9A3E6D25 /* Pods */ = {
			isa = PBXGroup;
			children = (
				D1136E97429B1761AD87EE67 /* Pods-Channel 2.debug.xcconfig */,
				2659F1B49B06DEC8CF656272 /* Pods-Channel 2.release.xcconfig */,
				E98984CC2AFA29776A65FDBD /* Pods-Channel 2Tests.debug.xcconfig */,
				41E337D6D22FF4159C3571EE /* Pods-Channel 2Tests.release.xcconfig */,
				15287870E33FF3868260BCF9 /* Pods-Channel 2UITests.debug.xcconfig */,
				A1B2EE7AA49D60798CE6F01D /* Pods-Channel 2UITests.release.xcconfig */,
			);
			name = Pods;
			sourceTree = "<group>";
		};
		C6FCBA3F1D5AC60A00DC5FC3 = {
			isa = PBXGroup;
			children = (
				C6FCBA4A1D5AC60A00DC5FC3 /* Channel 2 */,
				C6FCBA611D5AC60B00DC5FC3 /* Channel 2Tests */,
				C6FCBA6C1D5AC60B00DC5FC3 /* Channel 2UITests */,
				C6FCBA491D5AC60A00DC5FC3 /* Products */,
				B9D62E7DAC34483C9A3E6D25 /* Pods */,
				1902F68483BACDC2B9B922CE /* Frameworks */,
			);
			sourceTree = "<group>";
		};
		C6FCBA491D5AC60A00DC5FC3 /* Products */ = {
			isa = PBXGroup;
			children = (
				C6FCBA481D5AC60A00DC5FC3 /* Channel 2.app */,
				C6FCBA5E1D5AC60B00DC5FC3 /* Channel 2Tests.xctest */,
				C6FCBA691D5AC60B00DC5FC3 /* Channel 2UITests.xctest */,
			);
			name = Products;
			sourceTree = "<group>";
		};
		C6FCBA4A1D5AC60A00DC5FC3 /* Channel 2 */ = {
			isa = PBXGroup;
			children = (
				C6FCBA4B1D5AC60A00DC5FC3 /* AppDelegate.swift */,
				C651EFD71D5E05F400802575 /* FirstViewController.swift */,
				C642F4C51DB29CE800E17153 /* FeatureChecker.swift */,
				C61FFE8E1DAEDE9600201285 /* LockViewController.swift */,
				C606A19B1D75C3A1001150A2 /* SocketTester.swift */,
				C6F58E731D652CB200C7D19B /* LineByLineDownloader.swift */,
				C6FDA17E1D669D9100BED432 /* DayDownloader.swift */,
				C64623281D8EF24500D832D3 /* VideoDownloader.swift */,
				C67D47FF1D8F5DF800319A68 /* AnnouncementDownloader.swift */,
				C6082F671D934A41001A879C /* PollsDownloader.swift */,
				C6082F6B1D936E34001A879C /* PollDownloader.swift */,
				C69194B31D9499FD00A3E6E8 /* OnlineVoter.swift */,
				C67D48031D8F621C00319A68 /* NetworkError.swift */,
				C6CD79CB1D5EC68B00BA277D /* SettingsTableViewController.swift */,
				C6BF413B1D5F4BE4008C517A /* NSUserDefaultsList.swift */,
				C6FCBA511D5AC60A00DC5FC3 /* Main.storyboard */,
				C6FC7EF11D90AEDC00D342E2 /* PollsTableViewController.swift */,
				C6FC7EF51D90AEEE00D342E2 /* PollTableViewCell.swift */,
				C69B21CF1D91F6E400BC6547 /* VotingViewControllerTableViewController.swift */,
				C69B21CB1D91E3CB00BC6547 /* OnlinePoll.swift */,
				C6AB5C611D6754EE0056F042 /* TodayViewController.swift */,
				C60E36131D983108005E3EB9 /* TodayItem.swift */,
				C6F58E6F1D6525DA00C7D19B /* FM.swift */,
				C6D8B8F61D992FF00044B258 /* CacheManager.swift */,
				C6E4C0191D600BD400DE6F85 /* AnnouncementTableViewCell.swift */,
				C6E4C0151D600B9C00DE6F85 /* AnnouncementsTableViewController.swift */,
				C6F7E6191DB3D12100F6D5EB /* AnnouncementDetailViewController.swift */,
				C60E36171D985554005E3EB9 /* LoadingViewController.swift */,
				C6E4C0211D60BF1E00DE6F85 /* Popup.swift */,
				C6E4C01D1D600C4800DE6F85 /* Announcement.swift */,
				C6E939E71D5D1D7B00112834 /* YouTubeVideoViewController.swift */,
				C61FFE8A1DAED79600201285 /* Extensions.swift */,
				C67EADDB1D5CC878003185F8 /* VideosTableViewController.swift */,
				C67EADE91D5CDD36003185F8 /* VideoTableViewCell.swift */,
				C67EADDF1D5CCC9D003185F8 /* Video.swift */,
				C6FCBA541D5AC60A00DC5FC3 /* Assets.xcassets */,
				C6FCBA561D5AC60A00DC5FC3 /* LaunchScreen.storyboard */,
				C606A3541D5E46D800DEBD8F /* Async.swift */,
				C6FCBA591D5AC60A00DC5FC3 /* Info.plist */,
				C68344031D621C290021DFAA /* Error.json */,
			);
			path = "Channel 2";
			sourceTree = "<group>";
		};
		C6FCBA611D5AC60B00DC5FC3 /* Channel 2Tests */ = {
			isa = PBXGroup;
			children = (
				C6FCBA621D5AC60B00DC5FC3 /* Channel_2Tests.swift */,
				C6FCBA641D5AC60B00DC5FC3 /* Info.plist */,
			);
			path = "Channel 2Tests";
			sourceTree = "<group>";
		};
		C6FCBA6C1D5AC60B00DC5FC3 /* Channel 2UITests */ = {
			isa = PBXGroup;
			children = (
				C6FCBA6D1D5AC60B00DC5FC3 /* Channel_2UITests.swift */,
				C6FCBA6F1D5AC60B00DC5FC3 /* Info.plist */,
			);
			path = "Channel 2UITests";
			sourceTree = "<group>";
		};
/* End PBXGroup section */

/* Begin PBXNativeTarget section */
		C6FCBA471D5AC60A00DC5FC3 /* Channel 2 */ = {
			isa = PBXNativeTarget;
			buildConfigurationList = C6FCBA721D5AC60B00DC5FC3 /* Build configuration list for PBXNativeTarget "Channel 2" */;
			buildPhases = (
				46BB0209FD571A754641D402 /* Check Pods Manifest.lock */,
				C6FCBA441D5AC60A00DC5FC3 /* Sources */,
				C6FCBA451D5AC60A00DC5FC3 /* Frameworks */,
				C6FCBA461D5AC60A00DC5FC3 /* Resources */,
				BC4B1E34AF0EA47173B3064A /* Embed Pods Frameworks */,
				E8BB7D73AB9AF664DA13B034 /* Copy Pods Resources */,
			);
			buildRules = (
			);
			dependencies = (
			);
			name = "Channel 2";
			productName = "Channel 2";
			productReference = C6FCBA481D5AC60A00DC5FC3 /* Channel 2.app */;
			productType = "com.apple.product-type.application";
		};
		C6FCBA5D1D5AC60B00DC5FC3 /* Channel 2Tests */ = {
			isa = PBXNativeTarget;
			buildConfigurationList = C6FCBA751D5AC60B00DC5FC3 /* Build configuration list for PBXNativeTarget "Channel 2Tests" */;
			buildPhases = (
				4A1C0C80DDD86FD387866C66 /* Check Pods Manifest.lock */,
				C6FCBA5A1D5AC60B00DC5FC3 /* Sources */,
				C6FCBA5B1D5AC60B00DC5FC3 /* Frameworks */,
				C6FCBA5C1D5AC60B00DC5FC3 /* Resources */,
				F90ACF5D773B4C88593C2E4B /* Embed Pods Frameworks */,
				5C633424F0F6E9C4B09697C3 /* Copy Pods Resources */,
			);
			buildRules = (
			);
			dependencies = (
				C6FCBA601D5AC60B00DC5FC3 /* PBXTargetDependency */,
			);
			name = "Channel 2Tests";
			productName = "Channel 2Tests";
			productReference = C6FCBA5E1D5AC60B00DC5FC3 /* Channel 2Tests.xctest */;
			productType = "com.apple.product-type.bundle.unit-test";
		};
		C6FCBA681D5AC60B00DC5FC3 /* Channel 2UITests */ = {
			isa = PBXNativeTarget;
			buildConfigurationList = C6FCBA781D5AC60B00DC5FC3 /* Build configuration list for PBXNativeTarget "Channel 2UITests" */;
			buildPhases = (
				8A09825BABAF235094442896 /* Check Pods Manifest.lock */,
				C6FCBA651D5AC60B00DC5FC3 /* Sources */,
				C6FCBA661D5AC60B00DC5FC3 /* Frameworks */,
				C6FCBA671D5AC60B00DC5FC3 /* Resources */,
				1F0DC7917FE9FC9BF9073732 /* Copy Pods Resources */,
			);
			buildRules = (
			);
			dependencies = (
				C6FCBA6B1D5AC60B00DC5FC3 /* PBXTargetDependency */,
			);
			name = "Channel 2UITests";
			productName = "Channel 2UITests";
			productReference = C6FCBA691D5AC60B00DC5FC3 /* Channel 2UITests.xctest */;
			productType = "com.apple.product-type.bundle.ui-testing";
		};
/* End PBXNativeTarget section */

/* Begin PBXProject section */
		C6FCBA401D5AC60A00DC5FC3 /* Project object */ = {
			isa = PBXProject;
			attributes = {
				LastSwiftUpdateCheck = 0730;
				LastUpgradeCheck = 0730;
				ORGANIZATIONNAME = BrendanManning;
				TargetAttributes = {
					C6FCBA471D5AC60A00DC5FC3 = {
						CreatedOnToolsVersion = 7.3;
					};
					C6FCBA5D1D5AC60B00DC5FC3 = {
						CreatedOnToolsVersion = 7.3;
						TestTargetID = C6FCBA471D5AC60A00DC5FC3;
					};
					C6FCBA681D5AC60B00DC5FC3 = {
						CreatedOnToolsVersion = 7.3;
						TestTargetID = C6FCBA471D5AC60A00DC5FC3;
					};
				};
			};
			buildConfigurationList = C6FCBA431D5AC60A00DC5FC3 /* Build configuration list for PBXProject "Channel 2" */;
			compatibilityVersion = "Xcode 3.2";
			developmentRegion = English;
			hasScannedForEncodings = 0;
			knownRegions = (
				en,
				Base,
			);
			mainGroup = C6FCBA3F1D5AC60A00DC5FC3;
			productRefGroup = C6FCBA491D5AC60A00DC5FC3 /* Products */;
			projectDirPath = "";
			projectRoot = "";
			targets = (
				C6FCBA471D5AC60A00DC5FC3 /* Channel 2 */,
				C6FCBA5D1D5AC60B00DC5FC3 /* Channel 2Tests */,
				C6FCBA681D5AC60B00DC5FC3 /* Channel 2UITests */,
			);
		};
/* End PBXProject section */

/* Begin PBXResourcesBuildPhase section */
		C6FCBA461D5AC60A00DC5FC3 /* Resources */ = {
			isa = PBXResourcesBuildPhase;
			buildActionMask = 2147483647;
			files = (
				C68344041D621C290021DFAA /* Error.json in Resources */,
				C6FCBA581D5AC60A00DC5FC3 /* LaunchScreen.storyboard in Resources */,
				C6FCBA551D5AC60A00DC5FC3 /* Assets.xcassets in Resources */,
				C6FCBA531D5AC60A00DC5FC3 /* Main.storyboard in Resources */,
			);
			runOnlyForDeploymentPostprocessing = 0;
		};
		C6FCBA5C1D5AC60B00DC5FC3 /* Resources */ = {
			isa = PBXResourcesBuildPhase;
			buildActionMask = 2147483647;
			files = (
				C68344051D621C290021DFAA /* Error.json in Resources */,
			);
			runOnlyForDeploymentPostprocessing = 0;
		};
		C6FCBA671D5AC60B00DC5FC3 /* Resources */ = {
			isa = PBXResourcesBuildPhase;
			buildActionMask = 2147483647;
			files = (
				C68344061D621C290021DFAA /* Error.json in Resources */,
			);
			runOnlyForDeploymentPostprocessing = 0;
		};
/* End PBXResourcesBuildPhase section */

/* Begin PBXShellScriptBuildPhase section */
		1F0DC7917FE9FC9BF9073732 /* Copy Pods Resources */ = {
			isa = PBXShellScriptBuildPhase;
			buildActionMask = 2147483647;
			files = (
			);
			inputPaths = (
			);
			name = "Copy Pods Resources";
			outputPaths = (
			);
			runOnlyForDeploymentPostprocessing = 0;
			shellPath = /bin/sh;
			shellScript = "\"${SRCROOT}/Pods/Target Support Files/Pods-Channel 2UITests/Pods-Channel 2UITests-resources.sh\"\n";
			showEnvVarsInLog = 0;
		};
		46BB0209FD571A754641D402 /* Check Pods Manifest.lock */ = {
			isa = PBXShellScriptBuildPhase;
			buildActionMask = 2147483647;
			files = (
			);
			inputPaths = (
			);
			name = "Check Pods Manifest.lock";
			outputPaths = (
			);
			runOnlyForDeploymentPostprocessing = 0;
			shellPath = /bin/sh;
			shellScript = "diff \"${PODS_ROOT}/../Podfile.lock\" \"${PODS_ROOT}/Manifest.lock\" > /dev/null\nif [[ $? != 0 ]] ; then\n    cat << EOM\nerror: The sandbox is not in sync with the Podfile.lock. Run 'pod install' or update your CocoaPods installation.\nEOM\n    exit 1\nfi\n";
			showEnvVarsInLog = 0;
		};
		4A1C0C80DDD86FD387866C66 /* Check Pods Manifest.lock */ = {
			isa = PBXShellScriptBuildPhase;
			buildActionMask = 2147483647;
			files = (
			);
			inputPaths = (
			);
			name = "Check Pods Manifest.lock";
			outputPaths = (
			);
			runOnlyForDeploymentPostprocessing = 0;
			shellPath = /bin/sh;
			shellScript = "diff \"${PODS_ROOT}/../Podfile.lock\" \"${PODS_ROOT}/Manifest.lock\" > /dev/null\nif [[ $? != 0 ]] ; then\n    cat << EOM\nerror: The sandbox is not in sync with the Podfile.lock. Run 'pod install' or update your CocoaPods installation.\nEOM\n    exit 1\nfi\n";
			showEnvVarsInLog = 0;
		};
		5C633424F0F6E9C4B09697C3 /* Copy Pods Resources */ = {
			isa = PBXShellScriptBuildPhase;
			buildActionMask = 2147483647;
			files = (
			);
			inputPaths = (
			);
			name = "Copy Pods Resources";
			outputPaths = (
			);
			runOnlyForDeploymentPostprocessing = 0;
			shellPath = /bin/sh;
			shellScript = "\"${SRCROOT}/Pods/Target Support Files/Pods-Channel 2Tests/Pods-Channel 2Tests-resources.sh\"\n";
			showEnvVarsInLog = 0;
		};
		8A09825BABAF235094442896 /* Check Pods Manifest.lock */ = {
			isa = PBXShellScriptBuildPhase;
			buildActionMask = 2147483647;
			files = (
			);
			inputPaths = (
			);
			name = "Check Pods Manifest.lock";
			outputPaths = (
			);
			runOnlyForDeploymentPostprocessing = 0;
			shellPath = /bin/sh;
			shellScript = "diff \"${PODS_ROOT}/../Podfile.lock\" \"${PODS_ROOT}/Manifest.lock\" > /dev/null\nif [[ $? != 0 ]] ; then\n    cat << EOM\nerror: The sandbox is not in sync with the Podfile.lock. Run 'pod install' or update your CocoaPods installation.\nEOM\n    exit 1\nfi\n";
			showEnvVarsInLog = 0;
		};
		BC4B1E34AF0EA47173B3064A /* Embed Pods Frameworks */ = {
			isa = PBXShellScriptBuildPhase;
			buildActionMask = 2147483647;
			files = (
			);
			inputPaths = (
			);
			name = "Embed Pods Frameworks";
			outputPaths = (
			);
			runOnlyForDeploymentPostprocessing = 0;
			shellPath = /bin/sh;
			shellScript = "\"${SRCROOT}/Pods/Target Support Files/Pods-Channel 2/Pods-Channel 2-frameworks.sh\"\n";
			showEnvVarsInLog = 0;
		};
		E8BB7D73AB9AF664DA13B034 /* Copy Pods Resources */ = {
			isa = PBXShellScriptBuildPhase;
			buildActionMask = 2147483647;
			files = (
			);
			inputPaths = (
			);
			name = "Copy Pods Resources";
			outputPaths = (
			);
			runOnlyForDeploymentPostprocessing = 0;
			shellPath = /bin/sh;
			shellScript = "\"${SRCROOT}/Pods/Target Support Files/Pods-Channel 2/Pods-Channel 2-resources.sh\"\n";
			showEnvVarsInLog = 0;
		};
		F90ACF5D773B4C88593C2E4B /* Embed Pods Frameworks */ = {
			isa = PBXShellScriptBuildPhase;
			buildActionMask = 2147483647;
			files = (
			);
			inputPaths = (
			);
			name = "Embed Pods Frameworks";
			outputPaths = (
			);
			runOnlyForDeploymentPostprocessing = 0;
			shellPath = /bin/sh;
			shellScript = "\"${SRCROOT}/Pods/Target Support Files/Pods-Channel 2Tests/Pods-Channel 2Tests-frameworks.sh\"\n";
			showEnvVarsInLog = 0;
		};
/* End PBXShellScriptBuildPhase section */

/* Begin PBXSourcesBuildPhase section */
		C6FCBA441D5AC60A00DC5FC3 /* Sources */ = {
			isa = PBXSourcesBuildPhase;
			buildActionMask = 2147483647;
			files = (
				C6E4C0221D60BF1E00DE6F85 /* Popup.swift in Sources */,
				C67EADDC1D5CC878003185F8 /* VideosTableViewController.swift in Sources */,
				C6AB5C621D6754EE0056F042 /* TodayViewController.swift in Sources */,
				C6BF413C1D5F4BE4008C517A /* NSUserDefaultsList.swift in Sources */,
				C6E4C01E1D600C4800DE6F85 /* Announcement.swift in Sources */,
				C60E36141D983108005E3EB9 /* TodayItem.swift in Sources */,
				C64623291D8EF24500D832D3 /* VideoDownloader.swift in Sources */,
				C67EADE01D5CCC9D003185F8 /* Video.swift in Sources */,
				C6F7E61A1DB3D12100F6D5EB /* AnnouncementDetailViewController.swift in Sources */,
				C6FDA17F1D669D9100BED432 /* DayDownloader.swift in Sources */,
				C67EADEA1D5CDD36003185F8 /* VideoTableViewCell.swift in Sources */,
				C6082F681D934A41001A879C /* PollsDownloader.swift in Sources */,
				C6F58E701D6525DA00C7D19B /* FM.swift in Sources */,
				C61FFE8F1DAEDE9600201285 /* LockViewController.swift in Sources */,
				C651EFD81D5E05F400802575 /* FirstViewController.swift in Sources */,
				C6E4C0161D600B9C00DE6F85 /* AnnouncementsTableViewController.swift in Sources */,
				C69B21D01D91F6E400BC6547 /* VotingViewControllerTableViewController.swift in Sources */,
				C6FC7EF21D90AEDC00D342E2 /* PollsTableViewController.swift in Sources */,
				C69B21CC1D91E3CB00BC6547 /* OnlinePoll.swift in Sources */,
				C606A19C1D75C3A1001150A2 /* SocketTester.swift in Sources */,
				C606A3551D5E46D800DEBD8F /* Async.swift in Sources */,
				C6E939E81D5D1D7B00112834 /* YouTubeVideoViewController.swift in Sources */,
				C67D48001D8F5DF800319A68 /* AnnouncementDownloader.swift in Sources */,
				C69194B41D9499FD00A3E6E8 /* OnlineVoter.swift in Sources */,
				C6082F6C1D936E34001A879C /* PollDownloader.swift in Sources */,
				C6E4C01A1D600BD400DE6F85 /* AnnouncementTableViewCell.swift in Sources */,
				C60E36181D985554005E3EB9 /* LoadingViewController.swift in Sources */,
				C6FCBA4C1D5AC60A00DC5FC3 /* AppDelegate.swift in Sources */,
				C6FC7EF61D90AEEE00D342E2 /* PollTableViewCell.swift in Sources */,
				C642F4C61DB29CE800E17153 /* FeatureChecker.swift in Sources */,
				C61FFE8B1DAED79600201285 /* Extensions.swift in Sources */,
				C6D8B8F71D992FF00044B258 /* CacheManager.swift in Sources */,
				C67D48041D8F621C00319A68 /* NetworkError.swift in Sources */,
				C6CD79CC1D5EC68B00BA277D /* SettingsTableViewController.swift in Sources */,
				C6F58E741D652CB200C7D19B /* LineByLineDownloader.swift in Sources */,
			);
			runOnlyForDeploymentPostprocessing = 0;
		};
		C6FCBA5A1D5AC60B00DC5FC3 /* Sources */ = {
			isa = PBXSourcesBuildPhase;
			buildActionMask = 2147483647;
			files = (
				C6E4C01F1D600C4800DE6F85 /* Announcement.swift in Sources */,
				C6E4C0231D60BF1E00DE6F85 /* Popup.swift in Sources */,
				C6F58E711D6525DA00C7D19B /* FM.swift in Sources */,
				C6E4C0171D600B9C00DE6F85 /* AnnouncementsTableViewController.swift in Sources */,
				C6FCBA631D5AC60B00DC5FC3 /* Channel_2Tests.swift in Sources */,
				C60E36151D983108005E3EB9 /* TodayItem.swift in Sources */,
				C646232A1D8EF24500D832D3 /* VideoDownloader.swift in Sources */,
				C6E939E91D5D1D7B00112834 /* YouTubeVideoViewController.swift in Sources */,
				C6F7E61B1DB3D12100F6D5EB /* AnnouncementDetailViewController.swift in Sources */,
				C6E4C01B1D600BD400DE6F85 /* AnnouncementTableViewCell.swift in Sources */,
				C6AB5C631D6754EE0056F042 /* TodayViewController.swift in Sources */,
				C6082F691D934A41001A879C /* PollsDownloader.swift in Sources */,
				C67EADEB1D5CDD36003185F8 /* VideoTableViewCell.swift in Sources */,
				C61FFE901DAEDE9600201285 /* LockViewController.swift in Sources */,
				C606A3561D5E46D800DEBD8F /* Async.swift in Sources */,
				C6CD79CD1D5EC68B00BA277D /* SettingsTableViewController.swift in Sources */,
				C69B21D11D91F6E400BC6547 /* VotingViewControllerTableViewController.swift in Sources */,
				C6FC7EF31D90AEDC00D342E2 /* PollsTableViewController.swift in Sources */,
				C69B21CD1D91E3CB00BC6547 /* OnlinePoll.swift in Sources */,
				C606A19D1D75C3A1001150A2 /* SocketTester.swift in Sources */,
				C6F58E751D652CB200C7D19B /* LineByLineDownloader.swift in Sources */,
				C6FDA1801D669D9100BED432 /* DayDownloader.swift in Sources */,
				C67D48011D8F5DF800319A68 /* AnnouncementDownloader.swift in Sources */,
				C69194B51D9499FD00A3E6E8 /* OnlineVoter.swift in Sources */,
				C6082F6D1D936E34001A879C /* PollDownloader.swift in Sources */,
				C651EFD91D5E05F400802575 /* FirstViewController.swift in Sources */,
				C60E36191D985554005E3EB9 /* LoadingViewController.swift in Sources */,
				C67EADE11D5CCC9D003185F8 /* Video.swift in Sources */,
				C6FC7EF71D90AEEE00D342E2 /* PollTableViewCell.swift in Sources */,
				C642F4C71DB29CE800E17153 /* FeatureChecker.swift in Sources */,
				C61FFE8C1DAED79600201285 /* Extensions.swift in Sources */,
				C6D8B8F81D992FF00044B258 /* CacheManager.swift in Sources */,
				C67D48051D8F621C00319A68 /* NetworkError.swift in Sources */,
				C67EADDD1D5CC878003185F8 /* VideosTableViewController.swift in Sources */,
				C6BF413D1D5F4BE4008C517A /* NSUserDefaultsList.swift in Sources */,
			);
			runOnlyForDeploymentPostprocessing = 0;
		};
		C6FCBA651D5AC60B00DC5FC3 /* Sources */ = {
			isa = PBXSourcesBuildPhase;
			buildActionMask = 2147483647;
			files = (
				C6E4C0201D600C4800DE6F85 /* Announcement.swift in Sources */,
				C6E4C0241D60BF1E00DE6F85 /* Popup.swift in Sources */,
				C6F58E721D6525DA00C7D19B /* FM.swift in Sources */,
				C6E4C0181D600B9C00DE6F85 /* AnnouncementsTableViewController.swift in Sources */,
				C6FCBA6E1D5AC60B00DC5FC3 /* Channel_2UITests.swift in Sources */,
				C60E36161D983108005E3EB9 /* TodayItem.swift in Sources */,
				C646232B1D8EF24500D832D3 /* VideoDownloader.swift in Sources */,
				C6E939EA1D5D1D7B00112834 /* YouTubeVideoViewController.swift in Sources */,
				C6F7E61C1DB3D12100F6D5EB /* AnnouncementDetailViewController.swift in Sources */,
				C6E4C01C1D600BD400DE6F85 /* AnnouncementTableViewCell.swift in Sources */,
				C6AB5C641D6754EE0056F042 /* TodayViewController.swift in Sources */,
				C6082F6A1D934A41001A879C /* PollsDownloader.swift in Sources */,
				C67EADEC1D5CDD36003185F8 /* VideoTableViewCell.swift in Sources */,
				C61FFE911DAEDE9600201285 /* LockViewController.swift in Sources */,
				C606A3571D5E46D800DEBD8F /* Async.swift in Sources */,
				C6CD79CE1D5EC68B00BA277D /* SettingsTableViewController.swift in Sources */,
				C69B21D21D91F6E400BC6547 /* VotingViewControllerTableViewController.swift in Sources */,
				C6FC7EF41D90AEDC00D342E2 /* PollsTableViewController.swift in Sources */,
				C69B21CE1D91E3CB00BC6547 /* OnlinePoll.swift in Sources */,
				C606A19E1D75C3A1001150A2 /* SocketTester.swift in Sources */,
				C6F58E761D652CB200C7D19B /* LineByLineDownloader.swift in Sources */,
				C6FDA1811D669D9100BED432 /* DayDownloader.swift in Sources */,
				C67D48021D8F5DF800319A68 /* AnnouncementDownloader.swift in Sources */,
				C69194B61D9499FD00A3E6E8 /* OnlineVoter.swift in Sources */,
				C6082F6E1D936E34001A879C /* PollDownloader.swift in Sources */,
				C651EFDA1D5E05F400802575 /* FirstViewController.swift in Sources */,
				C60E361A1D985554005E3EB9 /* LoadingViewController.swift in Sources */,
				C67EADE21D5CCC9D003185F8 /* Video.swift in Sources */,
				C6FC7EF81D90AEEE00D342E2 /* PollTableViewCell.swift in Sources */,
				C642F4C81DB29CE800E17153 /* FeatureChecker.swift in Sources */,
				C61FFE8D1DAED79600201285 /* Extensions.swift in Sources */,
				C6D8B8F91D992FF00044B258 /* CacheManager.swift in Sources */,
				C67D48061D8F621C00319A68 /* NetworkError.swift in Sources */,
				C67EADDE1D5CC878003185F8 /* VideosTableViewController.swift in Sources */,
				C6BF413E1D5F4BE4008C517A /* NSUserDefaultsList.swift in Sources */,
			);
			runOnlyForDeploymentPostprocessing = 0;
		};
/* End PBXSourcesBuildPhase section */

/* Begin PBXTargetDependency section */
		C6FCBA601D5AC60B00DC5FC3 /* PBXTargetDependency */ = {
			isa = PBXTargetDependency;
			target = C6FCBA471D5AC60A00DC5FC3 /* Channel 2 */;
			targetProxy = C6FCBA5F1D5AC60B00DC5FC3 /* PBXContainerItemProxy */;
		};
		C6FCBA6B1D5AC60B00DC5FC3 /* PBXTargetDependency */ = {
			isa = PBXTargetDependency;
			target = C6FCBA471D5AC60A00DC5FC3 /* Channel 2 */;
			targetProxy = C6FCBA6A1D5AC60B00DC5FC3 /* PBXContainerItemProxy */;
		};
/* End PBXTargetDependency section */

/* Begin PBXVariantGroup section */
		C6FCBA511D5AC60A00DC5FC3 /* Main.storyboard */ = {
			isa = PBXVariantGroup;
			children = (
				C6FCBA521D5AC60A00DC5FC3 /* Base */,
			);
			name = Main.storyboard;
			sourceTree = "<group>";
		};
		C6FCBA561D5AC60A00DC5FC3 /* LaunchScreen.storyboard */ = {
			isa = PBXVariantGroup;
			children = (
				C6FCBA571D5AC60A00DC5FC3 /* Base */,
			);
			name = LaunchScreen.storyboard;
			sourceTree = "<group>";
		};
/* End PBXVariantGroup section */

/* Begin XCBuildConfiguration section */
		C6FCBA701D5AC60B00DC5FC3 /* Debug */ = {
			isa = XCBuildConfiguration;
			buildSettings = {
				ALWAYS_SEARCH_USER_PATHS = NO;
				CLANG_ANALYZER_NONNULL = YES;
				CLANG_CXX_LANGUAGE_STANDARD = "gnu++0x";
				CLANG_CXX_LIBRARY = "libc++";
				CLANG_ENABLE_MODULES = YES;
				CLANG_ENABLE_OBJC_ARC = YES;
				CLANG_WARN_BOOL_CONVERSION = YES;
				CLANG_WARN_CONSTANT_CONVERSION = YES;
				CLANG_WARN_DIRECT_OBJC_ISA_USAGE = YES_ERROR;
				CLANG_WARN_EMPTY_BODY = YES;
				CLANG_WARN_ENUM_CONVERSION = YES;
				CLANG_WARN_INT_CONVERSION = YES;
				CLANG_WARN_OBJC_ROOT_CLASS = YES_ERROR;
				CLANG_WARN_UNREACHABLE_CODE = YES;
				CLANG_WARN__DUPLICATE_METHOD_MATCH = YES;
				"CODE_SIGN_IDENTITY[sdk=iphoneos*]" = "iPhone Developer";
				COPY_PHASE_STRIP = NO;
				DEBUG_INFORMATION_FORMAT = dwarf;
				ENABLE_STRICT_OBJC_MSGSEND = YES;
				ENABLE_TESTABILITY = YES;
				GCC_C_LANGUAGE_STANDARD = gnu99;
				GCC_DYNAMIC_NO_PIC = NO;
				GCC_NO_COMMON_BLOCKS = YES;
				GCC_OPTIMIZATION_LEVEL = 0;
				GCC_PREPROCESSOR_DEFINITIONS = (
					"DEBUG=1",
					"$(inherited)",
				);
				GCC_WARN_64_TO_32_BIT_CONVERSION = YES;
				GCC_WARN_ABOUT_RETURN_TYPE = YES_ERROR;
				GCC_WARN_UNDECLARED_SELECTOR = YES;
				GCC_WARN_UNINITIALIZED_AUTOS = YES_AGGRESSIVE;
				GCC_WARN_UNUSED_FUNCTION = YES;
				GCC_WARN_UNUSED_VARIABLE = YES;
				IPHONEOS_DEPLOYMENT_TARGET = 9.3;
				MTL_ENABLE_DEBUG_INFO = YES;
				ONLY_ACTIVE_ARCH = YES;
				SDKROOT = iphoneos;
				SWIFT_OPTIMIZATION_LEVEL = "-Onone";
				TARGETED_DEVICE_FAMILY = "1,2";
			};
			name = Debug;
		};
		C6FCBA711D5AC60B00DC5FC3 /* Release */ = {
			isa = XCBuildConfiguration;
			buildSettings = {
				ALWAYS_SEARCH_USER_PATHS = NO;
				CLANG_ANALYZER_NONNULL = YES;
				CLANG_CXX_LANGUAGE_STANDARD = "gnu++0x";
				CLANG_CXX_LIBRARY = "libc++";
				CLANG_ENABLE_MODULES = YES;
				CLANG_ENABLE_OBJC_ARC = YES;
				CLANG_WARN_BOOL_CONVERSION = YES;
				CLANG_WARN_CONSTANT_CONVERSION = YES;
				CLANG_WARN_DIRECT_OBJC_ISA_USAGE = YES_ERROR;
				CLANG_WARN_EMPTY_BODY = YES;
				CLANG_WARN_ENUM_CONVERSION = YES;
				CLANG_WARN_INT_CONVERSION = YES;
				CLANG_WARN_OBJC_ROOT_CLASS = YES_ERROR;
				CLANG_WARN_UNREACHABLE_CODE = YES;
				CLANG_WARN__DUPLICATE_METHOD_MATCH = YES;
				"CODE_SIGN_IDENTITY[sdk=iphoneos*]" = "iPhone Developer";
				COPY_PHASE_STRIP = NO;
				DEBUG_INFORMATION_FORMAT = "dwarf-with-dsym";
				ENABLE_NS_ASSERTIONS = NO;
				ENABLE_STRICT_OBJC_MSGSEND = YES;
				GCC_C_LANGUAGE_STANDARD = gnu99;
				GCC_NO_COMMON_BLOCKS = YES;
				GCC_WARN_64_TO_32_BIT_CONVERSION = YES;
				GCC_WARN_ABOUT_RETURN_TYPE = YES_ERROR;
				GCC_WARN_UNDECLARED_SELECTOR = YES;
				GCC_WARN_UNINITIALIZED_AUTOS = YES_AGGRESSIVE;
				GCC_WARN_UNUSED_FUNCTION = YES;
				GCC_WARN_UNUSED_VARIABLE = YES;
				IPHONEOS_DEPLOYMENT_TARGET = 9.3;
				MTL_ENABLE_DEBUG_INFO = NO;
				SDKROOT = iphoneos;
				TARGETED_DEVICE_FAMILY = "1,2";
				VALIDATE_PRODUCT = YES;
			};
			name = Release;
		};
		C6FCBA731D5AC60B00DC5FC3 /* Debug */ = {
			isa = XCBuildConfiguration;
			baseConfigurationReference = D1136E97429B1761AD87EE67 /* Pods-Channel 2.debug.xcconfig */;
			buildSettings = {
				ASSETCATALOG_COMPILER_APPICON_NAME = AppIcon;
				INFOPLIST_FILE = "Channel 2/Info.plist";
				LD_RUNPATH_SEARCH_PATHS = "$(inherited) @executable_path/Frameworks";
				PRODUCT_BUNDLE_IDENTIFIER = com.brendanmanning.channel2;
				PRODUCT_NAME = "$(TARGET_NAME)";
			};
			name = Debug;
		};
		C6FCBA741D5AC60B00DC5FC3 /* Release */ = {
			isa = XCBuildConfiguration;
			baseConfigurationReference = 2659F1B49B06DEC8CF656272 /* Pods-Channel 2.release.xcconfig */;
			buildSettings = {
				ASSETCATALOG_COMPILER_APPICON_NAME = AppIcon;
				INFOPLIST_FILE = "Channel 2/Info.plist";
				LD_RUNPATH_SEARCH_PATHS = "$(inherited) @executable_path/Frameworks";
				PRODUCT_BUNDLE_IDENTIFIER = com.brendanmanning.channel2;
				PRODUCT_NAME = "$(TARGET_NAME)";
			};
			name = Release;
		};
		C6FCBA761D5AC60B00DC5FC3 /* Debug */ = {
			isa = XCBuildConfiguration;
			baseConfigurationReference = E98984CC2AFA29776A65FDBD /* Pods-Channel 2Tests.debug.xcconfig */;
			buildSettings = {
				BUNDLE_LOADER = "$(TEST_HOST)";
				INFOPLIST_FILE = "Channel 2Tests/Info.plist";
				LD_RUNPATH_SEARCH_PATHS = "$(inherited) @executable_path/Frameworks @loader_path/Frameworks";
				PRODUCT_BUNDLE_IDENTIFIER = "com.brendanmanning.Channel-2Tests";
				PRODUCT_NAME = "$(TARGET_NAME)";
				TEST_HOST = "$(BUILT_PRODUCTS_DIR)/Channel 2.app/Channel 2";
			};
			name = Debug;
		};
		C6FCBA771D5AC60B00DC5FC3 /* Release */ = {
			isa = XCBuildConfiguration;
			baseConfigurationReference = 41E337D6D22FF4159C3571EE /* Pods-Channel 2Tests.release.xcconfig */;
			buildSettings = {
				BUNDLE_LOADER = "$(TEST_HOST)";
				INFOPLIST_FILE = "Channel 2Tests/Info.plist";
				LD_RUNPATH_SEARCH_PATHS = "$(inherited) @executable_path/Frameworks @loader_path/Frameworks";
				PRODUCT_BUNDLE_IDENTIFIER = "com.brendanmanning.Channel-2Tests";
				PRODUCT_NAME = "$(TARGET_NAME)";
				TEST_HOST = "$(BUILT_PRODUCTS_DIR)/Channel 2.app/Channel 2";
			};
			name = Release;
		};
		C6FCBA791D5AC60B00DC5FC3 /* Debug */ = {
			isa = XCBuildConfiguration;
			baseConfigurationReference = 15287870E33FF3868260BCF9 /* Pods-Channel 2UITests.debug.xcconfig */;
			buildSettings = {
				INFOPLIST_FILE = "Channel 2UITests/Info.plist";
				LD_RUNPATH_SEARCH_PATHS = "$(inherited) @executable_path/Frameworks @loader_path/Frameworks";
				PRODUCT_BUNDLE_IDENTIFIER = "com.brendanmanning.Channel-2UITests";
				PRODUCT_NAME = "$(TARGET_NAME)";
				TEST_TARGET_NAME = "Channel 2";
			};
			name = Debug;
		};
		C6FCBA7A1D5AC60B00DC5FC3 /* Release */ = {
			isa = XCBuildConfiguration;
			baseConfigurationReference = A1B2EE7AA49D60798CE6F01D /* Pods-Channel 2UITests.release.xcconfig */;
			buildSettings = {
				INFOPLIST_FILE = "Channel 2UITests/Info.plist";
				LD_RUNPATH_SEARCH_PATHS = "$(inherited) @executable_path/Frameworks @loader_path/Frameworks";
				PRODUCT_BUNDLE_IDENTIFIER = "com.brendanmanning.Channel-2UITests";
				PRODUCT_NAME = "$(TARGET_NAME)";
				TEST_TARGET_NAME = "Channel 2";
			};
			name = Release;
		};
/* End XCBuildConfiguration section */

/* Begin XCConfigurationList section */
		C6FCBA431D5AC60A00DC5FC3 /* Build configuration list for PBXProject "Channel 2" */ = {
			isa = XCConfigurationList;
			buildConfigurations = (
				C6FCBA701D5AC60B00DC5FC3 /* Debug */,
				C6FCBA711D5AC60B00DC5FC3 /* Release */,
			);
			defaultConfigurationIsVisible = 0;
			defaultConfigurationName = Release;
		};
		C6FCBA721D5AC60B00DC5FC3 /* Build configuration list for PBXNativeTarget "Channel 2" */ = {
			isa = XCConfigurationList;
			buildConfigurations = (
				C6FCBA731D5AC60B00DC5FC3 /* Debug */,
				C6FCBA741D5AC60B00DC5FC3 /* Release */,
			);
			defaultConfigurationIsVisible = 0;
			defaultConfigurationName = Release;
		};
		C6FCBA751D5AC60B00DC5FC3 /* Build configuration list for PBXNativeTarget "Channel 2Tests" */ = {
			isa = XCConfigurationList;
			buildConfigurations = (
				C6FCBA761D5AC60B00DC5FC3 /* Debug */,
				C6FCBA771D5AC60B00DC5FC3 /* Release */,
			);
			defaultConfigurationIsVisible = 0;
			defaultConfigurationName = Release;
		};
		C6FCBA781D5AC60B00DC5FC3 /* Build configuration list for PBXNativeTarget "Channel 2UITests" */ = {
			isa = XCConfigurationList;
			buildConfigurations = (
				C6FCBA791D5AC60B00DC5FC3 /* Debug */,
				C6FCBA7A1D5AC60B00DC5FC3 /* Release */,
			);
			defaultConfigurationIsVisible = 0;
			defaultConfigurationName = Release;
		};
/* End XCConfigurationList section */
	};
	rootObject = C6FCBA401D5AC60A00DC5FC3 /* Project object */;
}
